
Microsoft Visual Studio Solution File, Format Version 12.00
# Visual Studio 14
VisualStudioVersion = 14.0.25123.0
MinimumVisualStudioVersion = 10.0.40219.1
Project("{FAE04EC0-301F-11D3-BF4B-00C04F79EFBC}") = "2sxc", "2sxc.csproj", "{B981A2F7-EA4A-438A-892A-6381CF129917}"
EndProject
Project("{FAE04EC0-301F-11D3-BF4B-00C04F79EFBC}") = "2sxc Razor", "2Sexy Content Razor\2sxc Razor.csproj", "{6A6C0480-2216-4A59-BDF3-B53A175E1C9C}"
EndProject
Project("{FAE04EC0-301F-11D3-BF4B-00C04F79EFBC}") = "2sxc WebApi", "Sxc WebApi\2sxc WebApi.csproj", "{D7C8A4C6-7B0A-44C8-BA89-5E3560A60E96}"
EndProject
Project("{9A19103F-16F7-4668-BE54-9A1E7A4F7556}") = "2sxc Environment.Dnn9", "ToSic.Sxc.Environment.Dnn9\2sxc Environment.Dnn9.csproj", "{08C5E9D3-E1B7-4356-83E3-62813B18D4A3}"
EndProject
Global
	GlobalSection(SolutionConfigurationPlatforms) = preSolution
		debug eav only|Any CPU = debug eav only|Any CPU
		Debug|Any CPU = Debug|Any CPU
		efc and WebApi|Any CPU = efc and WebApi|Any CPU
		Release|Any CPU = Release|Any CPU
	EndGlobalSection
	GlobalSection(ProjectConfigurationPlatforms) = postSolution
		{B981A2F7-EA4A-438A-892A-6381CF129917}.debug eav only|Any CPU.ActiveCfg = debug eav only|Any CPU
		{B981A2F7-EA4A-438A-892A-6381CF129917}.debug eav only|Any CPU.Build.0 = debug eav only|Any CPU
		{B981A2F7-EA4A-438A-892A-6381CF129917}.Debug|Any CPU.ActiveCfg = Debug|Any CPU
		{B981A2F7-EA4A-438A-892A-6381CF129917}.Debug|Any CPU.Build.0 = Debug|Any CPU
		{B981A2F7-EA4A-438A-892A-6381CF129917}.efc and WebApi|Any CPU.ActiveCfg = efc and WebApi|Any CPU
		{B981A2F7-EA4A-438A-892A-6381CF129917}.efc and WebApi|Any CPU.Build.0 = efc and WebApi|Any CPU
		{B981A2F7-EA4A-438A-892A-6381CF129917}.Release|Any CPU.ActiveCfg = Release|Any CPU
		{B981A2F7-EA4A-438A-892A-6381CF129917}.Release|Any CPU.Build.0 = Release|Any CPU
		{6A6C0480-2216-4A59-BDF3-B53A175E1C9C}.debug eav only|Any CPU.ActiveCfg = debug eav only|Any CPU
		{6A6C0480-2216-4A59-BDF3-B53A175E1C9C}.debug eav only|Any CPU.Build.0 = debug eav only|Any CPU
		{6A6C0480-2216-4A59-BDF3-B53A175E1C9C}.Debug|Any CPU.ActiveCfg = Debug|Any CPU
		{6A6C0480-2216-4A59-BDF3-B53A175E1C9C}.Debug|Any CPU.Build.0 = Debug|Any CPU
		{6A6C0480-2216-4A59-BDF3-B53A175E1C9C}.efc and WebApi|Any CPU.ActiveCfg = efc and WebApi|Any CPU
		{6A6C0480-2216-4A59-BDF3-B53A175E1C9C}.efc and WebApi|Any CPU.Build.0 = efc and WebApi|Any CPU
		{6A6C0480-2216-4A59-BDF3-B53A175E1C9C}.Release|Any CPU.ActiveCfg = Release|Any CPU
		{6A6C0480-2216-4A59-BDF3-B53A175E1C9C}.Release|Any CPU.Build.0 = Release|Any CPU
		{D7C8A4C6-7B0A-44C8-BA89-5E3560A60E96}.debug eav only|Any CPU.ActiveCfg = debug eav only|Any CPU
		{D7C8A4C6-7B0A-44C8-BA89-5E3560A60E96}.debug eav only|Any CPU.Build.0 = debug eav only|Any CPU
		{D7C8A4C6-7B0A-44C8-BA89-5E3560A60E96}.Debug|Any CPU.ActiveCfg = Debug|Any CPU
		{D7C8A4C6-7B0A-44C8-BA89-5E3560A60E96}.Debug|Any CPU.Build.0 = Debug|Any CPU
		{D7C8A4C6-7B0A-44C8-BA89-5E3560A60E96}.efc and WebApi|Any CPU.ActiveCfg = efc and WebApi|Any CPU
		{D7C8A4C6-7B0A-44C8-BA89-5E3560A60E96}.efc and WebApi|Any CPU.Build.0 = efc and WebApi|Any CPU
		{D7C8A4C6-7B0A-44C8-BA89-5E3560A60E96}.Release|Any CPU.ActiveCfg = Release|Any CPU
		{D7C8A4C6-7B0A-44C8-BA89-5E3560A60E96}.Release|Any CPU.Build.0 = Release|Any CPU
		{08C5E9D3-E1B7-4356-83E3-62813B18D4A3}.debug eav only|Any CPU.ActiveCfg = Debug|Any CPU
		{08C5E9D3-E1B7-4356-83E3-62813B18D4A3}.debug eav only|Any CPU.Build.0 = Debug|Any CPU
		{08C5E9D3-E1B7-4356-83E3-62813B18D4A3}.Debug|Any CPU.ActiveCfg = Debug|Any CPU
		{08C5E9D3-E1B7-4356-83E3-62813B18D4A3}.Debug|Any CPU.Build.0 = Debug|Any CPU
		{08C5E9D3-E1B7-4356-83E3-62813B18D4A3}.efc and WebApi|Any CPU.ActiveCfg = Debug|Any CPU
		{08C5E9D3-E1B7-4356-83E3-62813B18D4A3}.efc and WebApi|Any CPU.Build.0 = Debug|Any CPU
		{08C5E9D3-E1B7-4356-83E3-62813B18D4A3}.Release|Any CPU.ActiveCfg = Release|Any CPU
		{08C5E9D3-E1B7-4356-83E3-62813B18D4A3}.Release|Any CPU.Build.0 = Release|Any CPU
	EndGlobalSection
	GlobalSection(SolutionProperties) = preSolution
		HideSolutionNode = FALSE
	EndGlobalSection
	GlobalSection(ExtensibilityGlobals) = postSolution
		EnterpriseLibraryConfigurationToolBinariesPath = packages\Unity.2.1.505.0\lib\NET35
	EndGlobalSection
EndGlobal
