
Microsoft Visual Studio Solution File, Format Version 12.00
# Visual Studio Version 16
VisualStudioVersion = 16.0.28803.202
MinimumVisualStudioVersion = 10.0.40219.1
Project("{9A19103F-16F7-4668-BE54-9A1E7A4F7556}") = "ToSic.Eav.Core", "..\..\eav-server\ToSic.Eav.Core\ToSic.Eav.Core.csproj", "{82F94588-269B-4CDD-98D1-D5CB14C39090}"
EndProject
Project("{9A19103F-16F7-4668-BE54-9A1E7A4F7556}") = "ToSic.Eav.Apps", "..\..\eav-server\ToSic.Eav.Apps\ToSic.Eav.Apps.csproj", "{FA1B4495-6B85-400F-A5E3-0E292CCBFAE2}"
EndProject
Project("{FAE04EC0-301F-11D3-BF4B-00C04F79EFBC}") = "ToSic.Sxc.Tests", "Dnn.Tests\ToSic.Sxc.Tests\ToSic.Sxc.Tests.csproj", "{0EA1085A-D15F-4254-8A79-DE811C47EBF4}"
EndProject
Project("{9A19103F-16F7-4668-BE54-9A1E7A4F7556}") = "ToSic.Eav.DataSources", "..\..\eav-server\ToSic.Eav.DataSources\ToSic.Eav.DataSources.csproj", "{93149D23-E6CC-43AF-97D0-32D89D29D714}"
EndProject
Project("{9A19103F-16F7-4668-BE54-9A1E7A4F7556}") = "ToSic.Eav.Repository.Efc", "..\..\eav-server\ToSic.Eav.Repository.Efc\ToSic.Eav.Repository.Efc.csproj", "{CB322A0B-0C28-4165-87A8-7BBE78911451}"
EndProject
Project("{9A19103F-16F7-4668-BE54-9A1E7A4F7556}") = "ToSic.Eav.Persistence.Efc", "..\..\eav-server\ToSic.Eav.Persistence.Efc\ToSic.Eav.Persistence.Efc.csproj", "{B45F98A5-BBA9-4418-A5A1-7CA747E1698B}"
EndProject
Project("{9A19103F-16F7-4668-BE54-9A1E7A4F7556}") = "ToSic.Eav.ImportExport", "..\..\eav-server\ToSic.Eav.ImportExport\ToSic.Eav.ImportExport.csproj", "{1253087A-070D-4BF7-B3C2-841537489910}"
EndProject
Project("{9A19103F-16F7-4668-BE54-9A1E7A4F7556}") = "ToSic.Eav", "..\..\eav-server\ToSic.Eav\ToSic.Eav.csproj", "{892F9D3B-0578-46A1-A46A-B694A7E15669}"
EndProject
Project("{9A19103F-16F7-4668-BE54-9A1E7A4F7556}") = "ToSic.Eav.WebApi", "..\..\eav-server\ToSic.Eav.WebApi\ToSic.Eav.WebApi.csproj", "{04F3A07C-2C6C-4D87-9E8D-E2DB611B0D52}"
EndProject
Project("{9A19103F-16F7-4668-BE54-9A1E7A4F7556}") = "ToSic.Sxc", "Sxc\ToSic.Sxc\ToSic.Sxc.csproj", "{5D87EB0C-BF67-4814-A0FF-D96256C9B852}"
EndProject
Project("{2150E333-8FDC-42A3-9474-1A3956D46DE8}") = "2sxc Core", "2sxc Core", "{5CD8015A-76D8-4633-8469-53B62A6C1894}"
EndProject
Project("{2150E333-8FDC-42A3-9474-1A3956D46DE8}") = "Eav", "Eav", "{2DBCC960-1C0B-494F-9E21-8707A1D344C3}"
EndProject
Project("{9A19103F-16F7-4668-BE54-9A1E7A4F7556}") = "ToSic.Sxc.WebApi", "Sxc\ToSic.Sxc.WebApi\ToSic.Sxc.WebApi.csproj", "{80D15F35-334B-4C7C-AF94-B0FF1E6CC354}"
EndProject
Project("{2150E333-8FDC-42A3-9474-1A3956D46DE8}") = "Mvc", "Mvc", "{F1366AA6-6508-47E4-AE39-CB39537CA220}"
EndProject
Project("{9A19103F-16F7-4668-BE54-9A1E7A4F7556}") = "ToSic.Sxc.Mvc", "Mvc\ToSic.Sxc.Mvc\ToSic.Sxc.Mvc.csproj", "{AA274DBE-9E67-4B87-9D97-4E34F1D4D75E}"
EndProject
Project("{9A19103F-16F7-4668-BE54-9A1E7A4F7556}") = "Website", "Mvc\Website\Website.csproj", "{28A58816-468A-44E0-85CA-0428F0D87E27}"
EndProject
Project("{9A19103F-16F7-4668-BE54-9A1E7A4F7556}") = "ToSic.Sxc.Razor.Engine", "Razor\ToSic.Sxc.Razor.Engine\ToSic.Sxc.Razor.Engine.csproj", "{9269847A-20A1-4F72-9E14-36BFE0323632}"
EndProject
Project("{9A19103F-16F7-4668-BE54-9A1E7A4F7556}") = "ToSic.Sxc.Hybrid", "Razor\ToSic.Sxc.Hybrid\ToSic.Sxc.Hybrid.csproj", "{ACD30ED0-0B6E-48E7-A898-CF42C93E857A}"
EndProject
Project("{2150E333-8FDC-42A3-9474-1A3956D46DE8}") = "Razor", "Razor", "{DD59EAFD-02D1-4285-B8BE-D2DD40536304}"
EndProject
Project("{2150E333-8FDC-42A3-9474-1A3956D46DE8}") = "Integration", "Integration", "{783FE270-1D23-4B43-8B17-C87C0697DBD5}"
EndProject
Project("{9A19103F-16F7-4668-BE54-9A1E7A4F7556}") = "BasicEav01", "Integration\BasicEav01\BasicEav01.csproj", "{7F370FB9-704B-400C-B907-F4D7B884006A}"
EndProject
Project("{9A19103F-16F7-4668-BE54-9A1E7A4F7556}") = "SxcEdit01", "Integration\SxcEdit01\SxcEdit01.csproj", "{67672FFA-702D-423F-906E-5E6A6D6B9EFD}"
EndProject
Global
	GlobalSection(SolutionConfigurationPlatforms) = preSolution
		Debug|Any CPU = Debug|Any CPU
		Debug|DNN = Debug|DNN
		Debug|Windows-x64 = Debug|Windows-x64
		Debug|Windows-x86 = Debug|Windows-x86
		Release|Any CPU = Release|Any CPU
		Release|DNN = Release|DNN
		Release|Windows-x64 = Release|Windows-x64
		Release|Windows-x86 = Release|Windows-x86
		Testing|Any CPU = Testing|Any CPU
		Testing|DNN = Testing|DNN
		Testing|Windows-x64 = Testing|Windows-x64
		Testing|Windows-x86 = Testing|Windows-x86
	EndGlobalSection
	GlobalSection(ProjectConfigurationPlatforms) = postSolution
		{82F94588-269B-4CDD-98D1-D5CB14C39090}.Debug|Any CPU.ActiveCfg = Debug|Any CPU
		{82F94588-269B-4CDD-98D1-D5CB14C39090}.Debug|Any CPU.Build.0 = Debug|Any CPU
		{82F94588-269B-4CDD-98D1-D5CB14C39090}.Debug|DNN.ActiveCfg = Debug|Any CPU
		{82F94588-269B-4CDD-98D1-D5CB14C39090}.Debug|DNN.Build.0 = Debug|Any CPU
		{82F94588-269B-4CDD-98D1-D5CB14C39090}.Debug|Windows-x64.ActiveCfg = Debug|Any CPU
		{82F94588-269B-4CDD-98D1-D5CB14C39090}.Debug|Windows-x64.Build.0 = Debug|Any CPU
		{82F94588-269B-4CDD-98D1-D5CB14C39090}.Debug|Windows-x86.ActiveCfg = Debug|Any CPU
		{82F94588-269B-4CDD-98D1-D5CB14C39090}.Debug|Windows-x86.Build.0 = Debug|Any CPU
		{82F94588-269B-4CDD-98D1-D5CB14C39090}.Release|Any CPU.ActiveCfg = Release|Any CPU
		{82F94588-269B-4CDD-98D1-D5CB14C39090}.Release|Any CPU.Build.0 = Release|Any CPU
		{82F94588-269B-4CDD-98D1-D5CB14C39090}.Release|DNN.ActiveCfg = Release|Any CPU
		{82F94588-269B-4CDD-98D1-D5CB14C39090}.Release|DNN.Build.0 = Release|Any CPU
		{82F94588-269B-4CDD-98D1-D5CB14C39090}.Release|Windows-x64.ActiveCfg = Release|Any CPU
		{82F94588-269B-4CDD-98D1-D5CB14C39090}.Release|Windows-x64.Build.0 = Release|Any CPU
		{82F94588-269B-4CDD-98D1-D5CB14C39090}.Release|Windows-x86.ActiveCfg = Release|Any CPU
		{82F94588-269B-4CDD-98D1-D5CB14C39090}.Release|Windows-x86.Build.0 = Release|Any CPU
		{82F94588-269B-4CDD-98D1-D5CB14C39090}.Testing|Any CPU.ActiveCfg = Debug|Any CPU
		{82F94588-269B-4CDD-98D1-D5CB14C39090}.Testing|Any CPU.Build.0 = Debug|Any CPU
		{82F94588-269B-4CDD-98D1-D5CB14C39090}.Testing|DNN.ActiveCfg = Dbg Testing|Any CPU
		{82F94588-269B-4CDD-98D1-D5CB14C39090}.Testing|DNN.Build.0 = Dbg Testing|Any CPU
		{82F94588-269B-4CDD-98D1-D5CB14C39090}.Testing|Windows-x64.ActiveCfg = Dbg Testing|Any CPU
		{82F94588-269B-4CDD-98D1-D5CB14C39090}.Testing|Windows-x64.Build.0 = Dbg Testing|Any CPU
		{82F94588-269B-4CDD-98D1-D5CB14C39090}.Testing|Windows-x86.ActiveCfg = Dbg Testing|Any CPU
		{82F94588-269B-4CDD-98D1-D5CB14C39090}.Testing|Windows-x86.Build.0 = Dbg Testing|Any CPU
		{FA1B4495-6B85-400F-A5E3-0E292CCBFAE2}.Debug|Any CPU.ActiveCfg = Debug|Any CPU
		{FA1B4495-6B85-400F-A5E3-0E292CCBFAE2}.Debug|Any CPU.Build.0 = Debug|Any CPU
		{FA1B4495-6B85-400F-A5E3-0E292CCBFAE2}.Debug|DNN.ActiveCfg = Debug|Any CPU
		{FA1B4495-6B85-400F-A5E3-0E292CCBFAE2}.Debug|DNN.Build.0 = Debug|Any CPU
		{FA1B4495-6B85-400F-A5E3-0E292CCBFAE2}.Debug|Windows-x64.ActiveCfg = Debug|Any CPU
		{FA1B4495-6B85-400F-A5E3-0E292CCBFAE2}.Debug|Windows-x64.Build.0 = Debug|Any CPU
		{FA1B4495-6B85-400F-A5E3-0E292CCBFAE2}.Debug|Windows-x86.ActiveCfg = Debug|Any CPU
		{FA1B4495-6B85-400F-A5E3-0E292CCBFAE2}.Debug|Windows-x86.Build.0 = Debug|Any CPU
		{FA1B4495-6B85-400F-A5E3-0E292CCBFAE2}.Release|Any CPU.ActiveCfg = Release|Any CPU
		{FA1B4495-6B85-400F-A5E3-0E292CCBFAE2}.Release|Any CPU.Build.0 = Release|Any CPU
		{FA1B4495-6B85-400F-A5E3-0E292CCBFAE2}.Release|DNN.ActiveCfg = Release|Any CPU
		{FA1B4495-6B85-400F-A5E3-0E292CCBFAE2}.Release|DNN.Build.0 = Release|Any CPU
		{FA1B4495-6B85-400F-A5E3-0E292CCBFAE2}.Release|Windows-x64.ActiveCfg = Release|Any CPU
		{FA1B4495-6B85-400F-A5E3-0E292CCBFAE2}.Release|Windows-x64.Build.0 = Release|Any CPU
		{FA1B4495-6B85-400F-A5E3-0E292CCBFAE2}.Release|Windows-x86.ActiveCfg = Release|Any CPU
		{FA1B4495-6B85-400F-A5E3-0E292CCBFAE2}.Release|Windows-x86.Build.0 = Release|Any CPU
		{FA1B4495-6B85-400F-A5E3-0E292CCBFAE2}.Testing|Any CPU.ActiveCfg = Debug|Any CPU
		{FA1B4495-6B85-400F-A5E3-0E292CCBFAE2}.Testing|Any CPU.Build.0 = Debug|Any CPU
		{FA1B4495-6B85-400F-A5E3-0E292CCBFAE2}.Testing|DNN.ActiveCfg = Dbg Testing|Any CPU
		{FA1B4495-6B85-400F-A5E3-0E292CCBFAE2}.Testing|DNN.Build.0 = Dbg Testing|Any CPU
		{FA1B4495-6B85-400F-A5E3-0E292CCBFAE2}.Testing|Windows-x64.ActiveCfg = Dbg Testing|Any CPU
		{FA1B4495-6B85-400F-A5E3-0E292CCBFAE2}.Testing|Windows-x64.Build.0 = Dbg Testing|Any CPU
		{FA1B4495-6B85-400F-A5E3-0E292CCBFAE2}.Testing|Windows-x86.ActiveCfg = Dbg Testing|Any CPU
		{FA1B4495-6B85-400F-A5E3-0E292CCBFAE2}.Testing|Windows-x86.Build.0 = Dbg Testing|Any CPU
		{0EA1085A-D15F-4254-8A79-DE811C47EBF4}.Debug|Any CPU.ActiveCfg = Debug|Any CPU
		{0EA1085A-D15F-4254-8A79-DE811C47EBF4}.Debug|DNN.ActiveCfg = Debug|Any CPU
		{0EA1085A-D15F-4254-8A79-DE811C47EBF4}.Debug|DNN.Build.0 = Debug|Any CPU
		{0EA1085A-D15F-4254-8A79-DE811C47EBF4}.Debug|Windows-x64.ActiveCfg = Debug|Any CPU
		{0EA1085A-D15F-4254-8A79-DE811C47EBF4}.Debug|Windows-x64.Build.0 = Debug|Any CPU
		{0EA1085A-D15F-4254-8A79-DE811C47EBF4}.Debug|Windows-x86.ActiveCfg = Debug|Any CPU
		{0EA1085A-D15F-4254-8A79-DE811C47EBF4}.Debug|Windows-x86.Build.0 = Debug|Any CPU
		{0EA1085A-D15F-4254-8A79-DE811C47EBF4}.Release|Any CPU.ActiveCfg = Release|Any CPU
		{0EA1085A-D15F-4254-8A79-DE811C47EBF4}.Release|DNN.ActiveCfg = Release|Any CPU
		{0EA1085A-D15F-4254-8A79-DE811C47EBF4}.Release|DNN.Build.0 = Release|Any CPU
		{0EA1085A-D15F-4254-8A79-DE811C47EBF4}.Release|Windows-x64.ActiveCfg = Release|Any CPU
		{0EA1085A-D15F-4254-8A79-DE811C47EBF4}.Release|Windows-x86.ActiveCfg = Release|Any CPU
		{0EA1085A-D15F-4254-8A79-DE811C47EBF4}.Release|Windows-x86.Build.0 = Release|Any CPU
		{0EA1085A-D15F-4254-8A79-DE811C47EBF4}.Testing|Any CPU.ActiveCfg = Debug|Any CPU
		{0EA1085A-D15F-4254-8A79-DE811C47EBF4}.Testing|Any CPU.Build.0 = Debug|Any CPU
		{0EA1085A-D15F-4254-8A79-DE811C47EBF4}.Testing|DNN.ActiveCfg = Debug|Any CPU
		{0EA1085A-D15F-4254-8A79-DE811C47EBF4}.Testing|DNN.Build.0 = Debug|Any CPU
		{0EA1085A-D15F-4254-8A79-DE811C47EBF4}.Testing|Windows-x64.ActiveCfg = Debug|Any CPU
		{0EA1085A-D15F-4254-8A79-DE811C47EBF4}.Testing|Windows-x64.Build.0 = Debug|Any CPU
		{0EA1085A-D15F-4254-8A79-DE811C47EBF4}.Testing|Windows-x86.ActiveCfg = Debug|Any CPU
		{0EA1085A-D15F-4254-8A79-DE811C47EBF4}.Testing|Windows-x86.Build.0 = Debug|Any CPU
		{93149D23-E6CC-43AF-97D0-32D89D29D714}.Debug|Any CPU.ActiveCfg = Debug|Any CPU
		{93149D23-E6CC-43AF-97D0-32D89D29D714}.Debug|Any CPU.Build.0 = Debug|Any CPU
		{93149D23-E6CC-43AF-97D0-32D89D29D714}.Debug|DNN.ActiveCfg = Debug|Any CPU
		{93149D23-E6CC-43AF-97D0-32D89D29D714}.Debug|DNN.Build.0 = Debug|Any CPU
		{93149D23-E6CC-43AF-97D0-32D89D29D714}.Debug|Windows-x64.ActiveCfg = Debug|Any CPU
		{93149D23-E6CC-43AF-97D0-32D89D29D714}.Debug|Windows-x64.Build.0 = Debug|Any CPU
		{93149D23-E6CC-43AF-97D0-32D89D29D714}.Debug|Windows-x86.ActiveCfg = Debug|Any CPU
		{93149D23-E6CC-43AF-97D0-32D89D29D714}.Debug|Windows-x86.Build.0 = Debug|Any CPU
		{93149D23-E6CC-43AF-97D0-32D89D29D714}.Release|Any CPU.ActiveCfg = Release|Any CPU
		{93149D23-E6CC-43AF-97D0-32D89D29D714}.Release|Any CPU.Build.0 = Release|Any CPU
		{93149D23-E6CC-43AF-97D0-32D89D29D714}.Release|DNN.ActiveCfg = Release|Any CPU
		{93149D23-E6CC-43AF-97D0-32D89D29D714}.Release|DNN.Build.0 = Release|Any CPU
		{93149D23-E6CC-43AF-97D0-32D89D29D714}.Release|Windows-x64.ActiveCfg = Release|Any CPU
		{93149D23-E6CC-43AF-97D0-32D89D29D714}.Release|Windows-x64.Build.0 = Release|Any CPU
		{93149D23-E6CC-43AF-97D0-32D89D29D714}.Release|Windows-x86.ActiveCfg = Release|Any CPU
		{93149D23-E6CC-43AF-97D0-32D89D29D714}.Release|Windows-x86.Build.0 = Release|Any CPU
		{93149D23-E6CC-43AF-97D0-32D89D29D714}.Testing|Any CPU.ActiveCfg = Debug|Any CPU
		{93149D23-E6CC-43AF-97D0-32D89D29D714}.Testing|Any CPU.Build.0 = Debug|Any CPU
		{93149D23-E6CC-43AF-97D0-32D89D29D714}.Testing|DNN.ActiveCfg = Debug|Any CPU
		{93149D23-E6CC-43AF-97D0-32D89D29D714}.Testing|DNN.Build.0 = Debug|Any CPU
		{93149D23-E6CC-43AF-97D0-32D89D29D714}.Testing|Windows-x64.ActiveCfg = Debug|Any CPU
		{93149D23-E6CC-43AF-97D0-32D89D29D714}.Testing|Windows-x64.Build.0 = Debug|Any CPU
		{93149D23-E6CC-43AF-97D0-32D89D29D714}.Testing|Windows-x86.ActiveCfg = Debug|Any CPU
		{93149D23-E6CC-43AF-97D0-32D89D29D714}.Testing|Windows-x86.Build.0 = Debug|Any CPU
		{CB322A0B-0C28-4165-87A8-7BBE78911451}.Debug|Any CPU.ActiveCfg = Debug|Any CPU
		{CB322A0B-0C28-4165-87A8-7BBE78911451}.Debug|Any CPU.Build.0 = Debug|Any CPU
		{CB322A0B-0C28-4165-87A8-7BBE78911451}.Debug|DNN.ActiveCfg = Debug|Any CPU
		{CB322A0B-0C28-4165-87A8-7BBE78911451}.Debug|DNN.Build.0 = Debug|Any CPU
		{CB322A0B-0C28-4165-87A8-7BBE78911451}.Debug|Windows-x64.ActiveCfg = Debug|Any CPU
		{CB322A0B-0C28-4165-87A8-7BBE78911451}.Debug|Windows-x64.Build.0 = Debug|Any CPU
		{CB322A0B-0C28-4165-87A8-7BBE78911451}.Debug|Windows-x86.ActiveCfg = Debug|Any CPU
		{CB322A0B-0C28-4165-87A8-7BBE78911451}.Debug|Windows-x86.Build.0 = Debug|Any CPU
		{CB322A0B-0C28-4165-87A8-7BBE78911451}.Release|Any CPU.ActiveCfg = Release|Any CPU
		{CB322A0B-0C28-4165-87A8-7BBE78911451}.Release|Any CPU.Build.0 = Release|Any CPU
		{CB322A0B-0C28-4165-87A8-7BBE78911451}.Release|DNN.ActiveCfg = Release|Any CPU
		{CB322A0B-0C28-4165-87A8-7BBE78911451}.Release|DNN.Build.0 = Release|Any CPU
		{CB322A0B-0C28-4165-87A8-7BBE78911451}.Release|Windows-x64.ActiveCfg = Release|Any CPU
		{CB322A0B-0C28-4165-87A8-7BBE78911451}.Release|Windows-x64.Build.0 = Release|Any CPU
		{CB322A0B-0C28-4165-87A8-7BBE78911451}.Release|Windows-x86.ActiveCfg = Release|Any CPU
		{CB322A0B-0C28-4165-87A8-7BBE78911451}.Release|Windows-x86.Build.0 = Release|Any CPU
		{CB322A0B-0C28-4165-87A8-7BBE78911451}.Testing|Any CPU.ActiveCfg = Debug|Any CPU
		{CB322A0B-0C28-4165-87A8-7BBE78911451}.Testing|Any CPU.Build.0 = Debug|Any CPU
		{CB322A0B-0C28-4165-87A8-7BBE78911451}.Testing|DNN.ActiveCfg = Debug|Any CPU
		{CB322A0B-0C28-4165-87A8-7BBE78911451}.Testing|DNN.Build.0 = Debug|Any CPU
		{CB322A0B-0C28-4165-87A8-7BBE78911451}.Testing|Windows-x64.ActiveCfg = Debug|Any CPU
		{CB322A0B-0C28-4165-87A8-7BBE78911451}.Testing|Windows-x64.Build.0 = Debug|Any CPU
		{CB322A0B-0C28-4165-87A8-7BBE78911451}.Testing|Windows-x86.ActiveCfg = Debug|Any CPU
		{CB322A0B-0C28-4165-87A8-7BBE78911451}.Testing|Windows-x86.Build.0 = Debug|Any CPU
		{B45F98A5-BBA9-4418-A5A1-7CA747E1698B}.Debug|Any CPU.ActiveCfg = Debug|Any CPU
		{B45F98A5-BBA9-4418-A5A1-7CA747E1698B}.Debug|Any CPU.Build.0 = Debug|Any CPU
		{B45F98A5-BBA9-4418-A5A1-7CA747E1698B}.Debug|DNN.ActiveCfg = Debug|Any CPU
		{B45F98A5-BBA9-4418-A5A1-7CA747E1698B}.Debug|DNN.Build.0 = Debug|Any CPU
		{B45F98A5-BBA9-4418-A5A1-7CA747E1698B}.Debug|Windows-x64.ActiveCfg = Debug|Any CPU
		{B45F98A5-BBA9-4418-A5A1-7CA747E1698B}.Debug|Windows-x64.Build.0 = Debug|Any CPU
		{B45F98A5-BBA9-4418-A5A1-7CA747E1698B}.Debug|Windows-x86.ActiveCfg = Debug|Any CPU
		{B45F98A5-BBA9-4418-A5A1-7CA747E1698B}.Debug|Windows-x86.Build.0 = Debug|Any CPU
		{B45F98A5-BBA9-4418-A5A1-7CA747E1698B}.Release|Any CPU.ActiveCfg = Release|Any CPU
		{B45F98A5-BBA9-4418-A5A1-7CA747E1698B}.Release|Any CPU.Build.0 = Release|Any CPU
		{B45F98A5-BBA9-4418-A5A1-7CA747E1698B}.Release|DNN.ActiveCfg = Release|Any CPU
		{B45F98A5-BBA9-4418-A5A1-7CA747E1698B}.Release|DNN.Build.0 = Release|Any CPU
		{B45F98A5-BBA9-4418-A5A1-7CA747E1698B}.Release|Windows-x64.ActiveCfg = Release|Any CPU
		{B45F98A5-BBA9-4418-A5A1-7CA747E1698B}.Release|Windows-x64.Build.0 = Release|Any CPU
		{B45F98A5-BBA9-4418-A5A1-7CA747E1698B}.Release|Windows-x86.ActiveCfg = Release|Any CPU
		{B45F98A5-BBA9-4418-A5A1-7CA747E1698B}.Release|Windows-x86.Build.0 = Release|Any CPU
		{B45F98A5-BBA9-4418-A5A1-7CA747E1698B}.Testing|Any CPU.ActiveCfg = Debug|Any CPU
		{B45F98A5-BBA9-4418-A5A1-7CA747E1698B}.Testing|Any CPU.Build.0 = Debug|Any CPU
		{B45F98A5-BBA9-4418-A5A1-7CA747E1698B}.Testing|DNN.ActiveCfg = Debug|Any CPU
		{B45F98A5-BBA9-4418-A5A1-7CA747E1698B}.Testing|DNN.Build.0 = Debug|Any CPU
		{B45F98A5-BBA9-4418-A5A1-7CA747E1698B}.Testing|Windows-x64.ActiveCfg = Debug|Any CPU
		{B45F98A5-BBA9-4418-A5A1-7CA747E1698B}.Testing|Windows-x64.Build.0 = Debug|Any CPU
		{B45F98A5-BBA9-4418-A5A1-7CA747E1698B}.Testing|Windows-x86.ActiveCfg = Debug|Any CPU
		{B45F98A5-BBA9-4418-A5A1-7CA747E1698B}.Testing|Windows-x86.Build.0 = Debug|Any CPU
		{1253087A-070D-4BF7-B3C2-841537489910}.Debug|Any CPU.ActiveCfg = Debug|Any CPU
		{1253087A-070D-4BF7-B3C2-841537489910}.Debug|Any CPU.Build.0 = Debug|Any CPU
		{1253087A-070D-4BF7-B3C2-841537489910}.Debug|DNN.ActiveCfg = Debug|Any CPU
		{1253087A-070D-4BF7-B3C2-841537489910}.Debug|DNN.Build.0 = Debug|Any CPU
		{1253087A-070D-4BF7-B3C2-841537489910}.Debug|Windows-x64.ActiveCfg = Debug|Any CPU
		{1253087A-070D-4BF7-B3C2-841537489910}.Debug|Windows-x64.Build.0 = Debug|Any CPU
		{1253087A-070D-4BF7-B3C2-841537489910}.Debug|Windows-x86.ActiveCfg = Debug|Any CPU
		{1253087A-070D-4BF7-B3C2-841537489910}.Debug|Windows-x86.Build.0 = Debug|Any CPU
		{1253087A-070D-4BF7-B3C2-841537489910}.Release|Any CPU.ActiveCfg = Release|Any CPU
		{1253087A-070D-4BF7-B3C2-841537489910}.Release|Any CPU.Build.0 = Release|Any CPU
		{1253087A-070D-4BF7-B3C2-841537489910}.Release|DNN.ActiveCfg = Release|Any CPU
		{1253087A-070D-4BF7-B3C2-841537489910}.Release|DNN.Build.0 = Release|Any CPU
		{1253087A-070D-4BF7-B3C2-841537489910}.Release|Windows-x64.ActiveCfg = Release|Any CPU
		{1253087A-070D-4BF7-B3C2-841537489910}.Release|Windows-x64.Build.0 = Release|Any CPU
		{1253087A-070D-4BF7-B3C2-841537489910}.Release|Windows-x86.ActiveCfg = Release|Any CPU
		{1253087A-070D-4BF7-B3C2-841537489910}.Release|Windows-x86.Build.0 = Release|Any CPU
		{1253087A-070D-4BF7-B3C2-841537489910}.Testing|Any CPU.ActiveCfg = Debug|Any CPU
		{1253087A-070D-4BF7-B3C2-841537489910}.Testing|Any CPU.Build.0 = Debug|Any CPU
		{1253087A-070D-4BF7-B3C2-841537489910}.Testing|DNN.ActiveCfg = Debug|Any CPU
		{1253087A-070D-4BF7-B3C2-841537489910}.Testing|DNN.Build.0 = Debug|Any CPU
		{1253087A-070D-4BF7-B3C2-841537489910}.Testing|Windows-x64.ActiveCfg = Debug|Any CPU
		{1253087A-070D-4BF7-B3C2-841537489910}.Testing|Windows-x64.Build.0 = Debug|Any CPU
		{1253087A-070D-4BF7-B3C2-841537489910}.Testing|Windows-x86.ActiveCfg = Debug|Any CPU
		{1253087A-070D-4BF7-B3C2-841537489910}.Testing|Windows-x86.Build.0 = Debug|Any CPU
		{892F9D3B-0578-46A1-A46A-B694A7E15669}.Debug|Any CPU.ActiveCfg = Debug|Any CPU
		{892F9D3B-0578-46A1-A46A-B694A7E15669}.Debug|Any CPU.Build.0 = Debug|Any CPU
		{892F9D3B-0578-46A1-A46A-B694A7E15669}.Debug|DNN.ActiveCfg = Debug|Any CPU
		{892F9D3B-0578-46A1-A46A-B694A7E15669}.Debug|DNN.Build.0 = Debug|Any CPU
		{892F9D3B-0578-46A1-A46A-B694A7E15669}.Debug|Windows-x64.ActiveCfg = Debug|Any CPU
		{892F9D3B-0578-46A1-A46A-B694A7E15669}.Debug|Windows-x64.Build.0 = Debug|Any CPU
		{892F9D3B-0578-46A1-A46A-B694A7E15669}.Debug|Windows-x86.ActiveCfg = Debug|Any CPU
		{892F9D3B-0578-46A1-A46A-B694A7E15669}.Debug|Windows-x86.Build.0 = Debug|Any CPU
		{892F9D3B-0578-46A1-A46A-B694A7E15669}.Release|Any CPU.ActiveCfg = Release|Any CPU
		{892F9D3B-0578-46A1-A46A-B694A7E15669}.Release|Any CPU.Build.0 = Release|Any CPU
		{892F9D3B-0578-46A1-A46A-B694A7E15669}.Release|DNN.ActiveCfg = Release|Any CPU
		{892F9D3B-0578-46A1-A46A-B694A7E15669}.Release|DNN.Build.0 = Release|Any CPU
		{892F9D3B-0578-46A1-A46A-B694A7E15669}.Release|Windows-x64.ActiveCfg = Release|Any CPU
		{892F9D3B-0578-46A1-A46A-B694A7E15669}.Release|Windows-x64.Build.0 = Release|Any CPU
		{892F9D3B-0578-46A1-A46A-B694A7E15669}.Release|Windows-x86.ActiveCfg = Release|Any CPU
		{892F9D3B-0578-46A1-A46A-B694A7E15669}.Release|Windows-x86.Build.0 = Release|Any CPU
		{892F9D3B-0578-46A1-A46A-B694A7E15669}.Testing|Any CPU.ActiveCfg = Debug|Any CPU
		{892F9D3B-0578-46A1-A46A-B694A7E15669}.Testing|Any CPU.Build.0 = Debug|Any CPU
		{892F9D3B-0578-46A1-A46A-B694A7E15669}.Testing|DNN.ActiveCfg = Debug|Any CPU
		{892F9D3B-0578-46A1-A46A-B694A7E15669}.Testing|DNN.Build.0 = Debug|Any CPU
		{892F9D3B-0578-46A1-A46A-B694A7E15669}.Testing|Windows-x64.ActiveCfg = Debug|Any CPU
		{892F9D3B-0578-46A1-A46A-B694A7E15669}.Testing|Windows-x64.Build.0 = Debug|Any CPU
		{892F9D3B-0578-46A1-A46A-B694A7E15669}.Testing|Windows-x86.ActiveCfg = Debug|Any CPU
		{892F9D3B-0578-46A1-A46A-B694A7E15669}.Testing|Windows-x86.Build.0 = Debug|Any CPU
		{04F3A07C-2C6C-4D87-9E8D-E2DB611B0D52}.Debug|Any CPU.ActiveCfg = Debug|Any CPU
		{04F3A07C-2C6C-4D87-9E8D-E2DB611B0D52}.Debug|Any CPU.Build.0 = Debug|Any CPU
		{04F3A07C-2C6C-4D87-9E8D-E2DB611B0D52}.Debug|DNN.ActiveCfg = Debug|Any CPU
		{04F3A07C-2C6C-4D87-9E8D-E2DB611B0D52}.Debug|DNN.Build.0 = Debug|Any CPU
		{04F3A07C-2C6C-4D87-9E8D-E2DB611B0D52}.Debug|Windows-x64.ActiveCfg = Debug|Any CPU
		{04F3A07C-2C6C-4D87-9E8D-E2DB611B0D52}.Debug|Windows-x64.Build.0 = Debug|Any CPU
		{04F3A07C-2C6C-4D87-9E8D-E2DB611B0D52}.Debug|Windows-x86.ActiveCfg = Debug|Any CPU
		{04F3A07C-2C6C-4D87-9E8D-E2DB611B0D52}.Debug|Windows-x86.Build.0 = Debug|Any CPU
		{04F3A07C-2C6C-4D87-9E8D-E2DB611B0D52}.Release|Any CPU.ActiveCfg = Release|Any CPU
		{04F3A07C-2C6C-4D87-9E8D-E2DB611B0D52}.Release|Any CPU.Build.0 = Release|Any CPU
		{04F3A07C-2C6C-4D87-9E8D-E2DB611B0D52}.Release|DNN.ActiveCfg = Release|Any CPU
		{04F3A07C-2C6C-4D87-9E8D-E2DB611B0D52}.Release|DNN.Build.0 = Release|Any CPU
		{04F3A07C-2C6C-4D87-9E8D-E2DB611B0D52}.Release|Windows-x64.ActiveCfg = Release|Any CPU
		{04F3A07C-2C6C-4D87-9E8D-E2DB611B0D52}.Release|Windows-x64.Build.0 = Release|Any CPU
		{04F3A07C-2C6C-4D87-9E8D-E2DB611B0D52}.Release|Windows-x86.ActiveCfg = Release|Any CPU
		{04F3A07C-2C6C-4D87-9E8D-E2DB611B0D52}.Release|Windows-x86.Build.0 = Release|Any CPU
		{04F3A07C-2C6C-4D87-9E8D-E2DB611B0D52}.Testing|Any CPU.ActiveCfg = Debug|Any CPU
		{04F3A07C-2C6C-4D87-9E8D-E2DB611B0D52}.Testing|Any CPU.Build.0 = Debug|Any CPU
		{04F3A07C-2C6C-4D87-9E8D-E2DB611B0D52}.Testing|DNN.ActiveCfg = Debug|Any CPU
		{04F3A07C-2C6C-4D87-9E8D-E2DB611B0D52}.Testing|DNN.Build.0 = Debug|Any CPU
		{04F3A07C-2C6C-4D87-9E8D-E2DB611B0D52}.Testing|Windows-x64.ActiveCfg = Debug|Any CPU
		{04F3A07C-2C6C-4D87-9E8D-E2DB611B0D52}.Testing|Windows-x64.Build.0 = Debug|Any CPU
		{04F3A07C-2C6C-4D87-9E8D-E2DB611B0D52}.Testing|Windows-x86.ActiveCfg = Debug|Any CPU
		{04F3A07C-2C6C-4D87-9E8D-E2DB611B0D52}.Testing|Windows-x86.Build.0 = Debug|Any CPU
		{5D87EB0C-BF67-4814-A0FF-D96256C9B852}.Debug|Any CPU.ActiveCfg = Debug|Any CPU
		{5D87EB0C-BF67-4814-A0FF-D96256C9B852}.Debug|Any CPU.Build.0 = Debug|Any CPU
		{5D87EB0C-BF67-4814-A0FF-D96256C9B852}.Debug|DNN.ActiveCfg = Debug|Any CPU
		{5D87EB0C-BF67-4814-A0FF-D96256C9B852}.Debug|DNN.Build.0 = Debug|Any CPU
		{5D87EB0C-BF67-4814-A0FF-D96256C9B852}.Debug|Windows-x64.ActiveCfg = Debug|Any CPU
		{5D87EB0C-BF67-4814-A0FF-D96256C9B852}.Debug|Windows-x64.Build.0 = Debug|Any CPU
		{5D87EB0C-BF67-4814-A0FF-D96256C9B852}.Debug|Windows-x86.ActiveCfg = Debug|Any CPU
		{5D87EB0C-BF67-4814-A0FF-D96256C9B852}.Debug|Windows-x86.Build.0 = Debug|Any CPU
		{5D87EB0C-BF67-4814-A0FF-D96256C9B852}.Release|Any CPU.ActiveCfg = Release|Any CPU
		{5D87EB0C-BF67-4814-A0FF-D96256C9B852}.Release|Any CPU.Build.0 = Release|Any CPU
		{5D87EB0C-BF67-4814-A0FF-D96256C9B852}.Release|DNN.ActiveCfg = Release|Any CPU
		{5D87EB0C-BF67-4814-A0FF-D96256C9B852}.Release|DNN.Build.0 = Release|Any CPU
		{5D87EB0C-BF67-4814-A0FF-D96256C9B852}.Release|Windows-x64.ActiveCfg = Release|Any CPU
		{5D87EB0C-BF67-4814-A0FF-D96256C9B852}.Release|Windows-x64.Build.0 = Release|Any CPU
		{5D87EB0C-BF67-4814-A0FF-D96256C9B852}.Release|Windows-x86.ActiveCfg = Release|Any CPU
		{5D87EB0C-BF67-4814-A0FF-D96256C9B852}.Release|Windows-x86.Build.0 = Release|Any CPU
		{5D87EB0C-BF67-4814-A0FF-D96256C9B852}.Testing|Any CPU.ActiveCfg = Debug|Any CPU
		{5D87EB0C-BF67-4814-A0FF-D96256C9B852}.Testing|Any CPU.Build.0 = Debug|Any CPU
		{5D87EB0C-BF67-4814-A0FF-D96256C9B852}.Testing|DNN.ActiveCfg = Debug|Any CPU
		{5D87EB0C-BF67-4814-A0FF-D96256C9B852}.Testing|DNN.Build.0 = Debug|Any CPU
		{5D87EB0C-BF67-4814-A0FF-D96256C9B852}.Testing|Windows-x64.ActiveCfg = Debug|Any CPU
		{5D87EB0C-BF67-4814-A0FF-D96256C9B852}.Testing|Windows-x64.Build.0 = Debug|Any CPU
		{5D87EB0C-BF67-4814-A0FF-D96256C9B852}.Testing|Windows-x86.ActiveCfg = Debug|Any CPU
		{5D87EB0C-BF67-4814-A0FF-D96256C9B852}.Testing|Windows-x86.Build.0 = Debug|Any CPU
		{80D15F35-334B-4C7C-AF94-B0FF1E6CC354}.Debug|Any CPU.ActiveCfg = Debug|Any CPU
		{80D15F35-334B-4C7C-AF94-B0FF1E6CC354}.Debug|Any CPU.Build.0 = Debug|Any CPU
		{80D15F35-334B-4C7C-AF94-B0FF1E6CC354}.Debug|DNN.ActiveCfg = Debug|Any CPU
		{80D15F35-334B-4C7C-AF94-B0FF1E6CC354}.Debug|DNN.Build.0 = Debug|Any CPU
		{80D15F35-334B-4C7C-AF94-B0FF1E6CC354}.Debug|Windows-x64.ActiveCfg = Debug|Any CPU
		{80D15F35-334B-4C7C-AF94-B0FF1E6CC354}.Debug|Windows-x64.Build.0 = Debug|Any CPU
		{80D15F35-334B-4C7C-AF94-B0FF1E6CC354}.Debug|Windows-x86.ActiveCfg = Debug|Any CPU
		{80D15F35-334B-4C7C-AF94-B0FF1E6CC354}.Debug|Windows-x86.Build.0 = Debug|Any CPU
		{80D15F35-334B-4C7C-AF94-B0FF1E6CC354}.Release|Any CPU.ActiveCfg = Release|Any CPU
		{80D15F35-334B-4C7C-AF94-B0FF1E6CC354}.Release|Any CPU.Build.0 = Release|Any CPU
		{80D15F35-334B-4C7C-AF94-B0FF1E6CC354}.Release|DNN.ActiveCfg = Release|Any CPU
		{80D15F35-334B-4C7C-AF94-B0FF1E6CC354}.Release|DNN.Build.0 = Release|Any CPU
		{80D15F35-334B-4C7C-AF94-B0FF1E6CC354}.Release|Windows-x64.ActiveCfg = Release|Any CPU
		{80D15F35-334B-4C7C-AF94-B0FF1E6CC354}.Release|Windows-x64.Build.0 = Release|Any CPU
		{80D15F35-334B-4C7C-AF94-B0FF1E6CC354}.Release|Windows-x86.ActiveCfg = Release|Any CPU
		{80D15F35-334B-4C7C-AF94-B0FF1E6CC354}.Release|Windows-x86.Build.0 = Release|Any CPU
		{80D15F35-334B-4C7C-AF94-B0FF1E6CC354}.Testing|Any CPU.ActiveCfg = Debug|Any CPU
		{80D15F35-334B-4C7C-AF94-B0FF1E6CC354}.Testing|Any CPU.Build.0 = Debug|Any CPU
		{80D15F35-334B-4C7C-AF94-B0FF1E6CC354}.Testing|DNN.ActiveCfg = Debug|Any CPU
		{80D15F35-334B-4C7C-AF94-B0FF1E6CC354}.Testing|DNN.Build.0 = Debug|Any CPU
		{80D15F35-334B-4C7C-AF94-B0FF1E6CC354}.Testing|Windows-x64.ActiveCfg = Debug|Any CPU
		{80D15F35-334B-4C7C-AF94-B0FF1E6CC354}.Testing|Windows-x64.Build.0 = Debug|Any CPU
		{80D15F35-334B-4C7C-AF94-B0FF1E6CC354}.Testing|Windows-x86.ActiveCfg = Debug|Any CPU
		{80D15F35-334B-4C7C-AF94-B0FF1E6CC354}.Testing|Windows-x86.Build.0 = Debug|Any CPU
		{AA274DBE-9E67-4B87-9D97-4E34F1D4D75E}.Debug|Any CPU.ActiveCfg = Debug|Any CPU
		{AA274DBE-9E67-4B87-9D97-4E34F1D4D75E}.Debug|Any CPU.Build.0 = Debug|Any CPU
		{AA274DBE-9E67-4B87-9D97-4E34F1D4D75E}.Debug|DNN.ActiveCfg = Debug|Any CPU
		{AA274DBE-9E67-4B87-9D97-4E34F1D4D75E}.Debug|DNN.Build.0 = Debug|Any CPU
		{AA274DBE-9E67-4B87-9D97-4E34F1D4D75E}.Debug|Windows-x64.ActiveCfg = Debug|Any CPU
		{AA274DBE-9E67-4B87-9D97-4E34F1D4D75E}.Debug|Windows-x64.Build.0 = Debug|Any CPU
		{AA274DBE-9E67-4B87-9D97-4E34F1D4D75E}.Debug|Windows-x86.ActiveCfg = Debug|Any CPU
		{AA274DBE-9E67-4B87-9D97-4E34F1D4D75E}.Debug|Windows-x86.Build.0 = Debug|Any CPU
		{AA274DBE-9E67-4B87-9D97-4E34F1D4D75E}.Release|Any CPU.ActiveCfg = Release|Any CPU
		{AA274DBE-9E67-4B87-9D97-4E34F1D4D75E}.Release|Any CPU.Build.0 = Release|Any CPU
		{AA274DBE-9E67-4B87-9D97-4E34F1D4D75E}.Release|DNN.ActiveCfg = Release|Any CPU
		{AA274DBE-9E67-4B87-9D97-4E34F1D4D75E}.Release|DNN.Build.0 = Release|Any CPU
		{AA274DBE-9E67-4B87-9D97-4E34F1D4D75E}.Release|Windows-x64.ActiveCfg = Release|Any CPU
		{AA274DBE-9E67-4B87-9D97-4E34F1D4D75E}.Release|Windows-x64.Build.0 = Release|Any CPU
		{AA274DBE-9E67-4B87-9D97-4E34F1D4D75E}.Release|Windows-x86.ActiveCfg = Release|Any CPU
		{AA274DBE-9E67-4B87-9D97-4E34F1D4D75E}.Release|Windows-x86.Build.0 = Release|Any CPU
		{AA274DBE-9E67-4B87-9D97-4E34F1D4D75E}.Testing|Any CPU.ActiveCfg = Debug|Any CPU
		{AA274DBE-9E67-4B87-9D97-4E34F1D4D75E}.Testing|Any CPU.Build.0 = Debug|Any CPU
		{AA274DBE-9E67-4B87-9D97-4E34F1D4D75E}.Testing|DNN.ActiveCfg = Debug|Any CPU
		{AA274DBE-9E67-4B87-9D97-4E34F1D4D75E}.Testing|DNN.Build.0 = Debug|Any CPU
		{AA274DBE-9E67-4B87-9D97-4E34F1D4D75E}.Testing|Windows-x64.ActiveCfg = Debug|Any CPU
		{AA274DBE-9E67-4B87-9D97-4E34F1D4D75E}.Testing|Windows-x64.Build.0 = Debug|Any CPU
		{AA274DBE-9E67-4B87-9D97-4E34F1D4D75E}.Testing|Windows-x86.ActiveCfg = Debug|Any CPU
		{AA274DBE-9E67-4B87-9D97-4E34F1D4D75E}.Testing|Windows-x86.Build.0 = Debug|Any CPU
		{28A58816-468A-44E0-85CA-0428F0D87E27}.Debug|Any CPU.ActiveCfg = Debug|Any CPU
		{28A58816-468A-44E0-85CA-0428F0D87E27}.Debug|Any CPU.Build.0 = Debug|Any CPU
		{28A58816-468A-44E0-85CA-0428F0D87E27}.Debug|DNN.ActiveCfg = Debug|Any CPU
		{28A58816-468A-44E0-85CA-0428F0D87E27}.Debug|DNN.Build.0 = Debug|Any CPU
		{28A58816-468A-44E0-85CA-0428F0D87E27}.Debug|Windows-x64.ActiveCfg = Debug|Any CPU
		{28A58816-468A-44E0-85CA-0428F0D87E27}.Debug|Windows-x64.Build.0 = Debug|Any CPU
		{28A58816-468A-44E0-85CA-0428F0D87E27}.Debug|Windows-x86.ActiveCfg = Debug|Any CPU
		{28A58816-468A-44E0-85CA-0428F0D87E27}.Debug|Windows-x86.Build.0 = Debug|Any CPU
		{28A58816-468A-44E0-85CA-0428F0D87E27}.Release|Any CPU.ActiveCfg = Release|Any CPU
		{28A58816-468A-44E0-85CA-0428F0D87E27}.Release|DNN.ActiveCfg = Release|Any CPU
		{28A58816-468A-44E0-85CA-0428F0D87E27}.Release|DNN.Build.0 = Release|Any CPU
		{28A58816-468A-44E0-85CA-0428F0D87E27}.Release|Windows-x64.ActiveCfg = Release|Any CPU
		{28A58816-468A-44E0-85CA-0428F0D87E27}.Release|Windows-x64.Build.0 = Release|Any CPU
		{28A58816-468A-44E0-85CA-0428F0D87E27}.Release|Windows-x86.ActiveCfg = Release|Any CPU
		{28A58816-468A-44E0-85CA-0428F0D87E27}.Release|Windows-x86.Build.0 = Release|Any CPU
		{28A58816-468A-44E0-85CA-0428F0D87E27}.Testing|Any CPU.ActiveCfg = Debug|Any CPU
		{28A58816-468A-44E0-85CA-0428F0D87E27}.Testing|Any CPU.Build.0 = Debug|Any CPU
		{28A58816-468A-44E0-85CA-0428F0D87E27}.Testing|DNN.ActiveCfg = Debug|Any CPU
		{28A58816-468A-44E0-85CA-0428F0D87E27}.Testing|DNN.Build.0 = Debug|Any CPU
		{28A58816-468A-44E0-85CA-0428F0D87E27}.Testing|Windows-x64.ActiveCfg = Debug|Any CPU
		{28A58816-468A-44E0-85CA-0428F0D87E27}.Testing|Windows-x64.Build.0 = Debug|Any CPU
		{28A58816-468A-44E0-85CA-0428F0D87E27}.Testing|Windows-x86.ActiveCfg = Debug|Any CPU
		{28A58816-468A-44E0-85CA-0428F0D87E27}.Testing|Windows-x86.Build.0 = Debug|Any CPU
		{9269847A-20A1-4F72-9E14-36BFE0323632}.Debug|Any CPU.ActiveCfg = Debug|Any CPU
		{9269847A-20A1-4F72-9E14-36BFE0323632}.Debug|Any CPU.Build.0 = Debug|Any CPU
		{9269847A-20A1-4F72-9E14-36BFE0323632}.Debug|DNN.ActiveCfg = Debug|Any CPU
		{9269847A-20A1-4F72-9E14-36BFE0323632}.Debug|DNN.Build.0 = Debug|Any CPU
		{9269847A-20A1-4F72-9E14-36BFE0323632}.Debug|Windows-x64.ActiveCfg = Debug|Any CPU
		{9269847A-20A1-4F72-9E14-36BFE0323632}.Debug|Windows-x64.Build.0 = Debug|Any CPU
		{9269847A-20A1-4F72-9E14-36BFE0323632}.Debug|Windows-x86.ActiveCfg = Debug|Any CPU
		{9269847A-20A1-4F72-9E14-36BFE0323632}.Debug|Windows-x86.Build.0 = Debug|Any CPU
		{9269847A-20A1-4F72-9E14-36BFE0323632}.Release|Any CPU.ActiveCfg = Release|Any CPU
		{9269847A-20A1-4F72-9E14-36BFE0323632}.Release|Any CPU.Build.0 = Release|Any CPU
		{9269847A-20A1-4F72-9E14-36BFE0323632}.Release|DNN.ActiveCfg = Release|Any CPU
		{9269847A-20A1-4F72-9E14-36BFE0323632}.Release|DNN.Build.0 = Release|Any CPU
		{9269847A-20A1-4F72-9E14-36BFE0323632}.Release|Windows-x64.ActiveCfg = Release|Any CPU
		{9269847A-20A1-4F72-9E14-36BFE0323632}.Release|Windows-x64.Build.0 = Release|Any CPU
		{9269847A-20A1-4F72-9E14-36BFE0323632}.Release|Windows-x86.ActiveCfg = Release|Any CPU
		{9269847A-20A1-4F72-9E14-36BFE0323632}.Release|Windows-x86.Build.0 = Release|Any CPU
		{9269847A-20A1-4F72-9E14-36BFE0323632}.Testing|Any CPU.ActiveCfg = Release|Any CPU
		{9269847A-20A1-4F72-9E14-36BFE0323632}.Testing|Any CPU.Build.0 = Release|Any CPU
		{9269847A-20A1-4F72-9E14-36BFE0323632}.Testing|DNN.ActiveCfg = Release|Any CPU
		{9269847A-20A1-4F72-9E14-36BFE0323632}.Testing|DNN.Build.0 = Release|Any CPU
		{9269847A-20A1-4F72-9E14-36BFE0323632}.Testing|Windows-x64.ActiveCfg = Release|Any CPU
		{9269847A-20A1-4F72-9E14-36BFE0323632}.Testing|Windows-x64.Build.0 = Release|Any CPU
		{9269847A-20A1-4F72-9E14-36BFE0323632}.Testing|Windows-x86.ActiveCfg = Release|Any CPU
		{9269847A-20A1-4F72-9E14-36BFE0323632}.Testing|Windows-x86.Build.0 = Release|Any CPU
		{ACD30ED0-0B6E-48E7-A898-CF42C93E857A}.Debug|Any CPU.ActiveCfg = Debug|Any CPU
		{ACD30ED0-0B6E-48E7-A898-CF42C93E857A}.Debug|Any CPU.Build.0 = Debug|Any CPU
		{ACD30ED0-0B6E-48E7-A898-CF42C93E857A}.Debug|DNN.ActiveCfg = Debug|Any CPU
		{ACD30ED0-0B6E-48E7-A898-CF42C93E857A}.Debug|DNN.Build.0 = Debug|Any CPU
		{ACD30ED0-0B6E-48E7-A898-CF42C93E857A}.Debug|Windows-x64.ActiveCfg = Debug|Any CPU
		{ACD30ED0-0B6E-48E7-A898-CF42C93E857A}.Debug|Windows-x64.Build.0 = Debug|Any CPU
		{ACD30ED0-0B6E-48E7-A898-CF42C93E857A}.Debug|Windows-x86.ActiveCfg = Debug|Any CPU
		{ACD30ED0-0B6E-48E7-A898-CF42C93E857A}.Debug|Windows-x86.Build.0 = Debug|Any CPU
		{ACD30ED0-0B6E-48E7-A898-CF42C93E857A}.Release|Any CPU.ActiveCfg = Release|Any CPU
		{ACD30ED0-0B6E-48E7-A898-CF42C93E857A}.Release|Any CPU.Build.0 = Release|Any CPU
		{ACD30ED0-0B6E-48E7-A898-CF42C93E857A}.Release|DNN.ActiveCfg = Release|Any CPU
		{ACD30ED0-0B6E-48E7-A898-CF42C93E857A}.Release|DNN.Build.0 = Release|Any CPU
		{ACD30ED0-0B6E-48E7-A898-CF42C93E857A}.Release|Windows-x64.ActiveCfg = Release|Any CPU
		{ACD30ED0-0B6E-48E7-A898-CF42C93E857A}.Release|Windows-x64.Build.0 = Release|Any CPU
		{ACD30ED0-0B6E-48E7-A898-CF42C93E857A}.Release|Windows-x86.ActiveCfg = Release|Any CPU
		{ACD30ED0-0B6E-48E7-A898-CF42C93E857A}.Release|Windows-x86.Build.0 = Release|Any CPU
		{ACD30ED0-0B6E-48E7-A898-CF42C93E857A}.Testing|Any CPU.ActiveCfg = Release|Any CPU
		{ACD30ED0-0B6E-48E7-A898-CF42C93E857A}.Testing|Any CPU.Build.0 = Release|Any CPU
		{ACD30ED0-0B6E-48E7-A898-CF42C93E857A}.Testing|DNN.ActiveCfg = Release|Any CPU
		{ACD30ED0-0B6E-48E7-A898-CF42C93E857A}.Testing|DNN.Build.0 = Release|Any CPU
		{ACD30ED0-0B6E-48E7-A898-CF42C93E857A}.Testing|Windows-x64.ActiveCfg = Release|Any CPU
		{ACD30ED0-0B6E-48E7-A898-CF42C93E857A}.Testing|Windows-x64.Build.0 = Release|Any CPU
		{ACD30ED0-0B6E-48E7-A898-CF42C93E857A}.Testing|Windows-x86.ActiveCfg = Release|Any CPU
		{ACD30ED0-0B6E-48E7-A898-CF42C93E857A}.Testing|Windows-x86.Build.0 = Release|Any CPU
		{7F370FB9-704B-400C-B907-F4D7B884006A}.Debug|Any CPU.ActiveCfg = Debug|Any CPU
		{7F370FB9-704B-400C-B907-F4D7B884006A}.Debug|Any CPU.Build.0 = Debug|Any CPU
		{7F370FB9-704B-400C-B907-F4D7B884006A}.Debug|DNN.ActiveCfg = Debug|Any CPU
		{7F370FB9-704B-400C-B907-F4D7B884006A}.Debug|DNN.Build.0 = Debug|Any CPU
		{7F370FB9-704B-400C-B907-F4D7B884006A}.Debug|Windows-x64.ActiveCfg = Debug|Any CPU
		{7F370FB9-704B-400C-B907-F4D7B884006A}.Debug|Windows-x64.Build.0 = Debug|Any CPU
		{7F370FB9-704B-400C-B907-F4D7B884006A}.Debug|Windows-x86.ActiveCfg = Debug|Any CPU
		{7F370FB9-704B-400C-B907-F4D7B884006A}.Debug|Windows-x86.Build.0 = Debug|Any CPU
		{7F370FB9-704B-400C-B907-F4D7B884006A}.Release|Any CPU.ActiveCfg = Release|Any CPU
		{7F370FB9-704B-400C-B907-F4D7B884006A}.Release|DNN.ActiveCfg = Release|Any CPU
		{7F370FB9-704B-400C-B907-F4D7B884006A}.Release|DNN.Build.0 = Release|Any CPU
		{7F370FB9-704B-400C-B907-F4D7B884006A}.Release|Windows-x64.ActiveCfg = Release|Any CPU
		{7F370FB9-704B-400C-B907-F4D7B884006A}.Release|Windows-x64.Build.0 = Release|Any CPU
		{7F370FB9-704B-400C-B907-F4D7B884006A}.Release|Windows-x86.ActiveCfg = Release|Any CPU
		{7F370FB9-704B-400C-B907-F4D7B884006A}.Release|Windows-x86.Build.0 = Release|Any CPU
		{7F370FB9-704B-400C-B907-F4D7B884006A}.Testing|Any CPU.ActiveCfg = Debug|Any CPU
		{7F370FB9-704B-400C-B907-F4D7B884006A}.Testing|Any CPU.Build.0 = Debug|Any CPU
		{7F370FB9-704B-400C-B907-F4D7B884006A}.Testing|DNN.ActiveCfg = Debug|Any CPU
		{7F370FB9-704B-400C-B907-F4D7B884006A}.Testing|DNN.Build.0 = Debug|Any CPU
		{7F370FB9-704B-400C-B907-F4D7B884006A}.Testing|Windows-x64.ActiveCfg = Debug|Any CPU
		{7F370FB9-704B-400C-B907-F4D7B884006A}.Testing|Windows-x64.Build.0 = Debug|Any CPU
		{7F370FB9-704B-400C-B907-F4D7B884006A}.Testing|Windows-x86.ActiveCfg = Debug|Any CPU
		{7F370FB9-704B-400C-B907-F4D7B884006A}.Testing|Windows-x86.Build.0 = Debug|Any CPU
		{67672FFA-702D-423F-906E-5E6A6D6B9EFD}.Debug|Any CPU.ActiveCfg = Debug|Any CPU
		{67672FFA-702D-423F-906E-5E6A6D6B9EFD}.Debug|Any CPU.Build.0 = Debug|Any CPU
		{67672FFA-702D-423F-906E-5E6A6D6B9EFD}.Debug|DNN.ActiveCfg = Debug|Any CPU
		{67672FFA-702D-423F-906E-5E6A6D6B9EFD}.Debug|DNN.Build.0 = Debug|Any CPU
		{67672FFA-702D-423F-906E-5E6A6D6B9EFD}.Debug|Windows-x64.ActiveCfg = Debug|Any CPU
		{67672FFA-702D-423F-906E-5E6A6D6B9EFD}.Debug|Windows-x64.Build.0 = Debug|Any CPU
		{67672FFA-702D-423F-906E-5E6A6D6B9EFD}.Debug|Windows-x86.ActiveCfg = Debug|Any CPU
		{67672FFA-702D-423F-906E-5E6A6D6B9EFD}.Debug|Windows-x86.Build.0 = Debug|Any CPU
		{67672FFA-702D-423F-906E-5E6A6D6B9EFD}.Release|Any CPU.ActiveCfg = Release|Any CPU
		{67672FFA-702D-423F-906E-5E6A6D6B9EFD}.Release|Any CPU.Build.0 = Release|Any CPU
		{67672FFA-702D-423F-906E-5E6A6D6B9EFD}.Release|DNN.ActiveCfg = Release|Any CPU
		{67672FFA-702D-423F-906E-5E6A6D6B9EFD}.Release|DNN.Build.0 = Release|Any CPU
		{67672FFA-702D-423F-906E-5E6A6D6B9EFD}.Release|Windows-x64.ActiveCfg = Release|Any CPU
		{67672FFA-702D-423F-906E-5E6A6D6B9EFD}.Release|Windows-x64.Build.0 = Release|Any CPU
		{67672FFA-702D-423F-906E-5E6A6D6B9EFD}.Release|Windows-x86.ActiveCfg = Release|Any CPU
		{67672FFA-702D-423F-906E-5E6A6D6B9EFD}.Release|Windows-x86.Build.0 = Release|Any CPU
		{67672FFA-702D-423F-906E-5E6A6D6B9EFD}.Testing|Any CPU.ActiveCfg = Debug|Any CPU
		{67672FFA-702D-423F-906E-5E6A6D6B9EFD}.Testing|Any CPU.Build.0 = Debug|Any CPU
		{67672FFA-702D-423F-906E-5E6A6D6B9EFD}.Testing|DNN.ActiveCfg = Debug|Any CPU
		{67672FFA-702D-423F-906E-5E6A6D6B9EFD}.Testing|DNN.Build.0 = Debug|Any CPU
		{67672FFA-702D-423F-906E-5E6A6D6B9EFD}.Testing|Windows-x64.ActiveCfg = Debug|Any CPU
		{67672FFA-702D-423F-906E-5E6A6D6B9EFD}.Testing|Windows-x64.Build.0 = Debug|Any CPU
		{67672FFA-702D-423F-906E-5E6A6D6B9EFD}.Testing|Windows-x86.ActiveCfg = Debug|Any CPU
		{67672FFA-702D-423F-906E-5E6A6D6B9EFD}.Testing|Windows-x86.Build.0 = Debug|Any CPU
	EndGlobalSection
	GlobalSection(SolutionProperties) = preSolution
		HideSolutionNode = FALSE
	EndGlobalSection
	GlobalSection(NestedProjects) = preSolution
		{82F94588-269B-4CDD-98D1-D5CB14C39090} = {2DBCC960-1C0B-494F-9E21-8707A1D344C3}
		{FA1B4495-6B85-400F-A5E3-0E292CCBFAE2} = {2DBCC960-1C0B-494F-9E21-8707A1D344C3}
		{0EA1085A-D15F-4254-8A79-DE811C47EBF4} = {5CD8015A-76D8-4633-8469-53B62A6C1894}
		{93149D23-E6CC-43AF-97D0-32D89D29D714} = {2DBCC960-1C0B-494F-9E21-8707A1D344C3}
		{CB322A0B-0C28-4165-87A8-7BBE78911451} = {2DBCC960-1C0B-494F-9E21-8707A1D344C3}
		{B45F98A5-BBA9-4418-A5A1-7CA747E1698B} = {2DBCC960-1C0B-494F-9E21-8707A1D344C3}
		{1253087A-070D-4BF7-B3C2-841537489910} = {2DBCC960-1C0B-494F-9E21-8707A1D344C3}
		{892F9D3B-0578-46A1-A46A-B694A7E15669} = {2DBCC960-1C0B-494F-9E21-8707A1D344C3}
		{04F3A07C-2C6C-4D87-9E8D-E2DB611B0D52} = {2DBCC960-1C0B-494F-9E21-8707A1D344C3}
		{5D87EB0C-BF67-4814-A0FF-D96256C9B852} = {5CD8015A-76D8-4633-8469-53B62A6C1894}
		{80D15F35-334B-4C7C-AF94-B0FF1E6CC354} = {5CD8015A-76D8-4633-8469-53B62A6C1894}
		{AA274DBE-9E67-4B87-9D97-4E34F1D4D75E} = {F1366AA6-6508-47E4-AE39-CB39537CA220}
		{28A58816-468A-44E0-85CA-0428F0D87E27} = {F1366AA6-6508-47E4-AE39-CB39537CA220}
		{9269847A-20A1-4F72-9E14-36BFE0323632} = {DD59EAFD-02D1-4285-B8BE-D2DD40536304}
		{ACD30ED0-0B6E-48E7-A898-CF42C93E857A} = {DD59EAFD-02D1-4285-B8BE-D2DD40536304}
		{7F370FB9-704B-400C-B907-F4D7B884006A} = {783FE270-1D23-4B43-8B17-C87C0697DBD5}
		{67672FFA-702D-423F-906E-5E6A6D6B9EFD} = {783FE270-1D23-4B43-8B17-C87C0697DBD5}
	EndGlobalSection
	GlobalSection(ExtensibilityGlobals) = postSolution
		EnterpriseLibraryConfigurationToolBinariesPath = packages\Unity.2.1.505.2\lib\NET35;packages\Unity.2.1.505.0\lib\NET35
		SolutionGuid = {705647E1-B5B1-4D94-888C-1D918095554C}
	EndGlobalSection
EndGlobal
