
Microsoft Visual Studio Solution File, Format Version 12.00
# Visual Studio Version 17
VisualStudioVersion = 17.0.31912.275
MinimumVisualStudioVersion = 10.0.40219.1
Project("{9A19103F-16F7-4668-BE54-9A1E7A4F7556}") = "ToSic.Eav.Core", "..\..\eav-server\ToSic.Eav.Core\ToSic.Eav.Core.csproj", "{82F94588-269B-4CDD-98D1-D5CB14C39090}"
EndProject
Project("{9A19103F-16F7-4668-BE54-9A1E7A4F7556}") = "ToSic.Eav.Apps", "..\..\eav-server\ToSic.Eav.Apps\ToSic.Eav.Apps.csproj", "{FA1B4495-6B85-400F-A5E3-0E292CCBFAE2}"
EndProject
Project("{9A19103F-16F7-4668-BE54-9A1E7A4F7556}") = "ToSic.Sxc.Dnn.WebApi", "Dnn\ToSic.Sxc.Dnn.WebApi\ToSic.Sxc.Dnn.WebApi.csproj", "{8398FE44-7164-48CB-96CF-74BA9C270BD2}"
EndProject
Project("{9A19103F-16F7-4668-BE54-9A1E7A4F7556}") = "ToSic.Sxc.Dnn.Razor", "Dnn\ToSic.Sxc.Dnn.Razor\ToSic.Sxc.Dnn.Razor.csproj", "{78A558AF-F274-4E3C-95FE-8DE9226E0EBC}"
EndProject
Project("{9A19103F-16F7-4668-BE54-9A1E7A4F7556}") = "ToSic.Sxc.Dnn", "Dnn\ToSic.Sxc.Dnn\ToSic.Sxc.Dnn.csproj", "{D4250011-B9BE-4326-9736-4F0122C79802}"
EndProject
Project("{FAE04EC0-301F-11D3-BF4B-00C04F79EFBC}") = "ToSic.Testing.Performance", "..\..\eav-server\ToSic.Testing.Performance\ToSic.Testing.Performance.csproj", "{6735DC37-2849-45DB-BA76-C5663B6FFB1F}"
EndProject
Project("{FAE04EC0-301F-11D3-BF4B-00C04F79EFBC}") = "ToSic.Eav.TokenEngine.Tests", "..\..\eav-server\ToSic.Eav.TokenEngine.Tests\ToSic.Eav.TokenEngine.Tests.csproj", "{EF7808DF-F67F-4E0A-A851-21358773DD25}"
EndProject
Project("{9A19103F-16F7-4668-BE54-9A1E7A4F7556}") = "ToSic.Sxc.Dnn.Core", "Dnn\ToSic.Sxc.Dnn.Core\ToSic.Sxc.Dnn.Core.csproj", "{A94DE6D7-D1E6-4BE2-B5B5-DC4A6A61CD80}"
EndProject
Project("{FAE04EC0-301F-11D3-BF4B-00C04F79EFBC}") = "ToSic.Sxc.WebApi.Tests", "Sxc.Tests\ToSic.Sxc.WebApi.Tests\ToSic.Sxc.WebApi.Tests.csproj", "{000D1ACB-7247-42CF-A86F-987A0AF68BA1}"
EndProject
Project("{9A19103F-16F7-4668-BE54-9A1E7A4F7556}") = "ToSic.Eav.DataSources", "..\..\eav-server\ToSic.Eav.DataSources\ToSic.Eav.DataSources.csproj", "{93149D23-E6CC-43AF-97D0-32D89D29D714}"
EndProject
Project("{9A19103F-16F7-4668-BE54-9A1E7A4F7556}") = "ToSic.Eav.Repository.Efc", "..\..\eav-server\ToSic.Eav.Repository.Efc\ToSic.Eav.Repository.Efc.csproj", "{CB322A0B-0C28-4165-87A8-7BBE78911451}"
EndProject
Project("{9A19103F-16F7-4668-BE54-9A1E7A4F7556}") = "ToSic.Eav.Persistence.Efc", "..\..\eav-server\ToSic.Eav.Persistence.Efc\ToSic.Eav.Persistence.Efc.csproj", "{B45F98A5-BBA9-4418-A5A1-7CA747E1698B}"
EndProject
Project("{9A19103F-16F7-4668-BE54-9A1E7A4F7556}") = "ToSic.Eav.ImportExport", "..\..\eav-server\ToSic.Eav.ImportExport\ToSic.Eav.ImportExport.csproj", "{1253087A-070D-4BF7-B3C2-841537489910}"
EndProject
Project("{9A19103F-16F7-4668-BE54-9A1E7A4F7556}") = "ToSic.Eav", "..\..\eav-server\ToSic.Eav\ToSic.Eav.csproj", "{892F9D3B-0578-46A1-A46A-B694A7E15669}"
EndProject
Project("{9A19103F-16F7-4668-BE54-9A1E7A4F7556}") = "ToSic.Eav.WebApi", "..\..\eav-server\ToSic.Eav.WebApi\ToSic.Eav.WebApi.csproj", "{04F3A07C-2C6C-4D87-9E8D-E2DB611B0D52}"
EndProject
Project("{9A19103F-16F7-4668-BE54-9A1E7A4F7556}") = "ToSic.Sxc", "Sxc\ToSic.Sxc\ToSic.Sxc.csproj", "{5D87EB0C-BF67-4814-A0FF-D96256C9B852}"
EndProject
Project("{2150E333-8FDC-42A3-9474-1A3956D46DE8}") = "Dnn", "Dnn", "{82831295-FA89-4F5A-9420-DB6E15A8AD99}"
EndProject
Project("{2150E333-8FDC-42A3-9474-1A3956D46DE8}") = "2sxc Parts", "2sxc Parts", "{5CD8015A-76D8-4633-8469-53B62A6C1894}"
EndProject
Project("{2150E333-8FDC-42A3-9474-1A3956D46DE8}") = "Eav", "Eav", "{2DBCC960-1C0B-494F-9E21-8707A1D344C3}"
EndProject
Project("{2150E333-8FDC-42A3-9474-1A3956D46DE8}") = "Eav Tests", "Eav Tests", "{6D320108-78ED-40E6-83F7-9CD423471DB3}"
EndProject
Project("{9A19103F-16F7-4668-BE54-9A1E7A4F7556}") = "ToSic.Sxc.WebApi", "Sxc\ToSic.Sxc.WebApi\ToSic.Sxc.WebApi.csproj", "{80D15F35-334B-4C7C-AF94-B0FF1E6CC354}"
EndProject
Project("{2150E333-8FDC-42A3-9474-1A3956D46DE8}") = "Mvc", "Mvc", "{F1366AA6-6508-47E4-AE39-CB39537CA220}"
EndProject
Project("{9A19103F-16F7-4668-BE54-9A1E7A4F7556}") = "ToSic.Sxc.Mvc", "Mvc\ToSic.Sxc.Mvc\ToSic.Sxc.Mvc.csproj", "{AA274DBE-9E67-4B87-9D97-4E34F1D4D75E}"
EndProject
Project("{9A19103F-16F7-4668-BE54-9A1E7A4F7556}") = "Website", "Mvc\Website\Website.csproj", "{28A58816-468A-44E0-85CA-0428F0D87E27}"
EndProject
Project("{2150E333-8FDC-42A3-9474-1A3956D46DE8}") = "Oqtane", "Oqtane", "{C2BEB114-B1DB-404D-8442-A75809059619}"
EndProject
Project("{9A19103F-16F7-4668-BE54-9A1E7A4F7556}") = "ToSic.Sxc.Oqt.Server", "Oqtane\ToSic.Sxc.Oqt.Server\ToSic.Sxc.Oqt.Server.csproj", "{8DDD9ECE-28B0-4714-AD1A-B24FEF0C6785}"
EndProject
Project("{9A19103F-16F7-4668-BE54-9A1E7A4F7556}") = "ToSic.Sxc.Oqt.Client", "Oqtane\ToSic.Sxc.Oqt.Client\ToSic.Sxc.Oqt.Client.csproj", "{5D7BC881-21DD-4123-985E-BBFFD8D683F3}"
EndProject
Project("{9A19103F-16F7-4668-BE54-9A1E7A4F7556}") = "ToSic.Sxc.Oqt.Shared", "Oqtane\ToSic.Sxc.Oqt.Shared\ToSic.Sxc.Oqt.Shared.csproj", "{4E24511B-CF81-4F93-AF8F-D41D306133E9}"
EndProject
Project("{9A19103F-16F7-4668-BE54-9A1E7A4F7556}") = "ToSic.Sxc.Oqt.Package", "Oqtane\ToSic.Sxc.Oqt.Package\ToSic.Sxc.Oqt.Package.csproj", "{8885C3AD-A7D0-4725-BF28-23C55522083E}"
EndProject
Project("{9A19103F-16F7-4668-BE54-9A1E7A4F7556}") = "Oqtane.Server", "..\..\oqtane\oqtane.framework\Oqtane.Server\Oqtane.Server.csproj", "{1F1C0F04-736D-4A4D-A324-8FCA8C373738}"
EndProject
Project("{9A19103F-16F7-4668-BE54-9A1E7A4F7556}") = "Oqtane.Shared", "..\..\oqtane\oqtane.framework\Oqtane.Shared\Oqtane.Shared.csproj", "{748C1FF5-D9A0-4F8D-A113-0D1C54791CE8}"
EndProject
Project("{9A19103F-16F7-4668-BE54-9A1E7A4F7556}") = "Oqtane.Client", "..\..\oqtane\oqtane.framework\Oqtane.Client\Oqtane.Client.csproj", "{62B0A822-C3ED-436E-A67B-8E99A7E89B24}"
EndProject
Project("{9A19103F-16F7-4668-BE54-9A1E7A4F7556}") = "ToSic.Sxc.Razor", "Razor\ToSic.Sxc.Razor\ToSic.Sxc.Razor.csproj", "{9269847A-20A1-4F72-9E14-36BFE0323632}"
EndProject
Project("{2150E333-8FDC-42A3-9474-1A3956D46DE8}") = "Razor", "Razor", "{DD59EAFD-02D1-4285-B8BE-D2DD40536304}"
EndProject
Project("{2150E333-8FDC-42A3-9474-1A3956D46DE8}") = "Integration", "Integration", "{783FE270-1D23-4B43-8B17-C87C0697DBD5}"
EndProject
Project("{9A19103F-16F7-4668-BE54-9A1E7A4F7556}") = "BasicEav01", "Integration\BasicEav01\BasicEav01.csproj", "{7F370FB9-704B-400C-B907-F4D7B884006A}"
EndProject
Project("{9A19103F-16F7-4668-BE54-9A1E7A4F7556}") = "SxcEdit01", "Integration\SxcEdit01\SxcEdit01.csproj", "{67672FFA-702D-423F-906E-5E6A6D6B9EFD}"
EndProject
Project("{2150E333-8FDC-42A3-9474-1A3956D46DE8}") = "Oqtane Tests", "Oqtane Tests", "{B13B9CB4-3835-4F0F-A812-6E5C3F9E8580}"
EndProject
Project("{9A19103F-16F7-4668-BE54-9A1E7A4F7556}") = "ToSic.Sxc.Oqt.Server.Tests", "Oqtane.Tests\ToSic.Sxc.Oqt.Server.Tests\ToSic.Sxc.Oqt.Server.Tests.csproj", "{4BCB31EB-A3F8-41A0-B8E9-FFF06CFDBBF0}"
EndProject
Project("{2150E333-8FDC-42A3-9474-1A3956D46DE8}") = "2sxc Core Tests", "2sxc Core Tests", "{E392C073-28AD-4164-B71B-B1BB4A163159}"
EndProject
Project("{2150E333-8FDC-42A3-9474-1A3956D46DE8}") = "ToSic.Sys", "ToSic.Sys", "{32E45183-6A02-41A2-A4D5-6CB58A6D39A9}"
EndProject
Project("{9A19103F-16F7-4668-BE54-9A1E7A4F7556}") = "ToSic.Sys.Core", "..\..\eav-server\ToSic.Sys.Core\ToSic.Sys.Core.csproj", "{BC93EFB1-D740-4617-9C90-D9167F9E4545}"
EndProject
Project("{2150E333-8FDC-42A3-9474-1A3956D46DE8}") = "ToSic.Sys Tests", "ToSic.Sys Tests", "{896200CD-54AF-462D-881C-0C7A43F0D6AF}"
EndProject
Project("{9A19103F-16F7-4668-BE54-9A1E7A4F7556}") = "ToSic.Sys.Core.Tests", "..\..\eav-server\ToSic.Sys.Core.Tests\ToSic.Sys.Core.Tests.csproj", "{2B1FE78B-9BB5-4B7D-9409-B2B5A3BF85A8}"
EndProject
Project("{2150E333-8FDC-42A3-9474-1A3956D46DE8}") = "Oqtane (Framework)", "Oqtane (Framework)", "{C4B25918-A3FA-49E6-8CE1-BF2A41FC4F45}"
EndProject
Project("{2150E333-8FDC-42A3-9474-1A3956D46DE8}") = "Dnn Tests", "Dnn Tests", "{213B9552-34DA-492B-ABA8-E4085C57665B}"
EndProject
Project("{2150E333-8FDC-42A3-9474-1A3956D46DE8}") = "Build", "Build", "{B39F27D8-8D23-4FE4-8007-0A744BBD0645}"
EndProject
Project("{9A19103F-16F7-4668-BE54-9A1E7A4F7556}") = "ToSic.Sxc.BuildTasks", "Build\ToSic.Sxc.BuildTasks\ToSic.Sxc.BuildTasks.csproj", "{B8DC61F4-CA64-441E-8508-206F2432AADB}"
EndProject
Project("{9A19103F-16F7-4668-BE54-9A1E7A4F7556}") = "ToSic.Sxc.Code.Generate", "Sxc\ToSic.Sxc.Code.Generate\ToSic.Sxc.Code.Generate.csproj", "{FB557EF7-8120-4B05-B250-7FA49916BBB4}"
EndProject
Project("{FAE04EC0-301F-11D3-BF4B-00C04F79EFBC}") = "ToSic.Sxc.Configuration.Tests", "Sxc.Tests\ToSic.Sxc.Configuration.Tests\ToSic.Sxc.Configuration.Tests.csproj", "{FA7585D8-CF3A-4027-BAA8-88CB08F273BB}"
EndProject
Project("{FAE04EC0-301F-11D3-BF4B-00C04F79EFBC}") = "ToSic.Eav.Core.TestsBasic", "..\..\eav-server\ToSic.Eav.Core.TestsBasic\ToSic.Eav.Core.TestsBasic.csproj", "{B02907A6-64C8-4804-B65E-E0F1E1E1BE68}"
EndProject
Project("{FAE04EC0-301F-11D3-BF4B-00C04F79EFBC}") = "ToSic.Sys.DI.Tests", "..\..\eav-server\ToSic.Sys.DI.Tests\ToSic.Sys.DI.Tests.csproj", "{1BAF0475-B349-44EC-907F-5F87E949D560}"
EndProject
Project("{FAE04EC0-301F-11D3-BF4B-00C04F79EFBC}") = "ToSic.Eav.Data.Tests", "..\..\eav-server\ToSic.Eav.Data.Tests\ToSic.Eav.Data.Tests.csproj", "{AA955C7C-5D29-4125-85E3-557D254257C5}"
EndProject
Project("{FAE04EC0-301F-11D3-BF4B-00C04F79EFBC}") = "ToSic.Eav.DataSource.TestHelpers", "..\..\eav-server\ToSic.Eav.DataSource.TestHelpers\ToSic.Eav.DataSource.TestHelpers.csproj", "{8F0F0A98-19C0-443A-9666-56F92A7B6BCE}"
EndProject
Project("{FAE04EC0-301F-11D3-BF4B-00C04F79EFBC}") = "ToSic.Eav.DataSource.Tests", "..\..\eav-server\ToSic.Eav.DataSource.Tests\ToSic.Eav.DataSource.Tests.csproj", "{15640566-0ECA-4006-A55B-FDF53EAF7549}"
EndProject
Project("{FAE04EC0-301F-11D3-BF4B-00C04F79EFBC}") = "ToSic.Eav.DataSource.DbTests", "..\..\eav-server\ToSic.Eav.DataSource.DbTests\ToSic.Eav.DataSource.DbTests.csproj", "{E221C1FB-CA6B-4B80-81BE-130F73D878AB}"
EndProject
Project("{FAE04EC0-301F-11D3-BF4B-00C04F79EFBC}") = "ToSic.Eav.Testing.FullDbFixtures", "..\..\eav-server\ToSic.Eav.Testing.FullDbFixtures\ToSic.Eav.Testing.FullDbFixtures.csproj", "{233738E3-515C-4EAD-BA80-D649BEF43255}"
EndProject
Project("{FAE04EC0-301F-11D3-BF4B-00C04F79EFBC}") = "ToSic.Eav.Core.TestHelpers", "..\..\eav-server\ToSic.Eav.Core.TestHelpers\ToSic.Eav.Core.TestHelpers.csproj", "{F62B6E09-D2AD-2612-3005-0B117312B8FC}"
EndProject
Project("{FAE04EC0-301F-11D3-BF4B-00C04F79EFBC}") = "ToSic.Eav.StartupTests", "..\..\eav-server\ToSic.Eav.StartupTests\ToSic.Eav.StartupTests.csproj", "{8FA5D0CF-619F-4B2A-9BA7-0124B2C5F325}"
EndProject
Project("{FAE04EC0-301F-11D3-BF4B-00C04F79EFBC}") = "ToSic.Eav.Persistence.Efc.Tests", "..\..\eav-server\ToSic.Eav.Persistence.Efc.Tests\ToSic.Eav.Persistence.Efc.Tests.csproj", "{DA2CF8DA-BD16-825E-CA43-EF69F2CBE95F}"
EndProject
Project("{FAE04EC0-301F-11D3-BF4B-00C04F79EFBC}") = "ToSic.Eav.Repository.Efc.Tests", "..\..\eav-server\ToSic.Eav.Repository.Efc.Tests\ToSic.Eav.Repository.Efc.Tests.csproj", "{DBF7E808-4DB5-67DB-2D6B-A044BE3D81F1}"
EndProject
Project("{FAE04EC0-301F-11D3-BF4B-00C04F79EFBC}") = "ToSic.Eav.Apps.TestHelpers", "..\..\eav-server\ToSic.Eav.Apps.TestsHelpers\ToSic.Eav.Apps.TestHelpers.csproj", "{3D8DDAE5-E025-4917-8570-6B428A520B7D}"
EndProject
Project("{FAE04EC0-301F-11D3-BF4B-00C04F79EFBC}") = "ToSic.Eav.Apps.Tests", "..\..\eav-server\ToSic.Eav.Apps.Tests\ToSic.Eav.Apps.Tests.csproj", "{F2582791-2A07-0F5F-836F-AA977F7A4169}"
EndProject
Project("{FAE04EC0-301F-11D3-BF4B-00C04F79EFBC}") = "ToSic.Eav.ImportExport.Tests", "..\..\eav-server\ToSic.Eav.ImportExport.Tests\ToSic.Eav.ImportExport.Tests.csproj", "{DBD36AC0-D874-25CC-4618-2A848D5E6584}"
EndProject
Project("{FAE04EC0-301F-11D3-BF4B-00C04F79EFBC}") = "ToSic.Sxc.UnitTests", "ToSic.Sxc.UnitTests\ToSic.Sxc.UnitTests.csproj", "{FADFD319-E7D1-4C6A-BBE3-D511C93EE516}"
EndProject
Project("{FAE04EC0-301F-11D3-BF4B-00C04F79EFBC}") = "ToSic.Sxc.SystemTests", "ToSic.Sxc.SystemTests\ToSic.Sxc.SystemTests.csproj", "{4A0AD4EA-C425-4420-B02C-51252B597530}"
EndProject
Project("{FAE04EC0-301F-11D3-BF4B-00C04F79EFBC}") = "ToSic.Sxc.Dnn.SystemTests", "Dnn.Tests\ToSic.Sxc.Dnn.SystemTests\ToSic.Sxc.Dnn.SystemTests.csproj", "{5CC076B6-F193-4954-8287-0B3DD547BB8C}"
EndProject
Project("{FAE04EC0-301F-11D3-BF4B-00C04F79EFBC}") = "ToSic.Sxc.Core.TestHelpers", "ToSic.Sxc.Core.TestHelpers\ToSic.Sxc.Core.TestHelpers.csproj", "{899E876F-8461-42C0-8FC9-43B8F99E1673}"
EndProject
Project("{FAE04EC0-301F-11D3-BF4B-00C04F79EFBC}") = "ToSic.Sxc.Oqt.Shared.Tests", "Oqtane.Tests\ToSic.Sxc.Oqt.Shared.Tests\ToSic.Sxc.Oqt.Shared.Tests.csproj", "{BE3193C4-61CC-479B-8B0E-604F22B7AFBC}"
EndProject
Project("{FAE04EC0-301F-11D3-BF4B-00C04F79EFBC}") = "ToSic.Sys.Utils", "..\..\eav-server\ToSic.Sys.Utils\ToSic.Sys.Utils.csproj", "{00E352CC-021D-4D44-8B64-D2574CABD949}"
EndProject
Project("{FAE04EC0-301F-11D3-BF4B-00C04F79EFBC}") = "ToSic.Sys.Code", "..\..\eav-server\ToSic.Sys.Code\ToSic.Sys.Code.csproj", "{918D4D29-AF04-47E6-8354-FA26B7CD50D1}"
EndProject
Project("{FAE04EC0-301F-11D3-BF4B-00C04F79EFBC}") = "ToSic.Sys.Features", "..\..\eav-server\ToSic.Sys.Features\ToSic.Sys.Features.csproj", "{21B6CF7B-9960-4565-A12C-410F87299621}"
EndProject
Project("{FAE04EC0-301F-11D3-BF4B-00C04F79EFBC}") = "ToSic.Sys.Features.Tests", "..\..\eav-server\ToSic.Sys.Features.Tests\ToSic.Sys.Features.Tests.csproj", "{B6FCFFF3-2832-4BEB-BB00-134F8F28B7F8}"
EndProject
Project("{FAE04EC0-301F-11D3-BF4B-00C04F79EFBC}") = "ToSic.Sys.Caching", "..\..\eav-server\ToSic.Sys.Caching\ToSic.Sys.Caching.csproj", "{F0B3DAEE-647E-4394-8493-B4436C988DA4}"
EndProject
Project("{FAE04EC0-301F-11D3-BF4B-00C04F79EFBC}") = "ToSic.Lib.LookUp", "..\..\eav-server\ToSic.Lib.LookUp\ToSic.Lib.LookUp.csproj", "{1BB3C427-3D35-40AA-8D7B-5E7043A639A2}"
EndProject
Project("{2150E333-8FDC-42A3-9474-1A3956D46DE8}") = "ToSic.Lib", "ToSic.Lib", "{02EA681E-C7D8-13C7-8484-4AC65E1B71E8}"
EndProject
Project("{FAE04EC0-301F-11D3-BF4B-00C04F79EFBC}") = "ToSic.Eav.Data.Persistence", "..\..\eav-server\ToSic.Eav.Data.Persistence\ToSic.Eav.Data.Persistence.csproj", "{7F4F52EB-C9D8-4D80-BA3C-5C69C3531B73}"
EndProject
Project("{FAE04EC0-301F-11D3-BF4B-00C04F79EFBC}") = "ToSic.Sys.Security", "..\..\eav-server\ToSic.Sys.Security\ToSic.Sys.Security.csproj", "{D61F1F78-5B21-4123-9F95-6EF74BFD349B}"
EndProject
Project("{FAE04EC0-301F-11D3-BF4B-00C04F79EFBC}") = "ToSic.Eav.Data.Build", "..\..\eav-server\ToSic.Eav.Data.Build\ToSic.Eav.Data.Build.csproj", "{1A6E3BED-07A4-4FE7-868E-FDD322584559}"
EndProject
Project("{FAE04EC0-301F-11D3-BF4B-00C04F79EFBC}") = "ToSic.Eav.Data.BuildTests", "..\..\eav-server\ToSic.Eav.Data.BuildTests\ToSic.Eav.Data.BuildTests.csproj", "{67B8056E-542E-4236-B3C6-E5E2E97A7256}"
EndProject
Project("{FAE04EC0-301F-11D3-BF4B-00C04F79EFBC}") = "ToSic.Lib.Imports", "..\..\eav-server\ToSic.Lib.Imports\ToSic.Lib.Imports.csproj", "{A72F1D56-0967-4065-A4C8-C52F11D96B17}"
EndProject
Project("{FAE04EC0-301F-11D3-BF4B-00C04F79EFBC}") = "ToSic.Sxc.Custom", "Sxc\ToSic.Sxc.Custom\ToSic.Sxc.Custom.csproj", "{E36C050F-0B20-D6DB-E59D-04E16BF967A2}"
EndProject
Project("{FAE04EC0-301F-11D3-BF4B-00C04F79EFBC}") = "ToSic.Sxc.Code", "Sxc\ToSic.Sxc.Code\ToSic.Sxc.Code.csproj", "{7723AE83-8207-4689-94BC-FA3E6473C851}"
EndProject
Project("{FAE04EC0-301F-11D3-BF4B-00C04F79EFBC}") = "ToSic.Sxc.Code.HotBuild", "Sxc\ToSic.Sxc.Code.HotBuild\ToSic.Sxc.Code.HotBuild.csproj", "{ED7E1D31-1124-4A9E-9FB2-FBCDA7928BA8}"
EndProject
Project("{FAE04EC0-301F-11D3-BF4B-00C04F79EFBC}") = "ToSic.Sxc.Services", "Sxc\ToSic.Sxc.Services\ToSic.Sxc.Services.csproj", "{079C92D4-F250-4343-ACF0-4EBE567B0CBE}"
EndProject
Project("{FAE04EC0-301F-11D3-BF4B-00C04F79EFBC}") = "ToSic.Sxc.Images", "Sxc\ToSic.Sxc.Images\ToSic.Sxc.Images.csproj", "{DA6E8814-3D50-485C-8687-ECD1C8D143A9}"
EndProject
Project("{FAE04EC0-301F-11D3-BF4B-00C04F79EFBC}") = "ToSic.Sxc.Engines", "Sxc\ToSic.Sxc.Engines\ToSic.Sxc.Engines.csproj", "{238BADBB-E464-4865-A16B-89273C63193B}"
EndProject
Project("{FAE04EC0-301F-11D3-BF4B-00C04F79EFBC}") = "ToSic.Sxc.Blocks", "Sxc\ToSic.Sxc.Blocks\ToSic.Sxc.Blocks.csproj", "{ACA628BE-DD0B-41BE-B964-47DA6B1C8C36}"
EndProject
Project("{FAE04EC0-301F-11D3-BF4B-00C04F79EFBC}") = "ToSic.Sxc.Cms", "Sxc\ToSic.Sxc.Cms\ToSic.Sxc.Cms.csproj", "{0938A266-FF63-459A-AFE7-FAFC3D0E4818}"
EndProject
Project("{FAE04EC0-301F-11D3-BF4B-00C04F79EFBC}") = "ToSic.Sxc.Edit", "Sxc\ToSic.Sxc.Edit\ToSic.Sxc.Edit.csproj", "{5A485FF9-6DD9-4C3D-AB3F-41F0BA864853}"
EndProject
Project("{FAE04EC0-301F-11D3-BF4B-00C04F79EFBC}") = "ToSic.Sxc.LightSpeed", "Sxc\ToSic.Sxc.LightSpeed\ToSic.Sxc.LightSpeed.csproj", "{C8EFA3F1-A420-053C-3DF2-0E19B4781ECD}"
EndProject
Project("{FAE04EC0-301F-11D3-BF4B-00C04F79EFBC}") = "ToSic.Sxc.Web", "Sxc\ToSic.Sxc.Web\ToSic.Sxc.Web.csproj", "{1755959F-9267-7500-91F3-72E0477F0532}"
EndProject
Project("{2150E333-8FDC-42A3-9474-1A3956D46DE8}") = "2sxc Core", "2sxc Core", "{94A758E0-FE77-4E90-8ACF-75DDDC6224B5}"
EndProject
Project("{2150E333-8FDC-42A3-9474-1A3956D46DE8}") = "2sxc Parts Tests", "2sxc Parts Tests", "{717061B4-B843-4619-8B96-E8767D57B06F}"
EndProject
Project("{FAE04EC0-301F-11D3-BF4B-00C04F79EFBC}") = "ToSic.Sxc.Apps", "Sxc\ToSic.Sxc.Apps\ToSic.Sxc.Apps.csproj", "{06706A1F-6B97-5773-2786-48045DD25A9A}"
EndProject
Global
	GlobalSection(SolutionConfigurationPlatforms) = preSolution
		Debug|Any CPU = Debug|Any CPU
		Release|Any CPU = Release|Any CPU
		Testing|Any CPU = Testing|Any CPU
	EndGlobalSection
	GlobalSection(ProjectConfigurationPlatforms) = postSolution
		{82F94588-269B-4CDD-98D1-D5CB14C39090}.Debug|Any CPU.ActiveCfg = Debug|Any CPU
		{82F94588-269B-4CDD-98D1-D5CB14C39090}.Debug|Any CPU.Build.0 = Debug|Any CPU
		{82F94588-269B-4CDD-98D1-D5CB14C39090}.Release|Any CPU.ActiveCfg = Release|Any CPU
		{82F94588-269B-4CDD-98D1-D5CB14C39090}.Release|Any CPU.Build.0 = Release|Any CPU
		{82F94588-269B-4CDD-98D1-D5CB14C39090}.Testing|Any CPU.ActiveCfg = Debug|Any CPU
		{82F94588-269B-4CDD-98D1-D5CB14C39090}.Testing|Any CPU.Build.0 = Debug|Any CPU
		{FA1B4495-6B85-400F-A5E3-0E292CCBFAE2}.Debug|Any CPU.ActiveCfg = Debug|Any CPU
		{FA1B4495-6B85-400F-A5E3-0E292CCBFAE2}.Debug|Any CPU.Build.0 = Debug|Any CPU
		{FA1B4495-6B85-400F-A5E3-0E292CCBFAE2}.Release|Any CPU.ActiveCfg = Release|Any CPU
		{FA1B4495-6B85-400F-A5E3-0E292CCBFAE2}.Release|Any CPU.Build.0 = Release|Any CPU
		{FA1B4495-6B85-400F-A5E3-0E292CCBFAE2}.Testing|Any CPU.ActiveCfg = Debug|Any CPU
		{FA1B4495-6B85-400F-A5E3-0E292CCBFAE2}.Testing|Any CPU.Build.0 = Debug|Any CPU
		{8398FE44-7164-48CB-96CF-74BA9C270BD2}.Debug|Any CPU.ActiveCfg = Debug|Any CPU
		{8398FE44-7164-48CB-96CF-74BA9C270BD2}.Debug|Any CPU.Build.0 = Debug|Any CPU
		{8398FE44-7164-48CB-96CF-74BA9C270BD2}.Release|Any CPU.ActiveCfg = Release|Any CPU
		{8398FE44-7164-48CB-96CF-74BA9C270BD2}.Release|Any CPU.Build.0 = Release|Any CPU
		{8398FE44-7164-48CB-96CF-74BA9C270BD2}.Testing|Any CPU.ActiveCfg = Debug|Any CPU
		{8398FE44-7164-48CB-96CF-74BA9C270BD2}.Testing|Any CPU.Build.0 = Debug|Any CPU
		{78A558AF-F274-4E3C-95FE-8DE9226E0EBC}.Debug|Any CPU.ActiveCfg = Debug|Any CPU
		{78A558AF-F274-4E3C-95FE-8DE9226E0EBC}.Debug|Any CPU.Build.0 = Debug|Any CPU
		{78A558AF-F274-4E3C-95FE-8DE9226E0EBC}.Release|Any CPU.ActiveCfg = Release|Any CPU
		{78A558AF-F274-4E3C-95FE-8DE9226E0EBC}.Release|Any CPU.Build.0 = Release|Any CPU
		{78A558AF-F274-4E3C-95FE-8DE9226E0EBC}.Testing|Any CPU.ActiveCfg = Debug|Any CPU
		{78A558AF-F274-4E3C-95FE-8DE9226E0EBC}.Testing|Any CPU.Build.0 = Debug|Any CPU
		{D4250011-B9BE-4326-9736-4F0122C79802}.Debug|Any CPU.ActiveCfg = Debug|Any CPU
		{D4250011-B9BE-4326-9736-4F0122C79802}.Debug|Any CPU.Build.0 = Debug|Any CPU
		{D4250011-B9BE-4326-9736-4F0122C79802}.Release|Any CPU.ActiveCfg = Release|Any CPU
		{D4250011-B9BE-4326-9736-4F0122C79802}.Release|Any CPU.Build.0 = Release|Any CPU
		{D4250011-B9BE-4326-9736-4F0122C79802}.Testing|Any CPU.ActiveCfg = Debug|Any CPU
		{D4250011-B9BE-4326-9736-4F0122C79802}.Testing|Any CPU.Build.0 = Debug|Any CPU
		{6735DC37-2849-45DB-BA76-C5663B6FFB1F}.Debug|Any CPU.ActiveCfg = Debug|Any CPU
		{6735DC37-2849-45DB-BA76-C5663B6FFB1F}.Release|Any CPU.ActiveCfg = Release|Any CPU
		{6735DC37-2849-45DB-BA76-C5663B6FFB1F}.Testing|Any CPU.ActiveCfg = Debug|Any CPU
		{EF7808DF-F67F-4E0A-A851-21358773DD25}.Debug|Any CPU.ActiveCfg = Debug|Any CPU
		{EF7808DF-F67F-4E0A-A851-21358773DD25}.Release|Any CPU.ActiveCfg = Release|Any CPU
		{EF7808DF-F67F-4E0A-A851-21358773DD25}.Testing|Any CPU.ActiveCfg = Debug|Any CPU
		{EF7808DF-F67F-4E0A-A851-21358773DD25}.Testing|Any CPU.Build.0 = Debug|Any CPU
		{A94DE6D7-D1E6-4BE2-B5B5-DC4A6A61CD80}.Debug|Any CPU.ActiveCfg = Debug|Any CPU
		{A94DE6D7-D1E6-4BE2-B5B5-DC4A6A61CD80}.Debug|Any CPU.Build.0 = Debug|Any CPU
		{A94DE6D7-D1E6-4BE2-B5B5-DC4A6A61CD80}.Release|Any CPU.ActiveCfg = Release|Any CPU
		{A94DE6D7-D1E6-4BE2-B5B5-DC4A6A61CD80}.Release|Any CPU.Build.0 = Release|Any CPU
		{A94DE6D7-D1E6-4BE2-B5B5-DC4A6A61CD80}.Testing|Any CPU.ActiveCfg = Debug|Any CPU
		{A94DE6D7-D1E6-4BE2-B5B5-DC4A6A61CD80}.Testing|Any CPU.Build.0 = Debug|Any CPU
		{000D1ACB-7247-42CF-A86F-987A0AF68BA1}.Debug|Any CPU.ActiveCfg = Debug|Any CPU
		{000D1ACB-7247-42CF-A86F-987A0AF68BA1}.Release|Any CPU.ActiveCfg = Release|Any CPU
		{000D1ACB-7247-42CF-A86F-987A0AF68BA1}.Testing|Any CPU.ActiveCfg = Debug|Any CPU
		{000D1ACB-7247-42CF-A86F-987A0AF68BA1}.Testing|Any CPU.Build.0 = Debug|Any CPU
		{93149D23-E6CC-43AF-97D0-32D89D29D714}.Debug|Any CPU.ActiveCfg = Debug|Any CPU
		{93149D23-E6CC-43AF-97D0-32D89D29D714}.Debug|Any CPU.Build.0 = Debug|Any CPU
		{93149D23-E6CC-43AF-97D0-32D89D29D714}.Release|Any CPU.ActiveCfg = Release|Any CPU
		{93149D23-E6CC-43AF-97D0-32D89D29D714}.Release|Any CPU.Build.0 = Release|Any CPU
		{93149D23-E6CC-43AF-97D0-32D89D29D714}.Testing|Any CPU.ActiveCfg = Debug|Any CPU
		{93149D23-E6CC-43AF-97D0-32D89D29D714}.Testing|Any CPU.Build.0 = Debug|Any CPU
		{CB322A0B-0C28-4165-87A8-7BBE78911451}.Debug|Any CPU.ActiveCfg = Debug|Any CPU
		{CB322A0B-0C28-4165-87A8-7BBE78911451}.Debug|Any CPU.Build.0 = Debug|Any CPU
		{CB322A0B-0C28-4165-87A8-7BBE78911451}.Release|Any CPU.ActiveCfg = Release|Any CPU
		{CB322A0B-0C28-4165-87A8-7BBE78911451}.Release|Any CPU.Build.0 = Release|Any CPU
		{CB322A0B-0C28-4165-87A8-7BBE78911451}.Testing|Any CPU.ActiveCfg = Debug|Any CPU
		{CB322A0B-0C28-4165-87A8-7BBE78911451}.Testing|Any CPU.Build.0 = Debug|Any CPU
		{B45F98A5-BBA9-4418-A5A1-7CA747E1698B}.Debug|Any CPU.ActiveCfg = Debug|Any CPU
		{B45F98A5-BBA9-4418-A5A1-7CA747E1698B}.Debug|Any CPU.Build.0 = Debug|Any CPU
		{B45F98A5-BBA9-4418-A5A1-7CA747E1698B}.Release|Any CPU.ActiveCfg = Release|Any CPU
		{B45F98A5-BBA9-4418-A5A1-7CA747E1698B}.Release|Any CPU.Build.0 = Release|Any CPU
		{B45F98A5-BBA9-4418-A5A1-7CA747E1698B}.Testing|Any CPU.ActiveCfg = Debug|Any CPU
		{B45F98A5-BBA9-4418-A5A1-7CA747E1698B}.Testing|Any CPU.Build.0 = Debug|Any CPU
		{1253087A-070D-4BF7-B3C2-841537489910}.Debug|Any CPU.ActiveCfg = Debug|Any CPU
		{1253087A-070D-4BF7-B3C2-841537489910}.Debug|Any CPU.Build.0 = Debug|Any CPU
		{1253087A-070D-4BF7-B3C2-841537489910}.Release|Any CPU.ActiveCfg = Release|Any CPU
		{1253087A-070D-4BF7-B3C2-841537489910}.Release|Any CPU.Build.0 = Release|Any CPU
		{1253087A-070D-4BF7-B3C2-841537489910}.Testing|Any CPU.ActiveCfg = Debug|Any CPU
		{1253087A-070D-4BF7-B3C2-841537489910}.Testing|Any CPU.Build.0 = Debug|Any CPU
		{892F9D3B-0578-46A1-A46A-B694A7E15669}.Debug|Any CPU.ActiveCfg = Debug|Any CPU
		{892F9D3B-0578-46A1-A46A-B694A7E15669}.Debug|Any CPU.Build.0 = Debug|Any CPU
		{892F9D3B-0578-46A1-A46A-B694A7E15669}.Release|Any CPU.ActiveCfg = Release|Any CPU
		{892F9D3B-0578-46A1-A46A-B694A7E15669}.Release|Any CPU.Build.0 = Release|Any CPU
		{892F9D3B-0578-46A1-A46A-B694A7E15669}.Testing|Any CPU.ActiveCfg = Debug|Any CPU
		{892F9D3B-0578-46A1-A46A-B694A7E15669}.Testing|Any CPU.Build.0 = Debug|Any CPU
		{04F3A07C-2C6C-4D87-9E8D-E2DB611B0D52}.Debug|Any CPU.ActiveCfg = Debug|Any CPU
		{04F3A07C-2C6C-4D87-9E8D-E2DB611B0D52}.Debug|Any CPU.Build.0 = Debug|Any CPU
		{04F3A07C-2C6C-4D87-9E8D-E2DB611B0D52}.Release|Any CPU.ActiveCfg = Release|Any CPU
		{04F3A07C-2C6C-4D87-9E8D-E2DB611B0D52}.Release|Any CPU.Build.0 = Release|Any CPU
		{04F3A07C-2C6C-4D87-9E8D-E2DB611B0D52}.Testing|Any CPU.ActiveCfg = Debug|Any CPU
		{04F3A07C-2C6C-4D87-9E8D-E2DB611B0D52}.Testing|Any CPU.Build.0 = Debug|Any CPU
		{5D87EB0C-BF67-4814-A0FF-D96256C9B852}.Debug|Any CPU.ActiveCfg = Debug|Any CPU
		{5D87EB0C-BF67-4814-A0FF-D96256C9B852}.Debug|Any CPU.Build.0 = Debug|Any CPU
		{5D87EB0C-BF67-4814-A0FF-D96256C9B852}.Release|Any CPU.ActiveCfg = Release|Any CPU
		{5D87EB0C-BF67-4814-A0FF-D96256C9B852}.Release|Any CPU.Build.0 = Release|Any CPU
		{5D87EB0C-BF67-4814-A0FF-D96256C9B852}.Testing|Any CPU.ActiveCfg = Debug|Any CPU
		{5D87EB0C-BF67-4814-A0FF-D96256C9B852}.Testing|Any CPU.Build.0 = Debug|Any CPU
		{80D15F35-334B-4C7C-AF94-B0FF1E6CC354}.Debug|Any CPU.ActiveCfg = Debug|Any CPU
		{80D15F35-334B-4C7C-AF94-B0FF1E6CC354}.Debug|Any CPU.Build.0 = Debug|Any CPU
		{80D15F35-334B-4C7C-AF94-B0FF1E6CC354}.Release|Any CPU.ActiveCfg = Release|Any CPU
		{80D15F35-334B-4C7C-AF94-B0FF1E6CC354}.Release|Any CPU.Build.0 = Release|Any CPU
		{80D15F35-334B-4C7C-AF94-B0FF1E6CC354}.Testing|Any CPU.ActiveCfg = Debug|Any CPU
		{80D15F35-334B-4C7C-AF94-B0FF1E6CC354}.Testing|Any CPU.Build.0 = Debug|Any CPU
		{AA274DBE-9E67-4B87-9D97-4E34F1D4D75E}.Debug|Any CPU.ActiveCfg = Debug|Any CPU
		{AA274DBE-9E67-4B87-9D97-4E34F1D4D75E}.Release|Any CPU.ActiveCfg = Release|Any CPU
		{AA274DBE-9E67-4B87-9D97-4E34F1D4D75E}.Release|Any CPU.Build.0 = Release|Any CPU
		{AA274DBE-9E67-4B87-9D97-4E34F1D4D75E}.Testing|Any CPU.ActiveCfg = Debug|Any CPU
		{28A58816-468A-44E0-85CA-0428F0D87E27}.Debug|Any CPU.ActiveCfg = Debug|Any CPU
		{28A58816-468A-44E0-85CA-0428F0D87E27}.Release|Any CPU.ActiveCfg = Release|Any CPU
		{28A58816-468A-44E0-85CA-0428F0D87E27}.Testing|Any CPU.ActiveCfg = Debug|Any CPU
		{8DDD9ECE-28B0-4714-AD1A-B24FEF0C6785}.Debug|Any CPU.ActiveCfg = Debug|Any CPU
		{8DDD9ECE-28B0-4714-AD1A-B24FEF0C6785}.Debug|Any CPU.Build.0 = Debug|Any CPU
		{8DDD9ECE-28B0-4714-AD1A-B24FEF0C6785}.Release|Any CPU.ActiveCfg = Release|Any CPU
		{8DDD9ECE-28B0-4714-AD1A-B24FEF0C6785}.Release|Any CPU.Build.0 = Release|Any CPU
		{8DDD9ECE-28B0-4714-AD1A-B24FEF0C6785}.Testing|Any CPU.ActiveCfg = Debug|Any CPU
		{8DDD9ECE-28B0-4714-AD1A-B24FEF0C6785}.Testing|Any CPU.Build.0 = Debug|Any CPU
		{5D7BC881-21DD-4123-985E-BBFFD8D683F3}.Debug|Any CPU.ActiveCfg = Debug|Any CPU
		{5D7BC881-21DD-4123-985E-BBFFD8D683F3}.Debug|Any CPU.Build.0 = Debug|Any CPU
		{5D7BC881-21DD-4123-985E-BBFFD8D683F3}.Release|Any CPU.ActiveCfg = Release|Any CPU
		{5D7BC881-21DD-4123-985E-BBFFD8D683F3}.Release|Any CPU.Build.0 = Release|Any CPU
		{5D7BC881-21DD-4123-985E-BBFFD8D683F3}.Testing|Any CPU.ActiveCfg = Debug|Any CPU
		{5D7BC881-21DD-4123-985E-BBFFD8D683F3}.Testing|Any CPU.Build.0 = Debug|Any CPU
		{4E24511B-CF81-4F93-AF8F-D41D306133E9}.Debug|Any CPU.ActiveCfg = Debug|Any CPU
		{4E24511B-CF81-4F93-AF8F-D41D306133E9}.Debug|Any CPU.Build.0 = Debug|Any CPU
		{4E24511B-CF81-4F93-AF8F-D41D306133E9}.Release|Any CPU.ActiveCfg = Release|Any CPU
		{4E24511B-CF81-4F93-AF8F-D41D306133E9}.Release|Any CPU.Build.0 = Release|Any CPU
		{4E24511B-CF81-4F93-AF8F-D41D306133E9}.Testing|Any CPU.ActiveCfg = Debug|Any CPU
		{4E24511B-CF81-4F93-AF8F-D41D306133E9}.Testing|Any CPU.Build.0 = Debug|Any CPU
		{8885C3AD-A7D0-4725-BF28-23C55522083E}.Debug|Any CPU.ActiveCfg = Debug|Any CPU
		{8885C3AD-A7D0-4725-BF28-23C55522083E}.Debug|Any CPU.Build.0 = Debug|Any CPU
		{8885C3AD-A7D0-4725-BF28-23C55522083E}.Release|Any CPU.ActiveCfg = Release|Any CPU
		{8885C3AD-A7D0-4725-BF28-23C55522083E}.Release|Any CPU.Build.0 = Release|Any CPU
		{8885C3AD-A7D0-4725-BF28-23C55522083E}.Testing|Any CPU.ActiveCfg = Debug|Any CPU
		{1F1C0F04-736D-4A4D-A324-8FCA8C373738}.Debug|Any CPU.ActiveCfg = Debug|Any CPU
		{1F1C0F04-736D-4A4D-A324-8FCA8C373738}.Release|Any CPU.ActiveCfg = Release|Any CPU
		{1F1C0F04-736D-4A4D-A324-8FCA8C373738}.Testing|Any CPU.ActiveCfg = Debug|Any CPU
		{748C1FF5-D9A0-4F8D-A113-0D1C54791CE8}.Debug|Any CPU.ActiveCfg = Debug|Any CPU
		{748C1FF5-D9A0-4F8D-A113-0D1C54791CE8}.Release|Any CPU.ActiveCfg = Release|Any CPU
		{748C1FF5-D9A0-4F8D-A113-0D1C54791CE8}.Testing|Any CPU.ActiveCfg = Debug|Any CPU
		{62B0A822-C3ED-436E-A67B-8E99A7E89B24}.Debug|Any CPU.ActiveCfg = Debug|Any CPU
		{62B0A822-C3ED-436E-A67B-8E99A7E89B24}.Release|Any CPU.ActiveCfg = Release|Any CPU
		{62B0A822-C3ED-436E-A67B-8E99A7E89B24}.Testing|Any CPU.ActiveCfg = Debug|Any CPU
		{9269847A-20A1-4F72-9E14-36BFE0323632}.Debug|Any CPU.ActiveCfg = Debug|Any CPU
		{9269847A-20A1-4F72-9E14-36BFE0323632}.Debug|Any CPU.Build.0 = Debug|Any CPU
		{9269847A-20A1-4F72-9E14-36BFE0323632}.Release|Any CPU.ActiveCfg = Release|Any CPU
		{9269847A-20A1-4F72-9E14-36BFE0323632}.Release|Any CPU.Build.0 = Release|Any CPU
		{9269847A-20A1-4F72-9E14-36BFE0323632}.Testing|Any CPU.ActiveCfg = Debug|Any CPU
		{9269847A-20A1-4F72-9E14-36BFE0323632}.Testing|Any CPU.Build.0 = Debug|Any CPU
		{7F370FB9-704B-400C-B907-F4D7B884006A}.Debug|Any CPU.ActiveCfg = Debug|Any CPU
		{7F370FB9-704B-400C-B907-F4D7B884006A}.Release|Any CPU.ActiveCfg = Release|Any CPU
		{7F370FB9-704B-400C-B907-F4D7B884006A}.Testing|Any CPU.ActiveCfg = Debug|Any CPU
		{67672FFA-702D-423F-906E-5E6A6D6B9EFD}.Debug|Any CPU.ActiveCfg = Debug|Any CPU
		{67672FFA-702D-423F-906E-5E6A6D6B9EFD}.Release|Any CPU.ActiveCfg = Release|Any CPU
		{67672FFA-702D-423F-906E-5E6A6D6B9EFD}.Testing|Any CPU.ActiveCfg = Debug|Any CPU
		{4BCB31EB-A3F8-41A0-B8E9-FFF06CFDBBF0}.Debug|Any CPU.ActiveCfg = Debug|Any CPU
		{4BCB31EB-A3F8-41A0-B8E9-FFF06CFDBBF0}.Release|Any CPU.ActiveCfg = Release|Any CPU
		{4BCB31EB-A3F8-41A0-B8E9-FFF06CFDBBF0}.Testing|Any CPU.ActiveCfg = Debug|Any CPU
		{4BCB31EB-A3F8-41A0-B8E9-FFF06CFDBBF0}.Testing|Any CPU.Build.0 = Debug|Any CPU
		{BC93EFB1-D740-4617-9C90-D9167F9E4545}.Debug|Any CPU.ActiveCfg = Debug|Any CPU
		{BC93EFB1-D740-4617-9C90-D9167F9E4545}.Debug|Any CPU.Build.0 = Debug|Any CPU
		{BC93EFB1-D740-4617-9C90-D9167F9E4545}.Release|Any CPU.ActiveCfg = Release|Any CPU
		{BC93EFB1-D740-4617-9C90-D9167F9E4545}.Release|Any CPU.Build.0 = Release|Any CPU
		{BC93EFB1-D740-4617-9C90-D9167F9E4545}.Testing|Any CPU.ActiveCfg = Debug|Any CPU
		{BC93EFB1-D740-4617-9C90-D9167F9E4545}.Testing|Any CPU.Build.0 = Debug|Any CPU
		{2B1FE78B-9BB5-4B7D-9409-B2B5A3BF85A8}.Debug|Any CPU.ActiveCfg = Debug|Any CPU
		{2B1FE78B-9BB5-4B7D-9409-B2B5A3BF85A8}.Release|Any CPU.ActiveCfg = Release|Any CPU
		{2B1FE78B-9BB5-4B7D-9409-B2B5A3BF85A8}.Testing|Any CPU.ActiveCfg = Debug|Any CPU
		{2B1FE78B-9BB5-4B7D-9409-B2B5A3BF85A8}.Testing|Any CPU.Build.0 = Debug|Any CPU
		{B8DC61F4-CA64-441E-8508-206F2432AADB}.Debug|Any CPU.ActiveCfg = Debug|Any CPU
		{B8DC61F4-CA64-441E-8508-206F2432AADB}.Release|Any CPU.ActiveCfg = Release|Any CPU
		{B8DC61F4-CA64-441E-8508-206F2432AADB}.Testing|Any CPU.ActiveCfg = Debug|Any CPU
		{FB557EF7-8120-4B05-B250-7FA49916BBB4}.Debug|Any CPU.ActiveCfg = Debug|Any CPU
		{FB557EF7-8120-4B05-B250-7FA49916BBB4}.Debug|Any CPU.Build.0 = Debug|Any CPU
		{FB557EF7-8120-4B05-B250-7FA49916BBB4}.Release|Any CPU.ActiveCfg = Release|Any CPU
		{FB557EF7-8120-4B05-B250-7FA49916BBB4}.Release|Any CPU.Build.0 = Release|Any CPU
		{FB557EF7-8120-4B05-B250-7FA49916BBB4}.Testing|Any CPU.ActiveCfg = Debug|Any CPU
		{FB557EF7-8120-4B05-B250-7FA49916BBB4}.Testing|Any CPU.Build.0 = Debug|Any CPU
		{FA7585D8-CF3A-4027-BAA8-88CB08F273BB}.Debug|Any CPU.ActiveCfg = Debug|Any CPU
		{FA7585D8-CF3A-4027-BAA8-88CB08F273BB}.Release|Any CPU.ActiveCfg = Release|Any CPU
		{FA7585D8-CF3A-4027-BAA8-88CB08F273BB}.Testing|Any CPU.ActiveCfg = Debug|Any CPU
		{FA7585D8-CF3A-4027-BAA8-88CB08F273BB}.Testing|Any CPU.Build.0 = Debug|Any CPU
		{B02907A6-64C8-4804-B65E-E0F1E1E1BE68}.Debug|Any CPU.ActiveCfg = Debug|Any CPU
		{B02907A6-64C8-4804-B65E-E0F1E1E1BE68}.Release|Any CPU.ActiveCfg = Release|Any CPU
		{B02907A6-64C8-4804-B65E-E0F1E1E1BE68}.Testing|Any CPU.ActiveCfg = Debug|Any CPU
		{B02907A6-64C8-4804-B65E-E0F1E1E1BE68}.Testing|Any CPU.Build.0 = Debug|Any CPU
		{1BAF0475-B349-44EC-907F-5F87E949D560}.Debug|Any CPU.ActiveCfg = Debug|Any CPU
		{1BAF0475-B349-44EC-907F-5F87E949D560}.Release|Any CPU.ActiveCfg = Release|Any CPU
		{1BAF0475-B349-44EC-907F-5F87E949D560}.Testing|Any CPU.ActiveCfg = Debug|Any CPU
		{1BAF0475-B349-44EC-907F-5F87E949D560}.Testing|Any CPU.Build.0 = Debug|Any CPU
		{AA955C7C-5D29-4125-85E3-557D254257C5}.Debug|Any CPU.ActiveCfg = Debug|Any CPU
		{AA955C7C-5D29-4125-85E3-557D254257C5}.Release|Any CPU.ActiveCfg = Release|Any CPU
		{AA955C7C-5D29-4125-85E3-557D254257C5}.Testing|Any CPU.ActiveCfg = Debug|Any CPU
		{AA955C7C-5D29-4125-85E3-557D254257C5}.Testing|Any CPU.Build.0 = Debug|Any CPU
		{8F0F0A98-19C0-443A-9666-56F92A7B6BCE}.Debug|Any CPU.ActiveCfg = Debug|Any CPU
		{8F0F0A98-19C0-443A-9666-56F92A7B6BCE}.Release|Any CPU.ActiveCfg = Release|Any CPU
		{8F0F0A98-19C0-443A-9666-56F92A7B6BCE}.Testing|Any CPU.ActiveCfg = Debug|Any CPU
		{8F0F0A98-19C0-443A-9666-56F92A7B6BCE}.Testing|Any CPU.Build.0 = Debug|Any CPU
		{15640566-0ECA-4006-A55B-FDF53EAF7549}.Debug|Any CPU.ActiveCfg = Debug|Any CPU
		{15640566-0ECA-4006-A55B-FDF53EAF7549}.Release|Any CPU.ActiveCfg = Release|Any CPU
		{15640566-0ECA-4006-A55B-FDF53EAF7549}.Testing|Any CPU.ActiveCfg = Debug|Any CPU
		{15640566-0ECA-4006-A55B-FDF53EAF7549}.Testing|Any CPU.Build.0 = Debug|Any CPU
		{E221C1FB-CA6B-4B80-81BE-130F73D878AB}.Debug|Any CPU.ActiveCfg = Debug|Any CPU
		{E221C1FB-CA6B-4B80-81BE-130F73D878AB}.Release|Any CPU.ActiveCfg = Release|Any CPU
		{E221C1FB-CA6B-4B80-81BE-130F73D878AB}.Testing|Any CPU.ActiveCfg = Debug|Any CPU
		{E221C1FB-CA6B-4B80-81BE-130F73D878AB}.Testing|Any CPU.Build.0 = Debug|Any CPU
		{233738E3-515C-4EAD-BA80-D649BEF43255}.Debug|Any CPU.ActiveCfg = Debug|Any CPU
		{233738E3-515C-4EAD-BA80-D649BEF43255}.Release|Any CPU.ActiveCfg = Release|Any CPU
		{233738E3-515C-4EAD-BA80-D649BEF43255}.Testing|Any CPU.ActiveCfg = Debug|Any CPU
		{233738E3-515C-4EAD-BA80-D649BEF43255}.Testing|Any CPU.Build.0 = Debug|Any CPU
		{F62B6E09-D2AD-2612-3005-0B117312B8FC}.Debug|Any CPU.ActiveCfg = Debug|Any CPU
		{F62B6E09-D2AD-2612-3005-0B117312B8FC}.Release|Any CPU.ActiveCfg = Release|Any CPU
		{F62B6E09-D2AD-2612-3005-0B117312B8FC}.Testing|Any CPU.ActiveCfg = Debug|Any CPU
		{F62B6E09-D2AD-2612-3005-0B117312B8FC}.Testing|Any CPU.Build.0 = Debug|Any CPU
		{8FA5D0CF-619F-4B2A-9BA7-0124B2C5F325}.Debug|Any CPU.ActiveCfg = Debug|Any CPU
		{8FA5D0CF-619F-4B2A-9BA7-0124B2C5F325}.Release|Any CPU.ActiveCfg = Release|Any CPU
		{8FA5D0CF-619F-4B2A-9BA7-0124B2C5F325}.Testing|Any CPU.ActiveCfg = Debug|Any CPU
		{8FA5D0CF-619F-4B2A-9BA7-0124B2C5F325}.Testing|Any CPU.Build.0 = Debug|Any CPU
		{DA2CF8DA-BD16-825E-CA43-EF69F2CBE95F}.Debug|Any CPU.ActiveCfg = Debug|Any CPU
		{DA2CF8DA-BD16-825E-CA43-EF69F2CBE95F}.Release|Any CPU.ActiveCfg = Release|Any CPU
		{DA2CF8DA-BD16-825E-CA43-EF69F2CBE95F}.Testing|Any CPU.ActiveCfg = Debug|Any CPU
		{DA2CF8DA-BD16-825E-CA43-EF69F2CBE95F}.Testing|Any CPU.Build.0 = Debug|Any CPU
		{DBF7E808-4DB5-67DB-2D6B-A044BE3D81F1}.Debug|Any CPU.ActiveCfg = Debug|Any CPU
		{DBF7E808-4DB5-67DB-2D6B-A044BE3D81F1}.Release|Any CPU.ActiveCfg = Release|Any CPU
		{DBF7E808-4DB5-67DB-2D6B-A044BE3D81F1}.Testing|Any CPU.ActiveCfg = Debug|Any CPU
		{DBF7E808-4DB5-67DB-2D6B-A044BE3D81F1}.Testing|Any CPU.Build.0 = Debug|Any CPU
		{3D8DDAE5-E025-4917-8570-6B428A520B7D}.Debug|Any CPU.ActiveCfg = Debug|Any CPU
		{3D8DDAE5-E025-4917-8570-6B428A520B7D}.Release|Any CPU.ActiveCfg = Release|Any CPU
		{3D8DDAE5-E025-4917-8570-6B428A520B7D}.Testing|Any CPU.ActiveCfg = Debug|Any CPU
		{3D8DDAE5-E025-4917-8570-6B428A520B7D}.Testing|Any CPU.Build.0 = Debug|Any CPU
		{F2582791-2A07-0F5F-836F-AA977F7A4169}.Debug|Any CPU.ActiveCfg = Debug|Any CPU
		{F2582791-2A07-0F5F-836F-AA977F7A4169}.Release|Any CPU.ActiveCfg = Release|Any CPU
		{F2582791-2A07-0F5F-836F-AA977F7A4169}.Testing|Any CPU.ActiveCfg = Debug|Any CPU
		{F2582791-2A07-0F5F-836F-AA977F7A4169}.Testing|Any CPU.Build.0 = Debug|Any CPU
		{DBD36AC0-D874-25CC-4618-2A848D5E6584}.Debug|Any CPU.ActiveCfg = Debug|Any CPU
		{DBD36AC0-D874-25CC-4618-2A848D5E6584}.Release|Any CPU.ActiveCfg = Release|Any CPU
		{DBD36AC0-D874-25CC-4618-2A848D5E6584}.Testing|Any CPU.ActiveCfg = Debug|Any CPU
		{DBD36AC0-D874-25CC-4618-2A848D5E6584}.Testing|Any CPU.Build.0 = Debug|Any CPU
		{FADFD319-E7D1-4C6A-BBE3-D511C93EE516}.Debug|Any CPU.ActiveCfg = Debug|Any CPU
		{FADFD319-E7D1-4C6A-BBE3-D511C93EE516}.Release|Any CPU.ActiveCfg = Release|Any CPU
		{FADFD319-E7D1-4C6A-BBE3-D511C93EE516}.Testing|Any CPU.ActiveCfg = Debug|Any CPU
		{FADFD319-E7D1-4C6A-BBE3-D511C93EE516}.Testing|Any CPU.Build.0 = Debug|Any CPU
		{4A0AD4EA-C425-4420-B02C-51252B597530}.Debug|Any CPU.ActiveCfg = Debug|Any CPU
		{4A0AD4EA-C425-4420-B02C-51252B597530}.Release|Any CPU.ActiveCfg = Release|Any CPU
		{4A0AD4EA-C425-4420-B02C-51252B597530}.Testing|Any CPU.ActiveCfg = Debug|Any CPU
		{4A0AD4EA-C425-4420-B02C-51252B597530}.Testing|Any CPU.Build.0 = Debug|Any CPU
		{5CC076B6-F193-4954-8287-0B3DD547BB8C}.Debug|Any CPU.ActiveCfg = Debug|Any CPU
		{5CC076B6-F193-4954-8287-0B3DD547BB8C}.Release|Any CPU.ActiveCfg = Release|Any CPU
		{5CC076B6-F193-4954-8287-0B3DD547BB8C}.Testing|Any CPU.ActiveCfg = Debug|Any CPU
		{5CC076B6-F193-4954-8287-0B3DD547BB8C}.Testing|Any CPU.Build.0 = Debug|Any CPU
		{899E876F-8461-42C0-8FC9-43B8F99E1673}.Debug|Any CPU.ActiveCfg = Debug|Any CPU
		{899E876F-8461-42C0-8FC9-43B8F99E1673}.Release|Any CPU.ActiveCfg = Release|Any CPU
		{899E876F-8461-42C0-8FC9-43B8F99E1673}.Testing|Any CPU.ActiveCfg = Debug|Any CPU
		{899E876F-8461-42C0-8FC9-43B8F99E1673}.Testing|Any CPU.Build.0 = Debug|Any CPU
		{BE3193C4-61CC-479B-8B0E-604F22B7AFBC}.Debug|Any CPU.ActiveCfg = Debug|Any CPU
		{BE3193C4-61CC-479B-8B0E-604F22B7AFBC}.Release|Any CPU.ActiveCfg = Release|Any CPU
		{BE3193C4-61CC-479B-8B0E-604F22B7AFBC}.Testing|Any CPU.ActiveCfg = Debug|Any CPU
		{BE3193C4-61CC-479B-8B0E-604F22B7AFBC}.Testing|Any CPU.Build.0 = Debug|Any CPU
		{00E352CC-021D-4D44-8B64-D2574CABD949}.Debug|Any CPU.ActiveCfg = Debug|Any CPU
		{00E352CC-021D-4D44-8B64-D2574CABD949}.Debug|Any CPU.Build.0 = Debug|Any CPU
		{00E352CC-021D-4D44-8B64-D2574CABD949}.Release|Any CPU.ActiveCfg = Release|Any CPU
		{00E352CC-021D-4D44-8B64-D2574CABD949}.Release|Any CPU.Build.0 = Release|Any CPU
		{00E352CC-021D-4D44-8B64-D2574CABD949}.Testing|Any CPU.ActiveCfg = Debug|Any CPU
		{00E352CC-021D-4D44-8B64-D2574CABD949}.Testing|Any CPU.Build.0 = Debug|Any CPU
		{918D4D29-AF04-47E6-8354-FA26B7CD50D1}.Debug|Any CPU.ActiveCfg = Debug|Any CPU
		{918D4D29-AF04-47E6-8354-FA26B7CD50D1}.Debug|Any CPU.Build.0 = Debug|Any CPU
		{918D4D29-AF04-47E6-8354-FA26B7CD50D1}.Release|Any CPU.ActiveCfg = Release|Any CPU
		{918D4D29-AF04-47E6-8354-FA26B7CD50D1}.Release|Any CPU.Build.0 = Release|Any CPU
		{918D4D29-AF04-47E6-8354-FA26B7CD50D1}.Testing|Any CPU.ActiveCfg = Debug|Any CPU
		{918D4D29-AF04-47E6-8354-FA26B7CD50D1}.Testing|Any CPU.Build.0 = Debug|Any CPU
		{21B6CF7B-9960-4565-A12C-410F87299621}.Debug|Any CPU.ActiveCfg = Debug|Any CPU
		{21B6CF7B-9960-4565-A12C-410F87299621}.Debug|Any CPU.Build.0 = Debug|Any CPU
		{21B6CF7B-9960-4565-A12C-410F87299621}.Release|Any CPU.ActiveCfg = Release|Any CPU
		{21B6CF7B-9960-4565-A12C-410F87299621}.Release|Any CPU.Build.0 = Release|Any CPU
		{21B6CF7B-9960-4565-A12C-410F87299621}.Testing|Any CPU.ActiveCfg = Debug|Any CPU
		{21B6CF7B-9960-4565-A12C-410F87299621}.Testing|Any CPU.Build.0 = Debug|Any CPU
		{B6FCFFF3-2832-4BEB-BB00-134F8F28B7F8}.Debug|Any CPU.ActiveCfg = Debug|Any CPU
		{B6FCFFF3-2832-4BEB-BB00-134F8F28B7F8}.Release|Any CPU.ActiveCfg = Release|Any CPU
		{B6FCFFF3-2832-4BEB-BB00-134F8F28B7F8}.Testing|Any CPU.ActiveCfg = Debug|Any CPU
		{B6FCFFF3-2832-4BEB-BB00-134F8F28B7F8}.Testing|Any CPU.Build.0 = Debug|Any CPU
		{F0B3DAEE-647E-4394-8493-B4436C988DA4}.Debug|Any CPU.ActiveCfg = Debug|Any CPU
		{F0B3DAEE-647E-4394-8493-B4436C988DA4}.Debug|Any CPU.Build.0 = Debug|Any CPU
		{F0B3DAEE-647E-4394-8493-B4436C988DA4}.Release|Any CPU.ActiveCfg = Release|Any CPU
		{F0B3DAEE-647E-4394-8493-B4436C988DA4}.Release|Any CPU.Build.0 = Release|Any CPU
		{F0B3DAEE-647E-4394-8493-B4436C988DA4}.Testing|Any CPU.ActiveCfg = Debug|Any CPU
		{F0B3DAEE-647E-4394-8493-B4436C988DA4}.Testing|Any CPU.Build.0 = Debug|Any CPU
		{1BB3C427-3D35-40AA-8D7B-5E7043A639A2}.Debug|Any CPU.ActiveCfg = Debug|Any CPU
		{1BB3C427-3D35-40AA-8D7B-5E7043A639A2}.Debug|Any CPU.Build.0 = Debug|Any CPU
		{1BB3C427-3D35-40AA-8D7B-5E7043A639A2}.Release|Any CPU.ActiveCfg = Release|Any CPU
		{1BB3C427-3D35-40AA-8D7B-5E7043A639A2}.Release|Any CPU.Build.0 = Release|Any CPU
		{1BB3C427-3D35-40AA-8D7B-5E7043A639A2}.Testing|Any CPU.ActiveCfg = Debug|Any CPU
		{1BB3C427-3D35-40AA-8D7B-5E7043A639A2}.Testing|Any CPU.Build.0 = Debug|Any CPU
		{7F4F52EB-C9D8-4D80-BA3C-5C69C3531B73}.Debug|Any CPU.ActiveCfg = Debug|Any CPU
		{7F4F52EB-C9D8-4D80-BA3C-5C69C3531B73}.Debug|Any CPU.Build.0 = Debug|Any CPU
		{7F4F52EB-C9D8-4D80-BA3C-5C69C3531B73}.Release|Any CPU.ActiveCfg = Release|Any CPU
		{7F4F52EB-C9D8-4D80-BA3C-5C69C3531B73}.Release|Any CPU.Build.0 = Release|Any CPU
		{7F4F52EB-C9D8-4D80-BA3C-5C69C3531B73}.Testing|Any CPU.ActiveCfg = Debug|Any CPU
		{7F4F52EB-C9D8-4D80-BA3C-5C69C3531B73}.Testing|Any CPU.Build.0 = Debug|Any CPU
		{D61F1F78-5B21-4123-9F95-6EF74BFD349B}.Debug|Any CPU.ActiveCfg = Debug|Any CPU
		{D61F1F78-5B21-4123-9F95-6EF74BFD349B}.Debug|Any CPU.Build.0 = Debug|Any CPU
		{D61F1F78-5B21-4123-9F95-6EF74BFD349B}.Release|Any CPU.ActiveCfg = Release|Any CPU
		{D61F1F78-5B21-4123-9F95-6EF74BFD349B}.Release|Any CPU.Build.0 = Release|Any CPU
		{D61F1F78-5B21-4123-9F95-6EF74BFD349B}.Testing|Any CPU.ActiveCfg = Debug|Any CPU
		{D61F1F78-5B21-4123-9F95-6EF74BFD349B}.Testing|Any CPU.Build.0 = Debug|Any CPU
		{1A6E3BED-07A4-4FE7-868E-FDD322584559}.Debug|Any CPU.ActiveCfg = Debug|Any CPU
		{1A6E3BED-07A4-4FE7-868E-FDD322584559}.Debug|Any CPU.Build.0 = Debug|Any CPU
		{1A6E3BED-07A4-4FE7-868E-FDD322584559}.Release|Any CPU.ActiveCfg = Release|Any CPU
		{1A6E3BED-07A4-4FE7-868E-FDD322584559}.Release|Any CPU.Build.0 = Release|Any CPU
		{1A6E3BED-07A4-4FE7-868E-FDD322584559}.Testing|Any CPU.ActiveCfg = Debug|Any CPU
		{1A6E3BED-07A4-4FE7-868E-FDD322584559}.Testing|Any CPU.Build.0 = Debug|Any CPU
		{67B8056E-542E-4236-B3C6-E5E2E97A7256}.Debug|Any CPU.ActiveCfg = Debug|Any CPU
		{67B8056E-542E-4236-B3C6-E5E2E97A7256}.Debug|Any CPU.Build.0 = Debug|Any CPU
		{67B8056E-542E-4236-B3C6-E5E2E97A7256}.Release|Any CPU.ActiveCfg = Release|Any CPU
		{67B8056E-542E-4236-B3C6-E5E2E97A7256}.Testing|Any CPU.ActiveCfg = Debug|Any CPU
		{67B8056E-542E-4236-B3C6-E5E2E97A7256}.Testing|Any CPU.Build.0 = Debug|Any CPU
		{A72F1D56-0967-4065-A4C8-C52F11D96B17}.Debug|Any CPU.ActiveCfg = Debug|Any CPU
		{A72F1D56-0967-4065-A4C8-C52F11D96B17}.Release|Any CPU.ActiveCfg = Release|Any CPU
		{A72F1D56-0967-4065-A4C8-C52F11D96B17}.Testing|Any CPU.ActiveCfg = Debug|Any CPU
		{A72F1D56-0967-4065-A4C8-C52F11D96B17}.Testing|Any CPU.Build.0 = Debug|Any CPU
		{E36C050F-0B20-D6DB-E59D-04E16BF967A2}.Debug|Any CPU.ActiveCfg = Debug|Any CPU
		{E36C050F-0B20-D6DB-E59D-04E16BF967A2}.Debug|Any CPU.Build.0 = Debug|Any CPU
		{E36C050F-0B20-D6DB-E59D-04E16BF967A2}.Release|Any CPU.ActiveCfg = Release|Any CPU
		{E36C050F-0B20-D6DB-E59D-04E16BF967A2}.Release|Any CPU.Build.0 = Release|Any CPU
		{E36C050F-0B20-D6DB-E59D-04E16BF967A2}.Testing|Any CPU.ActiveCfg = Debug|Any CPU
		{E36C050F-0B20-D6DB-E59D-04E16BF967A2}.Testing|Any CPU.Build.0 = Debug|Any CPU
		{7723AE83-8207-4689-94BC-FA3E6473C851}.Debug|Any CPU.ActiveCfg = Debug|Any CPU
		{7723AE83-8207-4689-94BC-FA3E6473C851}.Debug|Any CPU.Build.0 = Debug|Any CPU
		{7723AE83-8207-4689-94BC-FA3E6473C851}.Release|Any CPU.ActiveCfg = Release|Any CPU
		{7723AE83-8207-4689-94BC-FA3E6473C851}.Release|Any CPU.Build.0 = Release|Any CPU
		{7723AE83-8207-4689-94BC-FA3E6473C851}.Testing|Any CPU.ActiveCfg = Debug|Any CPU
		{7723AE83-8207-4689-94BC-FA3E6473C851}.Testing|Any CPU.Build.0 = Debug|Any CPU
		{ED7E1D31-1124-4A9E-9FB2-FBCDA7928BA8}.Debug|Any CPU.ActiveCfg = Debug|Any CPU
		{ED7E1D31-1124-4A9E-9FB2-FBCDA7928BA8}.Debug|Any CPU.Build.0 = Debug|Any CPU
		{ED7E1D31-1124-4A9E-9FB2-FBCDA7928BA8}.Release|Any CPU.ActiveCfg = Release|Any CPU
		{ED7E1D31-1124-4A9E-9FB2-FBCDA7928BA8}.Release|Any CPU.Build.0 = Release|Any CPU
		{ED7E1D31-1124-4A9E-9FB2-FBCDA7928BA8}.Testing|Any CPU.ActiveCfg = Debug|Any CPU
		{ED7E1D31-1124-4A9E-9FB2-FBCDA7928BA8}.Testing|Any CPU.Build.0 = Debug|Any CPU
		{079C92D4-F250-4343-ACF0-4EBE567B0CBE}.Debug|Any CPU.ActiveCfg = Debug|Any CPU
		{079C92D4-F250-4343-ACF0-4EBE567B0CBE}.Debug|Any CPU.Build.0 = Debug|Any CPU
		{079C92D4-F250-4343-ACF0-4EBE567B0CBE}.Release|Any CPU.ActiveCfg = Release|Any CPU
		{079C92D4-F250-4343-ACF0-4EBE567B0CBE}.Release|Any CPU.Build.0 = Release|Any CPU
		{079C92D4-F250-4343-ACF0-4EBE567B0CBE}.Testing|Any CPU.ActiveCfg = Debug|Any CPU
		{079C92D4-F250-4343-ACF0-4EBE567B0CBE}.Testing|Any CPU.Build.0 = Debug|Any CPU
		{DA6E8814-3D50-485C-8687-ECD1C8D143A9}.Debug|Any CPU.ActiveCfg = Debug|Any CPU
		{DA6E8814-3D50-485C-8687-ECD1C8D143A9}.Debug|Any CPU.Build.0 = Debug|Any CPU
		{DA6E8814-3D50-485C-8687-ECD1C8D143A9}.Release|Any CPU.ActiveCfg = Release|Any CPU
		{DA6E8814-3D50-485C-8687-ECD1C8D143A9}.Release|Any CPU.Build.0 = Release|Any CPU
		{DA6E8814-3D50-485C-8687-ECD1C8D143A9}.Testing|Any CPU.ActiveCfg = Debug|Any CPU
		{DA6E8814-3D50-485C-8687-ECD1C8D143A9}.Testing|Any CPU.Build.0 = Debug|Any CPU
		{238BADBB-E464-4865-A16B-89273C63193B}.Debug|Any CPU.ActiveCfg = Debug|Any CPU
		{238BADBB-E464-4865-A16B-89273C63193B}.Debug|Any CPU.Build.0 = Debug|Any CPU
		{238BADBB-E464-4865-A16B-89273C63193B}.Release|Any CPU.ActiveCfg = Release|Any CPU
		{238BADBB-E464-4865-A16B-89273C63193B}.Release|Any CPU.Build.0 = Release|Any CPU
		{238BADBB-E464-4865-A16B-89273C63193B}.Testing|Any CPU.ActiveCfg = Debug|Any CPU
		{238BADBB-E464-4865-A16B-89273C63193B}.Testing|Any CPU.Build.0 = Debug|Any CPU
		{ACA628BE-DD0B-41BE-B964-47DA6B1C8C36}.Debug|Any CPU.ActiveCfg = Debug|Any CPU
		{ACA628BE-DD0B-41BE-B964-47DA6B1C8C36}.Debug|Any CPU.Build.0 = Debug|Any CPU
		{ACA628BE-DD0B-41BE-B964-47DA6B1C8C36}.Release|Any CPU.ActiveCfg = Release|Any CPU
		{ACA628BE-DD0B-41BE-B964-47DA6B1C8C36}.Release|Any CPU.Build.0 = Release|Any CPU
		{ACA628BE-DD0B-41BE-B964-47DA6B1C8C36}.Testing|Any CPU.ActiveCfg = Debug|Any CPU
		{ACA628BE-DD0B-41BE-B964-47DA6B1C8C36}.Testing|Any CPU.Build.0 = Debug|Any CPU
		{0938A266-FF63-459A-AFE7-FAFC3D0E4818}.Debug|Any CPU.ActiveCfg = Debug|Any CPU
		{0938A266-FF63-459A-AFE7-FAFC3D0E4818}.Debug|Any CPU.Build.0 = Debug|Any CPU
		{0938A266-FF63-459A-AFE7-FAFC3D0E4818}.Release|Any CPU.ActiveCfg = Release|Any CPU
		{0938A266-FF63-459A-AFE7-FAFC3D0E4818}.Release|Any CPU.Build.0 = Release|Any CPU
		{0938A266-FF63-459A-AFE7-FAFC3D0E4818}.Testing|Any CPU.ActiveCfg = Debug|Any CPU
		{0938A266-FF63-459A-AFE7-FAFC3D0E4818}.Testing|Any CPU.Build.0 = Debug|Any CPU
		{5A485FF9-6DD9-4C3D-AB3F-41F0BA864853}.Debug|Any CPU.ActiveCfg = Debug|Any CPU
		{5A485FF9-6DD9-4C3D-AB3F-41F0BA864853}.Debug|Any CPU.Build.0 = Debug|Any CPU
		{5A485FF9-6DD9-4C3D-AB3F-41F0BA864853}.Release|Any CPU.ActiveCfg = Release|Any CPU
		{5A485FF9-6DD9-4C3D-AB3F-41F0BA864853}.Release|Any CPU.Build.0 = Release|Any CPU
		{5A485FF9-6DD9-4C3D-AB3F-41F0BA864853}.Testing|Any CPU.ActiveCfg = Debug|Any CPU
		{5A485FF9-6DD9-4C3D-AB3F-41F0BA864853}.Testing|Any CPU.Build.0 = Debug|Any CPU
		{C8EFA3F1-A420-053C-3DF2-0E19B4781ECD}.Debug|Any CPU.ActiveCfg = Debug|Any CPU
		{C8EFA3F1-A420-053C-3DF2-0E19B4781ECD}.Debug|Any CPU.Build.0 = Debug|Any CPU
		{C8EFA3F1-A420-053C-3DF2-0E19B4781ECD}.Release|Any CPU.ActiveCfg = Release|Any CPU
		{C8EFA3F1-A420-053C-3DF2-0E19B4781ECD}.Release|Any CPU.Build.0 = Release|Any CPU
		{C8EFA3F1-A420-053C-3DF2-0E19B4781ECD}.Testing|Any CPU.ActiveCfg = Debug|Any CPU
		{C8EFA3F1-A420-053C-3DF2-0E19B4781ECD}.Testing|Any CPU.Build.0 = Debug|Any CPU
		{1755959F-9267-7500-91F3-72E0477F0532}.Debug|Any CPU.ActiveCfg = Debug|Any CPU
		{1755959F-9267-7500-91F3-72E0477F0532}.Debug|Any CPU.Build.0 = Debug|Any CPU
		{1755959F-9267-7500-91F3-72E0477F0532}.Release|Any CPU.ActiveCfg = Release|Any CPU
		{1755959F-9267-7500-91F3-72E0477F0532}.Release|Any CPU.Build.0 = Release|Any CPU
		{1755959F-9267-7500-91F3-72E0477F0532}.Testing|Any CPU.ActiveCfg = Debug|Any CPU
		{1755959F-9267-7500-91F3-72E0477F0532}.Testing|Any CPU.Build.0 = Debug|Any CPU
		{06706A1F-6B97-5773-2786-48045DD25A9A}.Debug|Any CPU.ActiveCfg = Debug|Any CPU
		{06706A1F-6B97-5773-2786-48045DD25A9A}.Debug|Any CPU.Build.0 = Debug|Any CPU
		{06706A1F-6B97-5773-2786-48045DD25A9A}.Release|Any CPU.ActiveCfg = Release|Any CPU
		{06706A1F-6B97-5773-2786-48045DD25A9A}.Release|Any CPU.Build.0 = Release|Any CPU
		{06706A1F-6B97-5773-2786-48045DD25A9A}.Testing|Any CPU.ActiveCfg = Debug|Any CPU
		{06706A1F-6B97-5773-2786-48045DD25A9A}.Testing|Any CPU.Build.0 = Debug|Any CPU
	EndGlobalSection
	GlobalSection(SolutionProperties) = preSolution
		HideSolutionNode = FALSE
	EndGlobalSection
	GlobalSection(NestedProjects) = preSolution
		{82F94588-269B-4CDD-98D1-D5CB14C39090} = {2DBCC960-1C0B-494F-9E21-8707A1D344C3}
		{FA1B4495-6B85-400F-A5E3-0E292CCBFAE2} = {2DBCC960-1C0B-494F-9E21-8707A1D344C3}
		{8398FE44-7164-48CB-96CF-74BA9C270BD2} = {82831295-FA89-4F5A-9420-DB6E15A8AD99}
		{78A558AF-F274-4E3C-95FE-8DE9226E0EBC} = {82831295-FA89-4F5A-9420-DB6E15A8AD99}
		{D4250011-B9BE-4326-9736-4F0122C79802} = {82831295-FA89-4F5A-9420-DB6E15A8AD99}
		{6735DC37-2849-45DB-BA76-C5663B6FFB1F} = {6D320108-78ED-40E6-83F7-9CD423471DB3}
		{EF7808DF-F67F-4E0A-A851-21358773DD25} = {6D320108-78ED-40E6-83F7-9CD423471DB3}
		{A94DE6D7-D1E6-4BE2-B5B5-DC4A6A61CD80} = {82831295-FA89-4F5A-9420-DB6E15A8AD99}
		{000D1ACB-7247-42CF-A86F-987A0AF68BA1} = {E392C073-28AD-4164-B71B-B1BB4A163159}
		{93149D23-E6CC-43AF-97D0-32D89D29D714} = {2DBCC960-1C0B-494F-9E21-8707A1D344C3}
		{CB322A0B-0C28-4165-87A8-7BBE78911451} = {2DBCC960-1C0B-494F-9E21-8707A1D344C3}
		{B45F98A5-BBA9-4418-A5A1-7CA747E1698B} = {2DBCC960-1C0B-494F-9E21-8707A1D344C3}
		{1253087A-070D-4BF7-B3C2-841537489910} = {2DBCC960-1C0B-494F-9E21-8707A1D344C3}
		{892F9D3B-0578-46A1-A46A-B694A7E15669} = {2DBCC960-1C0B-494F-9E21-8707A1D344C3}
		{04F3A07C-2C6C-4D87-9E8D-E2DB611B0D52} = {2DBCC960-1C0B-494F-9E21-8707A1D344C3}
		{5D87EB0C-BF67-4814-A0FF-D96256C9B852} = {94A758E0-FE77-4E90-8ACF-75DDDC6224B5}
		{80D15F35-334B-4C7C-AF94-B0FF1E6CC354} = {5CD8015A-76D8-4633-8469-53B62A6C1894}
		{AA274DBE-9E67-4B87-9D97-4E34F1D4D75E} = {F1366AA6-6508-47E4-AE39-CB39537CA220}
		{28A58816-468A-44E0-85CA-0428F0D87E27} = {F1366AA6-6508-47E4-AE39-CB39537CA220}
		{8DDD9ECE-28B0-4714-AD1A-B24FEF0C6785} = {C2BEB114-B1DB-404D-8442-A75809059619}
		{5D7BC881-21DD-4123-985E-BBFFD8D683F3} = {C2BEB114-B1DB-404D-8442-A75809059619}
		{4E24511B-CF81-4F93-AF8F-D41D306133E9} = {C2BEB114-B1DB-404D-8442-A75809059619}
		{8885C3AD-A7D0-4725-BF28-23C55522083E} = {C2BEB114-B1DB-404D-8442-A75809059619}
		{1F1C0F04-736D-4A4D-A324-8FCA8C373738} = {C4B25918-A3FA-49E6-8CE1-BF2A41FC4F45}
		{748C1FF5-D9A0-4F8D-A113-0D1C54791CE8} = {C4B25918-A3FA-49E6-8CE1-BF2A41FC4F45}
		{62B0A822-C3ED-436E-A67B-8E99A7E89B24} = {C4B25918-A3FA-49E6-8CE1-BF2A41FC4F45}
		{9269847A-20A1-4F72-9E14-36BFE0323632} = {DD59EAFD-02D1-4285-B8BE-D2DD40536304}
		{7F370FB9-704B-400C-B907-F4D7B884006A} = {783FE270-1D23-4B43-8B17-C87C0697DBD5}
		{67672FFA-702D-423F-906E-5E6A6D6B9EFD} = {783FE270-1D23-4B43-8B17-C87C0697DBD5}
		{4BCB31EB-A3F8-41A0-B8E9-FFF06CFDBBF0} = {B13B9CB4-3835-4F0F-A812-6E5C3F9E8580}
		{BC93EFB1-D740-4617-9C90-D9167F9E4545} = {32E45183-6A02-41A2-A4D5-6CB58A6D39A9}
		{2B1FE78B-9BB5-4B7D-9409-B2B5A3BF85A8} = {896200CD-54AF-462D-881C-0C7A43F0D6AF}
		{B8DC61F4-CA64-441E-8508-206F2432AADB} = {B39F27D8-8D23-4FE4-8007-0A744BBD0645}
		{FB557EF7-8120-4B05-B250-7FA49916BBB4} = {5CD8015A-76D8-4633-8469-53B62A6C1894}
		{FA7585D8-CF3A-4027-BAA8-88CB08F273BB} = {E392C073-28AD-4164-B71B-B1BB4A163159}
		{B02907A6-64C8-4804-B65E-E0F1E1E1BE68} = {6D320108-78ED-40E6-83F7-9CD423471DB3}
		{1BAF0475-B349-44EC-907F-5F87E949D560} = {896200CD-54AF-462D-881C-0C7A43F0D6AF}
		{AA955C7C-5D29-4125-85E3-557D254257C5} = {6D320108-78ED-40E6-83F7-9CD423471DB3}
		{8F0F0A98-19C0-443A-9666-56F92A7B6BCE} = {6D320108-78ED-40E6-83F7-9CD423471DB3}
		{15640566-0ECA-4006-A55B-FDF53EAF7549} = {6D320108-78ED-40E6-83F7-9CD423471DB3}
		{E221C1FB-CA6B-4B80-81BE-130F73D878AB} = {6D320108-78ED-40E6-83F7-9CD423471DB3}
		{233738E3-515C-4EAD-BA80-D649BEF43255} = {6D320108-78ED-40E6-83F7-9CD423471DB3}
		{F62B6E09-D2AD-2612-3005-0B117312B8FC} = {6D320108-78ED-40E6-83F7-9CD423471DB3}
		{8FA5D0CF-619F-4B2A-9BA7-0124B2C5F325} = {6D320108-78ED-40E6-83F7-9CD423471DB3}
		{DA2CF8DA-BD16-825E-CA43-EF69F2CBE95F} = {6D320108-78ED-40E6-83F7-9CD423471DB3}
		{DBF7E808-4DB5-67DB-2D6B-A044BE3D81F1} = {6D320108-78ED-40E6-83F7-9CD423471DB3}
		{3D8DDAE5-E025-4917-8570-6B428A520B7D} = {6D320108-78ED-40E6-83F7-9CD423471DB3}
		{F2582791-2A07-0F5F-836F-AA977F7A4169} = {6D320108-78ED-40E6-83F7-9CD423471DB3}
		{DBD36AC0-D874-25CC-4618-2A848D5E6584} = {6D320108-78ED-40E6-83F7-9CD423471DB3}
		{FADFD319-E7D1-4C6A-BBE3-D511C93EE516} = {E392C073-28AD-4164-B71B-B1BB4A163159}
		{4A0AD4EA-C425-4420-B02C-51252B597530} = {E392C073-28AD-4164-B71B-B1BB4A163159}
		{5CC076B6-F193-4954-8287-0B3DD547BB8C} = {213B9552-34DA-492B-ABA8-E4085C57665B}
		{899E876F-8461-42C0-8FC9-43B8F99E1673} = {E392C073-28AD-4164-B71B-B1BB4A163159}
		{BE3193C4-61CC-479B-8B0E-604F22B7AFBC} = {B13B9CB4-3835-4F0F-A812-6E5C3F9E8580}
		{00E352CC-021D-4D44-8B64-D2574CABD949} = {32E45183-6A02-41A2-A4D5-6CB58A6D39A9}
		{918D4D29-AF04-47E6-8354-FA26B7CD50D1} = {32E45183-6A02-41A2-A4D5-6CB58A6D39A9}
		{21B6CF7B-9960-4565-A12C-410F87299621} = {32E45183-6A02-41A2-A4D5-6CB58A6D39A9}
		{B6FCFFF3-2832-4BEB-BB00-134F8F28B7F8} = {896200CD-54AF-462D-881C-0C7A43F0D6AF}
		{F0B3DAEE-647E-4394-8493-B4436C988DA4} = {32E45183-6A02-41A2-A4D5-6CB58A6D39A9}
		{1BB3C427-3D35-40AA-8D7B-5E7043A639A2} = {02EA681E-C7D8-13C7-8484-4AC65E1B71E8}
		{7F4F52EB-C9D8-4D80-BA3C-5C69C3531B73} = {2DBCC960-1C0B-494F-9E21-8707A1D344C3}
		{D61F1F78-5B21-4123-9F95-6EF74BFD349B} = {32E45183-6A02-41A2-A4D5-6CB58A6D39A9}
		{1A6E3BED-07A4-4FE7-868E-FDD322584559} = {2DBCC960-1C0B-494F-9E21-8707A1D344C3}
		{67B8056E-542E-4236-B3C6-E5E2E97A7256} = {6D320108-78ED-40E6-83F7-9CD423471DB3}
		{A72F1D56-0967-4065-A4C8-C52F11D96B17} = {02EA681E-C7D8-13C7-8484-4AC65E1B71E8}
		{E36C050F-0B20-D6DB-E59D-04E16BF967A2} = {5CD8015A-76D8-4633-8469-53B62A6C1894}
		{7723AE83-8207-4689-94BC-FA3E6473C851} = {5CD8015A-76D8-4633-8469-53B62A6C1894}
		{ED7E1D31-1124-4A9E-9FB2-FBCDA7928BA8} = {5CD8015A-76D8-4633-8469-53B62A6C1894}
		{079C92D4-F250-4343-ACF0-4EBE567B0CBE} = {5CD8015A-76D8-4633-8469-53B62A6C1894}
		{DA6E8814-3D50-485C-8687-ECD1C8D143A9} = {5CD8015A-76D8-4633-8469-53B62A6C1894}
		{238BADBB-E464-4865-A16B-89273C63193B} = {5CD8015A-76D8-4633-8469-53B62A6C1894}
		{ACA628BE-DD0B-41BE-B964-47DA6B1C8C36} = {5CD8015A-76D8-4633-8469-53B62A6C1894}
		{0938A266-FF63-459A-AFE7-FAFC3D0E4818} = {5CD8015A-76D8-4633-8469-53B62A6C1894}
		{5A485FF9-6DD9-4C3D-AB3F-41F0BA864853} = {5CD8015A-76D8-4633-8469-53B62A6C1894}
		{C8EFA3F1-A420-053C-3DF2-0E19B4781ECD} = {5CD8015A-76D8-4633-8469-53B62A6C1894}
		{1755959F-9267-7500-91F3-72E0477F0532} = {5CD8015A-76D8-4633-8469-53B62A6C1894}
		{06706A1F-6B97-5773-2786-48045DD25A9A} = {5CD8015A-76D8-4633-8469-53B62A6C1894}
	EndGlobalSection
	GlobalSection(ExtensibilityGlobals) = postSolution
		EnterpriseLibraryConfigurationToolBinariesPath = packages\Unity.2.1.505.2\lib\NET35;packages\Unity.2.1.505.0\lib\NET35
		SolutionGuid = {705647E1-B5B1-4D94-888C-1D918095554C}
	EndGlobalSection
EndGlobal
