
Microsoft Visual Studio Solution File, Format Version 12.00
# Visual Studio Version 16
VisualStudioVersion = 16.0.28803.202
MinimumVisualStudioVersion = 10.0.40219.1
Project("{9A19103F-16F7-4668-BE54-9A1E7A4F7556}") = "ToSic.Eav.Core", "..\..\eav-server\ToSic.Eav.Core\ToSic.Eav.Core.csproj", "{82F94588-269B-4CDD-98D1-D5CB14C39090}"
EndProject
Project("{FAE04EC0-301F-11D3-BF4B-00C04F79EFBC}") = "ToSic.Eav.DataSources.Tests", "..\..\eav-server\ToSic.Eav.DataSources.Tests\ToSic.Eav.DataSources.Tests.csproj", "{C212A78C-25BB-4A77-AFBB-B5939352CE36}"
EndProject
Project("{9A19103F-16F7-4668-BE54-9A1E7A4F7556}") = "ToSic.Eav.Apps", "..\..\eav-server\ToSic.Eav.Apps\ToSic.Eav.Apps.csproj", "{FA1B4495-6B85-400F-A5E3-0E292CCBFAE2}"
EndProject
Project("{FAE04EC0-301F-11D3-BF4B-00C04F79EFBC}") = "ToSic.Eav.Persistence.Efc.Tests", "..\..\eav-server\ToSic.Eav.Persistence.Efc.Tests\ToSic.Eav.Persistence.Efc.Tests.csproj", "{EB8491A7-4147-4A18-AC74-CD1BE957FF48}"
EndProject
Project("{FAE04EC0-301F-11D3-BF4B-00C04F79EFBC}") = "ToSic.Eav.Repository.Efc.Tests", "..\..\eav-server\ToSic.Eav.Repository.Efc.Tests\ToSic.Eav.Repository.Efc.Tests.csproj", "{F989FE10-C84A-4B18-AAA7-4665EC85B059}"
EndProject
Project("{FAE04EC0-301F-11D3-BF4B-00C04F79EFBC}") = "ToSic.Eav.ImportExport.Tests", "..\..\eav-server\ToSic.Eav.ImportExport.Tests\ToSic.Eav.ImportExport.Tests.csproj", "{00C8672B-E79E-42D4-A512-6C0ABCCAF046}"
EndProject
Project("{FAE04EC0-301F-11D3-BF4B-00C04F79EFBC}") = "ToSic.Testing.Shared", "..\..\eav-server\ToSic.Testing.Shared\ToSic.Testing.Shared.csproj", "{41243C6D-2D10-4285-8AF2-719497AE00DB}"
EndProject
Project("{FAE04EC0-301F-11D3-BF4B-00C04F79EFBC}") = "ToSic.Testing.Performance", "..\..\eav-server\ToSic.Testing.Performance\ToSic.Testing.Performance.csproj", "{6735DC37-2849-45DB-BA76-C5663B6FFB1F}"
EndProject
Project("{FAE04EC0-301F-11D3-BF4B-00C04F79EFBC}") = "ToSic.Eav.Core.Tests", "..\..\eav-server\ToSic.Eav.Core.Tests\ToSic.Eav.Core.Tests.csproj", "{AFED35B5-8E43-4F46-8E4D-FC3F07244D8B}"
EndProject
Project("{FAE04EC0-301F-11D3-BF4B-00C04F79EFBC}") = "ToSic.Eav.TokenEngine.Tests", "..\..\eav-server\ToSic.Eav.TokenEngine.Tests\ToSic.Eav.TokenEngine.Tests.csproj", "{EF7808DF-F67F-4E0A-A851-21358773DD25}"
EndProject
Project("{FAE04EC0-301F-11D3-BF4B-00C04F79EFBC}") = "ToSic.Eav.Apps.Tests", "..\..\eav-server\ToSic.Eav.Apps.Tests\ToSic.Eav.Apps.Tests.csproj", "{5BAEFA99-42C6-4C06-96DE-881303AAE178}"
EndProject
Project("{FAE04EC0-301F-11D3-BF4B-00C04F79EFBC}") = "ToSic.Sxc.Tests", "Dnn.Tests\ToSic.Sxc.Tests\ToSic.Sxc.Tests.csproj", "{0EA1085A-D15F-4254-8A79-DE811C47EBF4}"
EndProject
Project("{9A19103F-16F7-4668-BE54-9A1E7A4F7556}") = "ToSic.Eav.DataSources", "..\..\eav-server\ToSic.Eav.DataSources\ToSic.Eav.DataSources.csproj", "{93149D23-E6CC-43AF-97D0-32D89D29D714}"
EndProject
Project("{9A19103F-16F7-4668-BE54-9A1E7A4F7556}") = "ToSic.Eav.Repository.Efc", "..\..\eav-server\ToSic.Eav.Repository.Efc\ToSic.Eav.Repository.Efc.csproj", "{CB322A0B-0C28-4165-87A8-7BBE78911451}"
EndProject
Project("{9A19103F-16F7-4668-BE54-9A1E7A4F7556}") = "ToSic.Eav.Persistence.Efc", "..\..\eav-server\ToSic.Eav.Persistence.Efc\ToSic.Eav.Persistence.Efc.csproj", "{B45F98A5-BBA9-4418-A5A1-7CA747E1698B}"
EndProject
Project("{9A19103F-16F7-4668-BE54-9A1E7A4F7556}") = "ToSic.Eav.ImportExport", "..\..\eav-server\ToSic.Eav.ImportExport\ToSic.Eav.ImportExport.csproj", "{1253087A-070D-4BF7-B3C2-841537489910}"
EndProject
Project("{9A19103F-16F7-4668-BE54-9A1E7A4F7556}") = "ToSic.Eav", "..\..\eav-server\ToSic.Eav\ToSic.Eav.csproj", "{892F9D3B-0578-46A1-A46A-B694A7E15669}"
EndProject
Project("{9A19103F-16F7-4668-BE54-9A1E7A4F7556}") = "ToSic.Eav.WebApi", "..\..\eav-server\ToSic.Eav.WebApi\ToSic.Eav.WebApi.csproj", "{04F3A07C-2C6C-4D87-9E8D-E2DB611B0D52}"
EndProject
Project("{9A19103F-16F7-4668-BE54-9A1E7A4F7556}") = "ToSic.Sxc", "Sxc\ToSic.Sxc\ToSic.Sxc.csproj", "{5D87EB0C-BF67-4814-A0FF-D96256C9B852}"
EndProject
Project("{2150E333-8FDC-42A3-9474-1A3956D46DE8}") = "2sxc Core", "2sxc Core", "{5CD8015A-76D8-4633-8469-53B62A6C1894}"
EndProject
Project("{2150E333-8FDC-42A3-9474-1A3956D46DE8}") = "Eav", "Eav", "{2DBCC960-1C0B-494F-9E21-8707A1D344C3}"
EndProject
Project("{2150E333-8FDC-42A3-9474-1A3956D46DE8}") = "Eav Tests", "Eav Tests", "{6D320108-78ED-40E6-83F7-9CD423471DB3}"
EndProject
Project("{9A19103F-16F7-4668-BE54-9A1E7A4F7556}") = "ToSic.Sxc.WebApi", "Sxc\ToSic.Sxc.WebApi\ToSic.Sxc.WebApi.csproj", "{80D15F35-334B-4C7C-AF94-B0FF1E6CC354}"
EndProject
Project("{2150E333-8FDC-42A3-9474-1A3956D46DE8}") = "Mvc", "Mvc", "{F1366AA6-6508-47E4-AE39-CB39537CA220}"
EndProject
Project("{9A19103F-16F7-4668-BE54-9A1E7A4F7556}") = "ToSic.Sxc.Mvc", "Mvc\ToSic.Sxc.Mvc\ToSic.Sxc.Mvc.csproj", "{AA274DBE-9E67-4B87-9D97-4E34F1D4D75E}"
EndProject
Project("{9A19103F-16F7-4668-BE54-9A1E7A4F7556}") = "Website", "Mvc\Website\Website.csproj", "{28A58816-468A-44E0-85CA-0428F0D87E27}"
EndProject
Project("{9A19103F-16F7-4668-BE54-9A1E7A4F7556}") = "ToSic.Sxc.Razor.Engine", "Razor\ToSic.Sxc.Razor.Engine\ToSic.Sxc.Razor.Engine.csproj", "{9269847A-20A1-4F72-9E14-36BFE0323632}"
EndProject
Project("{9A19103F-16F7-4668-BE54-9A1E7A4F7556}") = "ToSic.Sxc.Hybrid", "Razor\ToSic.Sxc.Hybrid\ToSic.Sxc.Hybrid.csproj", "{ACD30ED0-0B6E-48E7-A898-CF42C93E857A}"
EndProject
Project("{2150E333-8FDC-42A3-9474-1A3956D46DE8}") = "Razor", "Razor", "{DD59EAFD-02D1-4285-B8BE-D2DD40536304}"
EndProject
Global
	GlobalSection(SolutionConfigurationPlatforms) = preSolution
		Debug|Any CPU = Debug|Any CPU
		Debug|DNN = Debug|DNN
		Debug|Windows-x64 = Debug|Windows-x64
		Debug|Windows-x86 = Debug|Windows-x86
		Release|Any CPU = Release|Any CPU
		Release|DNN = Release|DNN
		Release|Windows-x64 = Release|Windows-x64
		Release|Windows-x86 = Release|Windows-x86
		Testing|Any CPU = Testing|Any CPU
		Testing|DNN = Testing|DNN
		Testing|Windows-x64 = Testing|Windows-x64
		Testing|Windows-x86 = Testing|Windows-x86
	EndGlobalSection
	GlobalSection(ProjectConfigurationPlatforms) = postSolution
		{82F94588-269B-4CDD-98D1-D5CB14C39090}.Debug|Any CPU.ActiveCfg = Debug|Any CPU
		{82F94588-269B-4CDD-98D1-D5CB14C39090}.Debug|Any CPU.Build.0 = Debug|Any CPU
		{82F94588-269B-4CDD-98D1-D5CB14C39090}.Debug|DNN.ActiveCfg = Debug|Any CPU
		{82F94588-269B-4CDD-98D1-D5CB14C39090}.Debug|DNN.Build.0 = Debug|Any CPU
		{82F94588-269B-4CDD-98D1-D5CB14C39090}.Debug|Windows-x64.ActiveCfg = Debug|Any CPU
		{82F94588-269B-4CDD-98D1-D5CB14C39090}.Debug|Windows-x64.Build.0 = Debug|Any CPU
		{82F94588-269B-4CDD-98D1-D5CB14C39090}.Debug|Windows-x86.ActiveCfg = Debug|Any CPU
		{82F94588-269B-4CDD-98D1-D5CB14C39090}.Debug|Windows-x86.Build.0 = Debug|Any CPU
		{82F94588-269B-4CDD-98D1-D5CB14C39090}.Release|Any CPU.ActiveCfg = Release|Any CPU
		{82F94588-269B-4CDD-98D1-D5CB14C39090}.Release|Any CPU.Build.0 = Release|Any CPU
		{82F94588-269B-4CDD-98D1-D5CB14C39090}.Release|DNN.ActiveCfg = Release|Any CPU
		{82F94588-269B-4CDD-98D1-D5CB14C39090}.Release|DNN.Build.0 = Release|Any CPU
		{82F94588-269B-4CDD-98D1-D5CB14C39090}.Release|Windows-x64.ActiveCfg = Release|Any CPU
		{82F94588-269B-4CDD-98D1-D5CB14C39090}.Release|Windows-x64.Build.0 = Release|Any CPU
		{82F94588-269B-4CDD-98D1-D5CB14C39090}.Release|Windows-x86.ActiveCfg = Release|Any CPU
		{82F94588-269B-4CDD-98D1-D5CB14C39090}.Release|Windows-x86.Build.0 = Release|Any CPU
		{82F94588-269B-4CDD-98D1-D5CB14C39090}.Testing|Any CPU.ActiveCfg = Debug|Any CPU
		{82F94588-269B-4CDD-98D1-D5CB14C39090}.Testing|Any CPU.Build.0 = Debug|Any CPU
		{82F94588-269B-4CDD-98D1-D5CB14C39090}.Testing|DNN.ActiveCfg = Dbg Testing|Any CPU
		{82F94588-269B-4CDD-98D1-D5CB14C39090}.Testing|DNN.Build.0 = Dbg Testing|Any CPU
		{82F94588-269B-4CDD-98D1-D5CB14C39090}.Testing|Windows-x64.ActiveCfg = Dbg Testing|Any CPU
		{82F94588-269B-4CDD-98D1-D5CB14C39090}.Testing|Windows-x64.Build.0 = Dbg Testing|Any CPU
		{82F94588-269B-4CDD-98D1-D5CB14C39090}.Testing|Windows-x86.ActiveCfg = Dbg Testing|Any CPU
		{82F94588-269B-4CDD-98D1-D5CB14C39090}.Testing|Windows-x86.Build.0 = Dbg Testing|Any CPU
		{C212A78C-25BB-4A77-AFBB-B5939352CE36}.Debug|Any CPU.ActiveCfg = Debug|Any CPU
		{C212A78C-25BB-4A77-AFBB-B5939352CE36}.Debug|DNN.ActiveCfg = Debug|Any CPU
		{C212A78C-25BB-4A77-AFBB-B5939352CE36}.Debug|Windows-x64.ActiveCfg = Debug|Any CPU
		{C212A78C-25BB-4A77-AFBB-B5939352CE36}.Debug|Windows-x64.Build.0 = Debug|Any CPU
		{C212A78C-25BB-4A77-AFBB-B5939352CE36}.Debug|Windows-x86.ActiveCfg = Debug|Any CPU
		{C212A78C-25BB-4A77-AFBB-B5939352CE36}.Debug|Windows-x86.Build.0 = Debug|Any CPU
		{C212A78C-25BB-4A77-AFBB-B5939352CE36}.Release|Any CPU.ActiveCfg = Release|Any CPU
		{C212A78C-25BB-4A77-AFBB-B5939352CE36}.Release|DNN.ActiveCfg = Release|Any CPU
		{C212A78C-25BB-4A77-AFBB-B5939352CE36}.Release|Windows-x64.ActiveCfg = Release|Any CPU
		{C212A78C-25BB-4A77-AFBB-B5939352CE36}.Release|Windows-x86.ActiveCfg = Release|Any CPU
		{C212A78C-25BB-4A77-AFBB-B5939352CE36}.Release|Windows-x86.Build.0 = Release|Any CPU
		{C212A78C-25BB-4A77-AFBB-B5939352CE36}.Testing|Any CPU.ActiveCfg = Debug|Any CPU
		{C212A78C-25BB-4A77-AFBB-B5939352CE36}.Testing|Any CPU.Build.0 = Debug|Any CPU
		{C212A78C-25BB-4A77-AFBB-B5939352CE36}.Testing|DNN.ActiveCfg = Dbg Testing|Any CPU
		{C212A78C-25BB-4A77-AFBB-B5939352CE36}.Testing|DNN.Build.0 = Dbg Testing|Any CPU
		{C212A78C-25BB-4A77-AFBB-B5939352CE36}.Testing|Windows-x64.ActiveCfg = Dbg Testing|Any CPU
		{C212A78C-25BB-4A77-AFBB-B5939352CE36}.Testing|Windows-x64.Build.0 = Dbg Testing|Any CPU
		{C212A78C-25BB-4A77-AFBB-B5939352CE36}.Testing|Windows-x86.ActiveCfg = Dbg Testing|Any CPU
		{C212A78C-25BB-4A77-AFBB-B5939352CE36}.Testing|Windows-x86.Build.0 = Dbg Testing|Any CPU
		{FA1B4495-6B85-400F-A5E3-0E292CCBFAE2}.Debug|Any CPU.ActiveCfg = Debug|Any CPU
		{FA1B4495-6B85-400F-A5E3-0E292CCBFAE2}.Debug|Any CPU.Build.0 = Debug|Any CPU
		{FA1B4495-6B85-400F-A5E3-0E292CCBFAE2}.Debug|DNN.ActiveCfg = Debug|Any CPU
		{FA1B4495-6B85-400F-A5E3-0E292CCBFAE2}.Debug|DNN.Build.0 = Debug|Any CPU
		{FA1B4495-6B85-400F-A5E3-0E292CCBFAE2}.Debug|Windows-x64.ActiveCfg = Debug|Any CPU
		{FA1B4495-6B85-400F-A5E3-0E292CCBFAE2}.Debug|Windows-x64.Build.0 = Debug|Any CPU
		{FA1B4495-6B85-400F-A5E3-0E292CCBFAE2}.Debug|Windows-x86.ActiveCfg = Debug|Any CPU
		{FA1B4495-6B85-400F-A5E3-0E292CCBFAE2}.Debug|Windows-x86.Build.0 = Debug|Any CPU
		{FA1B4495-6B85-400F-A5E3-0E292CCBFAE2}.Release|Any CPU.ActiveCfg = Release|Any CPU
		{FA1B4495-6B85-400F-A5E3-0E292CCBFAE2}.Release|Any CPU.Build.0 = Release|Any CPU
		{FA1B4495-6B85-400F-A5E3-0E292CCBFAE2}.Release|DNN.ActiveCfg = Release|Any CPU
		{FA1B4495-6B85-400F-A5E3-0E292CCBFAE2}.Release|DNN.Build.0 = Release|Any CPU
		{FA1B4495-6B85-400F-A5E3-0E292CCBFAE2}.Release|Windows-x64.ActiveCfg = Release|Any CPU
		{FA1B4495-6B85-400F-A5E3-0E292CCBFAE2}.Release|Windows-x64.Build.0 = Release|Any CPU
		{FA1B4495-6B85-400F-A5E3-0E292CCBFAE2}.Release|Windows-x86.ActiveCfg = Release|Any CPU
		{FA1B4495-6B85-400F-A5E3-0E292CCBFAE2}.Release|Windows-x86.Build.0 = Release|Any CPU
		{FA1B4495-6B85-400F-A5E3-0E292CCBFAE2}.Testing|Any CPU.ActiveCfg = Debug|Any CPU
		{FA1B4495-6B85-400F-A5E3-0E292CCBFAE2}.Testing|Any CPU.Build.0 = Debug|Any CPU
		{FA1B4495-6B85-400F-A5E3-0E292CCBFAE2}.Testing|DNN.ActiveCfg = Dbg Testing|Any CPU
		{FA1B4495-6B85-400F-A5E3-0E292CCBFAE2}.Testing|DNN.Build.0 = Dbg Testing|Any CPU
		{FA1B4495-6B85-400F-A5E3-0E292CCBFAE2}.Testing|Windows-x64.ActiveCfg = Dbg Testing|Any CPU
		{FA1B4495-6B85-400F-A5E3-0E292CCBFAE2}.Testing|Windows-x64.Build.0 = Dbg Testing|Any CPU
		{FA1B4495-6B85-400F-A5E3-0E292CCBFAE2}.Testing|Windows-x86.ActiveCfg = Dbg Testing|Any CPU
		{FA1B4495-6B85-400F-A5E3-0E292CCBFAE2}.Testing|Windows-x86.Build.0 = Dbg Testing|Any CPU
		{EB8491A7-4147-4A18-AC74-CD1BE957FF48}.Debug|Any CPU.ActiveCfg = Debug|Any CPU
		{EB8491A7-4147-4A18-AC74-CD1BE957FF48}.Debug|DNN.ActiveCfg = Debug|Any CPU
		{EB8491A7-4147-4A18-AC74-CD1BE957FF48}.Debug|Windows-x64.ActiveCfg = Debug|Any CPU
		{EB8491A7-4147-4A18-AC74-CD1BE957FF48}.Debug|Windows-x64.Build.0 = Debug|Any CPU
		{EB8491A7-4147-4A18-AC74-CD1BE957FF48}.Debug|Windows-x86.ActiveCfg = Debug|Any CPU
		{EB8491A7-4147-4A18-AC74-CD1BE957FF48}.Debug|Windows-x86.Build.0 = Debug|Any CPU
		{EB8491A7-4147-4A18-AC74-CD1BE957FF48}.Release|Any CPU.ActiveCfg = Release|Any CPU
		{EB8491A7-4147-4A18-AC74-CD1BE957FF48}.Release|DNN.ActiveCfg = Release|Any CPU
		{EB8491A7-4147-4A18-AC74-CD1BE957FF48}.Release|Windows-x64.ActiveCfg = Release|Any CPU
		{EB8491A7-4147-4A18-AC74-CD1BE957FF48}.Release|Windows-x86.ActiveCfg = Release|Any CPU
		{EB8491A7-4147-4A18-AC74-CD1BE957FF48}.Release|Windows-x86.Build.0 = Release|Any CPU
		{EB8491A7-4147-4A18-AC74-CD1BE957FF48}.Testing|Any CPU.ActiveCfg = Debug|Any CPU
		{EB8491A7-4147-4A18-AC74-CD1BE957FF48}.Testing|Any CPU.Build.0 = Debug|Any CPU
		{EB8491A7-4147-4A18-AC74-CD1BE957FF48}.Testing|DNN.ActiveCfg = Dbg Testing|Any CPU
		{EB8491A7-4147-4A18-AC74-CD1BE957FF48}.Testing|DNN.Build.0 = Dbg Testing|Any CPU
		{EB8491A7-4147-4A18-AC74-CD1BE957FF48}.Testing|Windows-x64.ActiveCfg = Dbg Testing|Any CPU
		{EB8491A7-4147-4A18-AC74-CD1BE957FF48}.Testing|Windows-x64.Build.0 = Dbg Testing|Any CPU
		{EB8491A7-4147-4A18-AC74-CD1BE957FF48}.Testing|Windows-x86.ActiveCfg = Dbg Testing|Any CPU
		{EB8491A7-4147-4A18-AC74-CD1BE957FF48}.Testing|Windows-x86.Build.0 = Dbg Testing|Any CPU
		{F989FE10-C84A-4B18-AAA7-4665EC85B059}.Debug|Any CPU.ActiveCfg = Debug|Any CPU
		{F989FE10-C84A-4B18-AAA7-4665EC85B059}.Debug|DNN.ActiveCfg = Debug|Any CPU
		{F989FE10-C84A-4B18-AAA7-4665EC85B059}.Debug|Windows-x64.ActiveCfg = Debug|Any CPU
		{F989FE10-C84A-4B18-AAA7-4665EC85B059}.Debug|Windows-x64.Build.0 = Debug|Any CPU
		{F989FE10-C84A-4B18-AAA7-4665EC85B059}.Debug|Windows-x86.ActiveCfg = Debug|Any CPU
		{F989FE10-C84A-4B18-AAA7-4665EC85B059}.Debug|Windows-x86.Build.0 = Debug|Any CPU
		{F989FE10-C84A-4B18-AAA7-4665EC85B059}.Release|Any CPU.ActiveCfg = Release|Any CPU
		{F989FE10-C84A-4B18-AAA7-4665EC85B059}.Release|DNN.ActiveCfg = Release|Any CPU
		{F989FE10-C84A-4B18-AAA7-4665EC85B059}.Release|Windows-x64.ActiveCfg = Release|Any CPU
		{F989FE10-C84A-4B18-AAA7-4665EC85B059}.Release|Windows-x86.ActiveCfg = Release|Any CPU
		{F989FE10-C84A-4B18-AAA7-4665EC85B059}.Release|Windows-x86.Build.0 = Release|Any CPU
		{F989FE10-C84A-4B18-AAA7-4665EC85B059}.Testing|Any CPU.ActiveCfg = Debug|Any CPU
		{F989FE10-C84A-4B18-AAA7-4665EC85B059}.Testing|Any CPU.Build.0 = Debug|Any CPU
		{F989FE10-C84A-4B18-AAA7-4665EC85B059}.Testing|DNN.ActiveCfg = Dbg Testing|Any CPU
		{F989FE10-C84A-4B18-AAA7-4665EC85B059}.Testing|DNN.Build.0 = Dbg Testing|Any CPU
		{F989FE10-C84A-4B18-AAA7-4665EC85B059}.Testing|Windows-x64.ActiveCfg = Dbg Testing|Any CPU
		{F989FE10-C84A-4B18-AAA7-4665EC85B059}.Testing|Windows-x64.Build.0 = Dbg Testing|Any CPU
		{F989FE10-C84A-4B18-AAA7-4665EC85B059}.Testing|Windows-x86.ActiveCfg = Dbg Testing|Any CPU
		{F989FE10-C84A-4B18-AAA7-4665EC85B059}.Testing|Windows-x86.Build.0 = Dbg Testing|Any CPU
		{00C8672B-E79E-42D4-A512-6C0ABCCAF046}.Debug|Any CPU.ActiveCfg = Debug|Any CPU
		{00C8672B-E79E-42D4-A512-6C0ABCCAF046}.Debug|DNN.ActiveCfg = Debug|Any CPU
		{00C8672B-E79E-42D4-A512-6C0ABCCAF046}.Debug|DNN.Build.0 = Debug|Any CPU
		{00C8672B-E79E-42D4-A512-6C0ABCCAF046}.Debug|Windows-x64.ActiveCfg = Debug|Any CPU
		{00C8672B-E79E-42D4-A512-6C0ABCCAF046}.Debug|Windows-x64.Build.0 = Debug|Any CPU
		{00C8672B-E79E-42D4-A512-6C0ABCCAF046}.Debug|Windows-x86.ActiveCfg = Debug|Any CPU
		{00C8672B-E79E-42D4-A512-6C0ABCCAF046}.Debug|Windows-x86.Build.0 = Debug|Any CPU
		{00C8672B-E79E-42D4-A512-6C0ABCCAF046}.Release|Any CPU.ActiveCfg = Release|Any CPU
		{00C8672B-E79E-42D4-A512-6C0ABCCAF046}.Release|DNN.ActiveCfg = Release|Any CPU
		{00C8672B-E79E-42D4-A512-6C0ABCCAF046}.Release|DNN.Build.0 = Release|Any CPU
		{00C8672B-E79E-42D4-A512-6C0ABCCAF046}.Release|Windows-x64.ActiveCfg = Release|Any CPU
		{00C8672B-E79E-42D4-A512-6C0ABCCAF046}.Release|Windows-x86.ActiveCfg = Release|Any CPU
		{00C8672B-E79E-42D4-A512-6C0ABCCAF046}.Release|Windows-x86.Build.0 = Release|Any CPU
		{00C8672B-E79E-42D4-A512-6C0ABCCAF046}.Testing|Any CPU.ActiveCfg = Debug|Any CPU
		{00C8672B-E79E-42D4-A512-6C0ABCCAF046}.Testing|Any CPU.Build.0 = Debug|Any CPU
		{00C8672B-E79E-42D4-A512-6C0ABCCAF046}.Testing|DNN.ActiveCfg = Dbg Testing|Any CPU
		{00C8672B-E79E-42D4-A512-6C0ABCCAF046}.Testing|DNN.Build.0 = Dbg Testing|Any CPU
		{00C8672B-E79E-42D4-A512-6C0ABCCAF046}.Testing|Windows-x64.ActiveCfg = Dbg Testing|Any CPU
		{00C8672B-E79E-42D4-A512-6C0ABCCAF046}.Testing|Windows-x64.Build.0 = Dbg Testing|Any CPU
		{00C8672B-E79E-42D4-A512-6C0ABCCAF046}.Testing|Windows-x86.ActiveCfg = Dbg Testing|Any CPU
		{00C8672B-E79E-42D4-A512-6C0ABCCAF046}.Testing|Windows-x86.Build.0 = Dbg Testing|Any CPU
		{41243C6D-2D10-4285-8AF2-719497AE00DB}.Debug|Any CPU.ActiveCfg = Debug|Any CPU
		{41243C6D-2D10-4285-8AF2-719497AE00DB}.Debug|DNN.ActiveCfg = Debug|Any CPU
		{41243C6D-2D10-4285-8AF2-719497AE00DB}.Debug|DNN.Build.0 = Debug|Any CPU
		{41243C6D-2D10-4285-8AF2-719497AE00DB}.Debug|Windows-x64.ActiveCfg = Debug|Any CPU
		{41243C6D-2D10-4285-8AF2-719497AE00DB}.Debug|Windows-x64.Build.0 = Debug|Any CPU
		{41243C6D-2D10-4285-8AF2-719497AE00DB}.Debug|Windows-x86.ActiveCfg = Debug|Any CPU
		{41243C6D-2D10-4285-8AF2-719497AE00DB}.Debug|Windows-x86.Build.0 = Debug|Any CPU
		{41243C6D-2D10-4285-8AF2-719497AE00DB}.Release|Any CPU.ActiveCfg = Release|Any CPU
		{41243C6D-2D10-4285-8AF2-719497AE00DB}.Release|DNN.ActiveCfg = Release|Any CPU
		{41243C6D-2D10-4285-8AF2-719497AE00DB}.Release|DNN.Build.0 = Release|Any CPU
		{41243C6D-2D10-4285-8AF2-719497AE00DB}.Release|Windows-x64.ActiveCfg = Release|Any CPU
		{41243C6D-2D10-4285-8AF2-719497AE00DB}.Release|Windows-x86.ActiveCfg = Release|Any CPU
		{41243C6D-2D10-4285-8AF2-719497AE00DB}.Release|Windows-x86.Build.0 = Release|Any CPU
		{41243C6D-2D10-4285-8AF2-719497AE00DB}.Testing|Any CPU.ActiveCfg = Debug|Any CPU
		{41243C6D-2D10-4285-8AF2-719497AE00DB}.Testing|Any CPU.Build.0 = Debug|Any CPU
		{41243C6D-2D10-4285-8AF2-719497AE00DB}.Testing|DNN.ActiveCfg = Dbg Testing|Any CPU
		{41243C6D-2D10-4285-8AF2-719497AE00DB}.Testing|DNN.Build.0 = Dbg Testing|Any CPU
		{41243C6D-2D10-4285-8AF2-719497AE00DB}.Testing|Windows-x64.ActiveCfg = Dbg Testing|Any CPU
		{41243C6D-2D10-4285-8AF2-719497AE00DB}.Testing|Windows-x64.Build.0 = Dbg Testing|Any CPU
		{41243C6D-2D10-4285-8AF2-719497AE00DB}.Testing|Windows-x86.ActiveCfg = Dbg Testing|Any CPU
		{41243C6D-2D10-4285-8AF2-719497AE00DB}.Testing|Windows-x86.Build.0 = Dbg Testing|Any CPU
		{6735DC37-2849-45DB-BA76-C5663B6FFB1F}.Debug|Any CPU.ActiveCfg = Debug|Any CPU
		{6735DC37-2849-45DB-BA76-C5663B6FFB1F}.Debug|DNN.ActiveCfg = Debug|Any CPU
		{6735DC37-2849-45DB-BA76-C5663B6FFB1F}.Debug|DNN.Build.0 = Debug|Any CPU
		{6735DC37-2849-45DB-BA76-C5663B6FFB1F}.Debug|Windows-x64.ActiveCfg = Debug|Any CPU
		{6735DC37-2849-45DB-BA76-C5663B6FFB1F}.Debug|Windows-x64.Build.0 = Debug|Any CPU
		{6735DC37-2849-45DB-BA76-C5663B6FFB1F}.Debug|Windows-x86.ActiveCfg = Debug|Any CPU
		{6735DC37-2849-45DB-BA76-C5663B6FFB1F}.Debug|Windows-x86.Build.0 = Debug|Any CPU
		{6735DC37-2849-45DB-BA76-C5663B6FFB1F}.Release|Any CPU.ActiveCfg = Release|Any CPU
		{6735DC37-2849-45DB-BA76-C5663B6FFB1F}.Release|DNN.ActiveCfg = Release|Any CPU
		{6735DC37-2849-45DB-BA76-C5663B6FFB1F}.Release|DNN.Build.0 = Release|Any CPU
		{6735DC37-2849-45DB-BA76-C5663B6FFB1F}.Release|Windows-x64.ActiveCfg = Release|Any CPU
		{6735DC37-2849-45DB-BA76-C5663B6FFB1F}.Release|Windows-x86.ActiveCfg = Release|Any CPU
		{6735DC37-2849-45DB-BA76-C5663B6FFB1F}.Release|Windows-x86.Build.0 = Release|Any CPU
		{6735DC37-2849-45DB-BA76-C5663B6FFB1F}.Testing|Any CPU.ActiveCfg = Debug|Any CPU
		{6735DC37-2849-45DB-BA76-C5663B6FFB1F}.Testing|Any CPU.Build.0 = Debug|Any CPU
		{6735DC37-2849-45DB-BA76-C5663B6FFB1F}.Testing|DNN.ActiveCfg = Dbg Testing|Any CPU
		{6735DC37-2849-45DB-BA76-C5663B6FFB1F}.Testing|DNN.Build.0 = Dbg Testing|Any CPU
		{6735DC37-2849-45DB-BA76-C5663B6FFB1F}.Testing|Windows-x64.ActiveCfg = Dbg Testing|Any CPU
		{6735DC37-2849-45DB-BA76-C5663B6FFB1F}.Testing|Windows-x64.Build.0 = Dbg Testing|Any CPU
		{6735DC37-2849-45DB-BA76-C5663B6FFB1F}.Testing|Windows-x86.ActiveCfg = Dbg Testing|Any CPU
		{6735DC37-2849-45DB-BA76-C5663B6FFB1F}.Testing|Windows-x86.Build.0 = Dbg Testing|Any CPU
		{AFED35B5-8E43-4F46-8E4D-FC3F07244D8B}.Debug|Any CPU.ActiveCfg = Debug|Any CPU
		{AFED35B5-8E43-4F46-8E4D-FC3F07244D8B}.Debug|DNN.ActiveCfg = Debug|Any CPU
		{AFED35B5-8E43-4F46-8E4D-FC3F07244D8B}.Debug|DNN.Build.0 = Debug|Any CPU
		{AFED35B5-8E43-4F46-8E4D-FC3F07244D8B}.Debug|Windows-x64.ActiveCfg = Debug|Any CPU
		{AFED35B5-8E43-4F46-8E4D-FC3F07244D8B}.Debug|Windows-x64.Build.0 = Debug|Any CPU
		{AFED35B5-8E43-4F46-8E4D-FC3F07244D8B}.Debug|Windows-x86.ActiveCfg = Debug|Any CPU
		{AFED35B5-8E43-4F46-8E4D-FC3F07244D8B}.Debug|Windows-x86.Build.0 = Debug|Any CPU
		{AFED35B5-8E43-4F46-8E4D-FC3F07244D8B}.Release|Any CPU.ActiveCfg = Release|Any CPU
		{AFED35B5-8E43-4F46-8E4D-FC3F07244D8B}.Release|DNN.ActiveCfg = Release|Any CPU
		{AFED35B5-8E43-4F46-8E4D-FC3F07244D8B}.Release|DNN.Build.0 = Release|Any CPU
		{AFED35B5-8E43-4F46-8E4D-FC3F07244D8B}.Release|Windows-x64.ActiveCfg = Release|Any CPU
		{AFED35B5-8E43-4F46-8E4D-FC3F07244D8B}.Release|Windows-x86.ActiveCfg = Release|Any CPU
		{AFED35B5-8E43-4F46-8E4D-FC3F07244D8B}.Release|Windows-x86.Build.0 = Release|Any CPU
		{AFED35B5-8E43-4F46-8E4D-FC3F07244D8B}.Testing|Any CPU.ActiveCfg = Debug|Any CPU
		{AFED35B5-8E43-4F46-8E4D-FC3F07244D8B}.Testing|Any CPU.Build.0 = Debug|Any CPU
		{AFED35B5-8E43-4F46-8E4D-FC3F07244D8B}.Testing|DNN.ActiveCfg = Dbg Testing|Any CPU
		{AFED35B5-8E43-4F46-8E4D-FC3F07244D8B}.Testing|DNN.Build.0 = Dbg Testing|Any CPU
		{AFED35B5-8E43-4F46-8E4D-FC3F07244D8B}.Testing|Windows-x64.ActiveCfg = Dbg Testing|Any CPU
		{AFED35B5-8E43-4F46-8E4D-FC3F07244D8B}.Testing|Windows-x64.Build.0 = Dbg Testing|Any CPU
		{AFED35B5-8E43-4F46-8E4D-FC3F07244D8B}.Testing|Windows-x86.ActiveCfg = Dbg Testing|Any CPU
		{AFED35B5-8E43-4F46-8E4D-FC3F07244D8B}.Testing|Windows-x86.Build.0 = Dbg Testing|Any CPU
		{EF7808DF-F67F-4E0A-A851-21358773DD25}.Debug|Any CPU.ActiveCfg = Debug|Any CPU
		{EF7808DF-F67F-4E0A-A851-21358773DD25}.Debug|DNN.ActiveCfg = Debug|Any CPU
		{EF7808DF-F67F-4E0A-A851-21358773DD25}.Debug|DNN.Build.0 = Debug|Any CPU
		{EF7808DF-F67F-4E0A-A851-21358773DD25}.Debug|Windows-x64.ActiveCfg = Debug|Any CPU
		{EF7808DF-F67F-4E0A-A851-21358773DD25}.Debug|Windows-x64.Build.0 = Debug|Any CPU
		{EF7808DF-F67F-4E0A-A851-21358773DD25}.Debug|Windows-x86.ActiveCfg = Debug|Any CPU
		{EF7808DF-F67F-4E0A-A851-21358773DD25}.Debug|Windows-x86.Build.0 = Debug|Any CPU
		{EF7808DF-F67F-4E0A-A851-21358773DD25}.Release|Any CPU.ActiveCfg = Release|Any CPU
		{EF7808DF-F67F-4E0A-A851-21358773DD25}.Release|DNN.ActiveCfg = Release|Any CPU
		{EF7808DF-F67F-4E0A-A851-21358773DD25}.Release|DNN.Build.0 = Release|Any CPU
		{EF7808DF-F67F-4E0A-A851-21358773DD25}.Release|Windows-x64.ActiveCfg = Release|Any CPU
		{EF7808DF-F67F-4E0A-A851-21358773DD25}.Release|Windows-x86.ActiveCfg = Release|Any CPU
		{EF7808DF-F67F-4E0A-A851-21358773DD25}.Release|Windows-x86.Build.0 = Release|Any CPU
		{EF7808DF-F67F-4E0A-A851-21358773DD25}.Testing|Any CPU.ActiveCfg = Debug|Any CPU
		{EF7808DF-F67F-4E0A-A851-21358773DD25}.Testing|Any CPU.Build.0 = Debug|Any CPU
		{EF7808DF-F67F-4E0A-A851-21358773DD25}.Testing|DNN.ActiveCfg = Dbg Testing|Any CPU
		{EF7808DF-F67F-4E0A-A851-21358773DD25}.Testing|DNN.Build.0 = Dbg Testing|Any CPU
		{EF7808DF-F67F-4E0A-A851-21358773DD25}.Testing|Windows-x64.ActiveCfg = Dbg Testing|Any CPU
		{EF7808DF-F67F-4E0A-A851-21358773DD25}.Testing|Windows-x64.Build.0 = Dbg Testing|Any CPU
		{EF7808DF-F67F-4E0A-A851-21358773DD25}.Testing|Windows-x86.ActiveCfg = Dbg Testing|Any CPU
		{EF7808DF-F67F-4E0A-A851-21358773DD25}.Testing|Windows-x86.Build.0 = Dbg Testing|Any CPU
		{5BAEFA99-42C6-4C06-96DE-881303AAE178}.Debug|Any CPU.ActiveCfg = Debug|Any CPU
		{5BAEFA99-42C6-4C06-96DE-881303AAE178}.Debug|DNN.ActiveCfg = Debug|Any CPU
		{5BAEFA99-42C6-4C06-96DE-881303AAE178}.Debug|DNN.Build.0 = Debug|Any CPU
		{5BAEFA99-42C6-4C06-96DE-881303AAE178}.Debug|Windows-x64.ActiveCfg = Debug|Any CPU
		{5BAEFA99-42C6-4C06-96DE-881303AAE178}.Debug|Windows-x64.Build.0 = Debug|Any CPU
		{5BAEFA99-42C6-4C06-96DE-881303AAE178}.Debug|Windows-x86.ActiveCfg = Debug|Any CPU
		{5BAEFA99-42C6-4C06-96DE-881303AAE178}.Debug|Windows-x86.Build.0 = Debug|Any CPU
		{5BAEFA99-42C6-4C06-96DE-881303AAE178}.Release|Any CPU.ActiveCfg = Release|Any CPU
		{5BAEFA99-42C6-4C06-96DE-881303AAE178}.Release|DNN.ActiveCfg = Release|Any CPU
		{5BAEFA99-42C6-4C06-96DE-881303AAE178}.Release|DNN.Build.0 = Release|Any CPU
		{5BAEFA99-42C6-4C06-96DE-881303AAE178}.Release|Windows-x64.ActiveCfg = Release|Any CPU
		{5BAEFA99-42C6-4C06-96DE-881303AAE178}.Release|Windows-x86.ActiveCfg = Release|Any CPU
		{5BAEFA99-42C6-4C06-96DE-881303AAE178}.Release|Windows-x86.Build.0 = Release|Any CPU
		{5BAEFA99-42C6-4C06-96DE-881303AAE178}.Testing|Any CPU.ActiveCfg = Debug|Any CPU
		{5BAEFA99-42C6-4C06-96DE-881303AAE178}.Testing|Any CPU.Build.0 = Debug|Any CPU
		{5BAEFA99-42C6-4C06-96DE-881303AAE178}.Testing|DNN.ActiveCfg = Dbg Testing|Any CPU
		{5BAEFA99-42C6-4C06-96DE-881303AAE178}.Testing|DNN.Build.0 = Dbg Testing|Any CPU
		{5BAEFA99-42C6-4C06-96DE-881303AAE178}.Testing|Windows-x64.ActiveCfg = Dbg Testing|Any CPU
		{5BAEFA99-42C6-4C06-96DE-881303AAE178}.Testing|Windows-x64.Build.0 = Dbg Testing|Any CPU
		{5BAEFA99-42C6-4C06-96DE-881303AAE178}.Testing|Windows-x86.ActiveCfg = Dbg Testing|Any CPU
		{5BAEFA99-42C6-4C06-96DE-881303AAE178}.Testing|Windows-x86.Build.0 = Dbg Testing|Any CPU
		{0EA1085A-D15F-4254-8A79-DE811C47EBF4}.Debug|Any CPU.ActiveCfg = Debug|Any CPU
		{0EA1085A-D15F-4254-8A79-DE811C47EBF4}.Debug|DNN.ActiveCfg = Debug|Any CPU
		{0EA1085A-D15F-4254-8A79-DE811C47EBF4}.Debug|DNN.Build.0 = Debug|Any CPU
		{0EA1085A-D15F-4254-8A79-DE811C47EBF4}.Debug|Windows-x64.ActiveCfg = Debug|Any CPU
		{0EA1085A-D15F-4254-8A79-DE811C47EBF4}.Debug|Windows-x64.Build.0 = Debug|Any CPU
		{0EA1085A-D15F-4254-8A79-DE811C47EBF4}.Debug|Windows-x86.ActiveCfg = Debug|Any CPU
		{0EA1085A-D15F-4254-8A79-DE811C47EBF4}.Debug|Windows-x86.Build.0 = Debug|Any CPU
		{0EA1085A-D15F-4254-8A79-DE811C47EBF4}.Release|Any CPU.ActiveCfg = Release|Any CPU
		{0EA1085A-D15F-4254-8A79-DE811C47EBF4}.Release|DNN.ActiveCfg = Release|Any CPU
		{0EA1085A-D15F-4254-8A79-DE811C47EBF4}.Release|DNN.Build.0 = Release|Any CPU
		{0EA1085A-D15F-4254-8A79-DE811C47EBF4}.Release|Windows-x64.ActiveCfg = Release|Any CPU
		{0EA1085A-D15F-4254-8A79-DE811C47EBF4}.Release|Windows-x86.ActiveCfg = Release|Any CPU
		{0EA1085A-D15F-4254-8A79-DE811C47EBF4}.Release|Windows-x86.Build.0 = Release|Any CPU
		{0EA1085A-D15F-4254-8A79-DE811C47EBF4}.Testing|Any CPU.ActiveCfg = Debug|Any CPU
		{0EA1085A-D15F-4254-8A79-DE811C47EBF4}.Testing|Any CPU.Build.0 = Debug|Any CPU
		{0EA1085A-D15F-4254-8A79-DE811C47EBF4}.Testing|DNN.ActiveCfg = Debug|Any CPU
		{0EA1085A-D15F-4254-8A79-DE811C47EBF4}.Testing|DNN.Build.0 = Debug|Any CPU
		{0EA1085A-D15F-4254-8A79-DE811C47EBF4}.Testing|Windows-x64.ActiveCfg = Debug|Any CPU
		{0EA1085A-D15F-4254-8A79-DE811C47EBF4}.Testing|Windows-x64.Build.0 = Debug|Any CPU
		{0EA1085A-D15F-4254-8A79-DE811C47EBF4}.Testing|Windows-x86.ActiveCfg = Debug|Any CPU
		{0EA1085A-D15F-4254-8A79-DE811C47EBF4}.Testing|Windows-x86.Build.0 = Debug|Any CPU
		{93149D23-E6CC-43AF-97D0-32D89D29D714}.Debug|Any CPU.ActiveCfg = Debug|Any CPU
		{93149D23-E6CC-43AF-97D0-32D89D29D714}.Debug|Any CPU.Build.0 = Debug|Any CPU
		{93149D23-E6CC-43AF-97D0-32D89D29D714}.Debug|DNN.ActiveCfg = Debug|Any CPU
		{93149D23-E6CC-43AF-97D0-32D89D29D714}.Debug|DNN.Build.0 = Debug|Any CPU
		{93149D23-E6CC-43AF-97D0-32D89D29D714}.Debug|Windows-x64.ActiveCfg = Debug|Any CPU
		{93149D23-E6CC-43AF-97D0-32D89D29D714}.Debug|Windows-x64.Build.0 = Debug|Any CPU
		{93149D23-E6CC-43AF-97D0-32D89D29D714}.Debug|Windows-x86.ActiveCfg = Debug|Any CPU
		{93149D23-E6CC-43AF-97D0-32D89D29D714}.Debug|Windows-x86.Build.0 = Debug|Any CPU
		{93149D23-E6CC-43AF-97D0-32D89D29D714}.Release|Any CPU.ActiveCfg = Release|Any CPU
		{93149D23-E6CC-43AF-97D0-32D89D29D714}.Release|Any CPU.Build.0 = Release|Any CPU
		{93149D23-E6CC-43AF-97D0-32D89D29D714}.Release|DNN.ActiveCfg = Release|Any CPU
		{93149D23-E6CC-43AF-97D0-32D89D29D714}.Release|DNN.Build.0 = Release|Any CPU
		{93149D23-E6CC-43AF-97D0-32D89D29D714}.Release|Windows-x64.ActiveCfg = Release|Any CPU
		{93149D23-E6CC-43AF-97D0-32D89D29D714}.Release|Windows-x64.Build.0 = Release|Any CPU
		{93149D23-E6CC-43AF-97D0-32D89D29D714}.Release|Windows-x86.ActiveCfg = Release|Any CPU
		{93149D23-E6CC-43AF-97D0-32D89D29D714}.Release|Windows-x86.Build.0 = Release|Any CPU
		{93149D23-E6CC-43AF-97D0-32D89D29D714}.Testing|Any CPU.ActiveCfg = Debug|Any CPU
		{93149D23-E6CC-43AF-97D0-32D89D29D714}.Testing|Any CPU.Build.0 = Debug|Any CPU
		{93149D23-E6CC-43AF-97D0-32D89D29D714}.Testing|DNN.ActiveCfg = Debug|Any CPU
		{93149D23-E6CC-43AF-97D0-32D89D29D714}.Testing|DNN.Build.0 = Debug|Any CPU
		{93149D23-E6CC-43AF-97D0-32D89D29D714}.Testing|Windows-x64.ActiveCfg = Debug|Any CPU
		{93149D23-E6CC-43AF-97D0-32D89D29D714}.Testing|Windows-x64.Build.0 = Debug|Any CPU
		{93149D23-E6CC-43AF-97D0-32D89D29D714}.Testing|Windows-x86.ActiveCfg = Debug|Any CPU
		{93149D23-E6CC-43AF-97D0-32D89D29D714}.Testing|Windows-x86.Build.0 = Debug|Any CPU
		{CB322A0B-0C28-4165-87A8-7BBE78911451}.Debug|Any CPU.ActiveCfg = Debug|Any CPU
		{CB322A0B-0C28-4165-87A8-7BBE78911451}.Debug|Any CPU.Build.0 = Debug|Any CPU
		{CB322A0B-0C28-4165-87A8-7BBE78911451}.Debug|DNN.ActiveCfg = Debug|Any CPU
		{CB322A0B-0C28-4165-87A8-7BBE78911451}.Debug|DNN.Build.0 = Debug|Any CPU
		{CB322A0B-0C28-4165-87A8-7BBE78911451}.Debug|Windows-x64.ActiveCfg = Debug|Any CPU
		{CB322A0B-0C28-4165-87A8-7BBE78911451}.Debug|Windows-x64.Build.0 = Debug|Any CPU
		{CB322A0B-0C28-4165-87A8-7BBE78911451}.Debug|Windows-x86.ActiveCfg = Debug|Any CPU
		{CB322A0B-0C28-4165-87A8-7BBE78911451}.Debug|Windows-x86.Build.0 = Debug|Any CPU
		{CB322A0B-0C28-4165-87A8-7BBE78911451}.Release|Any CPU.ActiveCfg = Release|Any CPU
		{CB322A0B-0C28-4165-87A8-7BBE78911451}.Release|Any CPU.Build.0 = Release|Any CPU
		{CB322A0B-0C28-4165-87A8-7BBE78911451}.Release|DNN.ActiveCfg = Release|Any CPU
		{CB322A0B-0C28-4165-87A8-7BBE78911451}.Release|DNN.Build.0 = Release|Any CPU
		{CB322A0B-0C28-4165-87A8-7BBE78911451}.Release|Windows-x64.ActiveCfg = Release|Any CPU
		{CB322A0B-0C28-4165-87A8-7BBE78911451}.Release|Windows-x64.Build.0 = Release|Any CPU
		{CB322A0B-0C28-4165-87A8-7BBE78911451}.Release|Windows-x86.ActiveCfg = Release|Any CPU
		{CB322A0B-0C28-4165-87A8-7BBE78911451}.Release|Windows-x86.Build.0 = Release|Any CPU
		{CB322A0B-0C28-4165-87A8-7BBE78911451}.Testing|Any CPU.ActiveCfg = Debug|Any CPU
		{CB322A0B-0C28-4165-87A8-7BBE78911451}.Testing|Any CPU.Build.0 = Debug|Any CPU
		{CB322A0B-0C28-4165-87A8-7BBE78911451}.Testing|DNN.ActiveCfg = Debug|Any CPU
		{CB322A0B-0C28-4165-87A8-7BBE78911451}.Testing|DNN.Build.0 = Debug|Any CPU
		{CB322A0B-0C28-4165-87A8-7BBE78911451}.Testing|Windows-x64.ActiveCfg = Debug|Any CPU
		{CB322A0B-0C28-4165-87A8-7BBE78911451}.Testing|Windows-x64.Build.0 = Debug|Any CPU
		{CB322A0B-0C28-4165-87A8-7BBE78911451}.Testing|Windows-x86.ActiveCfg = Debug|Any CPU
		{CB322A0B-0C28-4165-87A8-7BBE78911451}.Testing|Windows-x86.Build.0 = Debug|Any CPU
		{B45F98A5-BBA9-4418-A5A1-7CA747E1698B}.Debug|Any CPU.ActiveCfg = Debug|Any CPU
		{B45F98A5-BBA9-4418-A5A1-7CA747E1698B}.Debug|Any CPU.Build.0 = Debug|Any CPU
		{B45F98A5-BBA9-4418-A5A1-7CA747E1698B}.Debug|DNN.ActiveCfg = Debug|Any CPU
		{B45F98A5-BBA9-4418-A5A1-7CA747E1698B}.Debug|DNN.Build.0 = Debug|Any CPU
		{B45F98A5-BBA9-4418-A5A1-7CA747E1698B}.Debug|Windows-x64.ActiveCfg = Debug|Any CPU
		{B45F98A5-BBA9-4418-A5A1-7CA747E1698B}.Debug|Windows-x64.Build.0 = Debug|Any CPU
		{B45F98A5-BBA9-4418-A5A1-7CA747E1698B}.Debug|Windows-x86.ActiveCfg = Debug|Any CPU
		{B45F98A5-BBA9-4418-A5A1-7CA747E1698B}.Debug|Windows-x86.Build.0 = Debug|Any CPU
		{B45F98A5-BBA9-4418-A5A1-7CA747E1698B}.Release|Any CPU.ActiveCfg = Release|Any CPU
		{B45F98A5-BBA9-4418-A5A1-7CA747E1698B}.Release|Any CPU.Build.0 = Release|Any CPU
		{B45F98A5-BBA9-4418-A5A1-7CA747E1698B}.Release|DNN.ActiveCfg = Release|Any CPU
		{B45F98A5-BBA9-4418-A5A1-7CA747E1698B}.Release|DNN.Build.0 = Release|Any CPU
		{B45F98A5-BBA9-4418-A5A1-7CA747E1698B}.Release|Windows-x64.ActiveCfg = Release|Any CPU
		{B45F98A5-BBA9-4418-A5A1-7CA747E1698B}.Release|Windows-x64.Build.0 = Release|Any CPU
		{B45F98A5-BBA9-4418-A5A1-7CA747E1698B}.Release|Windows-x86.ActiveCfg = Release|Any CPU
		{B45F98A5-BBA9-4418-A5A1-7CA747E1698B}.Release|Windows-x86.Build.0 = Release|Any CPU
		{B45F98A5-BBA9-4418-A5A1-7CA747E1698B}.Testing|Any CPU.ActiveCfg = Debug|Any CPU
		{B45F98A5-BBA9-4418-A5A1-7CA747E1698B}.Testing|Any CPU.Build.0 = Debug|Any CPU
		{B45F98A5-BBA9-4418-A5A1-7CA747E1698B}.Testing|DNN.ActiveCfg = Debug|Any CPU
		{B45F98A5-BBA9-4418-A5A1-7CA747E1698B}.Testing|DNN.Build.0 = Debug|Any CPU
		{B45F98A5-BBA9-4418-A5A1-7CA747E1698B}.Testing|Windows-x64.ActiveCfg = Debug|Any CPU
		{B45F98A5-BBA9-4418-A5A1-7CA747E1698B}.Testing|Windows-x64.Build.0 = Debug|Any CPU
		{B45F98A5-BBA9-4418-A5A1-7CA747E1698B}.Testing|Windows-x86.ActiveCfg = Debug|Any CPU
		{B45F98A5-BBA9-4418-A5A1-7CA747E1698B}.Testing|Windows-x86.Build.0 = Debug|Any CPU
		{1253087A-070D-4BF7-B3C2-841537489910}.Debug|Any CPU.ActiveCfg = Debug|Any CPU
		{1253087A-070D-4BF7-B3C2-841537489910}.Debug|Any CPU.Build.0 = Debug|Any CPU
		{1253087A-070D-4BF7-B3C2-841537489910}.Debug|DNN.ActiveCfg = Debug|Any CPU
		{1253087A-070D-4BF7-B3C2-841537489910}.Debug|DNN.Build.0 = Debug|Any CPU
		{1253087A-070D-4BF7-B3C2-841537489910}.Debug|Windows-x64.ActiveCfg = Debug|Any CPU
		{1253087A-070D-4BF7-B3C2-841537489910}.Debug|Windows-x64.Build.0 = Debug|Any CPU
		{1253087A-070D-4BF7-B3C2-841537489910}.Debug|Windows-x86.ActiveCfg = Debug|Any CPU
		{1253087A-070D-4BF7-B3C2-841537489910}.Debug|Windows-x86.Build.0 = Debug|Any CPU
		{1253087A-070D-4BF7-B3C2-841537489910}.Release|Any CPU.ActiveCfg = Release|Any CPU
		{1253087A-070D-4BF7-B3C2-841537489910}.Release|Any CPU.Build.0 = Release|Any CPU
		{1253087A-070D-4BF7-B3C2-841537489910}.Release|DNN.ActiveCfg = Release|Any CPU
		{1253087A-070D-4BF7-B3C2-841537489910}.Release|DNN.Build.0 = Release|Any CPU
		{1253087A-070D-4BF7-B3C2-841537489910}.Release|Windows-x64.ActiveCfg = Release|Any CPU
		{1253087A-070D-4BF7-B3C2-841537489910}.Release|Windows-x64.Build.0 = Release|Any CPU
		{1253087A-070D-4BF7-B3C2-841537489910}.Release|Windows-x86.ActiveCfg = Release|Any CPU
		{1253087A-070D-4BF7-B3C2-841537489910}.Release|Windows-x86.Build.0 = Release|Any CPU
		{1253087A-070D-4BF7-B3C2-841537489910}.Testing|Any CPU.ActiveCfg = Debug|Any CPU
		{1253087A-070D-4BF7-B3C2-841537489910}.Testing|Any CPU.Build.0 = Debug|Any CPU
		{1253087A-070D-4BF7-B3C2-841537489910}.Testing|DNN.ActiveCfg = Debug|Any CPU
		{1253087A-070D-4BF7-B3C2-841537489910}.Testing|DNN.Build.0 = Debug|Any CPU
		{1253087A-070D-4BF7-B3C2-841537489910}.Testing|Windows-x64.ActiveCfg = Debug|Any CPU
		{1253087A-070D-4BF7-B3C2-841537489910}.Testing|Windows-x64.Build.0 = Debug|Any CPU
		{1253087A-070D-4BF7-B3C2-841537489910}.Testing|Windows-x86.ActiveCfg = Debug|Any CPU
		{1253087A-070D-4BF7-B3C2-841537489910}.Testing|Windows-x86.Build.0 = Debug|Any CPU
		{892F9D3B-0578-46A1-A46A-B694A7E15669}.Debug|Any CPU.ActiveCfg = Debug|Any CPU
		{892F9D3B-0578-46A1-A46A-B694A7E15669}.Debug|Any CPU.Build.0 = Debug|Any CPU
		{892F9D3B-0578-46A1-A46A-B694A7E15669}.Debug|DNN.ActiveCfg = Debug|Any CPU
		{892F9D3B-0578-46A1-A46A-B694A7E15669}.Debug|DNN.Build.0 = Debug|Any CPU
		{892F9D3B-0578-46A1-A46A-B694A7E15669}.Debug|Windows-x64.ActiveCfg = Debug|Any CPU
		{892F9D3B-0578-46A1-A46A-B694A7E15669}.Debug|Windows-x64.Build.0 = Debug|Any CPU
		{892F9D3B-0578-46A1-A46A-B694A7E15669}.Debug|Windows-x86.ActiveCfg = Debug|Any CPU
		{892F9D3B-0578-46A1-A46A-B694A7E15669}.Debug|Windows-x86.Build.0 = Debug|Any CPU
		{892F9D3B-0578-46A1-A46A-B694A7E15669}.Release|Any CPU.ActiveCfg = Release|Any CPU
		{892F9D3B-0578-46A1-A46A-B694A7E15669}.Release|Any CPU.Build.0 = Release|Any CPU
		{892F9D3B-0578-46A1-A46A-B694A7E15669}.Release|DNN.ActiveCfg = Release|Any CPU
		{892F9D3B-0578-46A1-A46A-B694A7E15669}.Release|DNN.Build.0 = Release|Any CPU
		{892F9D3B-0578-46A1-A46A-B694A7E15669}.Release|Windows-x64.ActiveCfg = Release|Any CPU
		{892F9D3B-0578-46A1-A46A-B694A7E15669}.Release|Windows-x64.Build.0 = Release|Any CPU
		{892F9D3B-0578-46A1-A46A-B694A7E15669}.Release|Windows-x86.ActiveCfg = Release|Any CPU
		{892F9D3B-0578-46A1-A46A-B694A7E15669}.Release|Windows-x86.Build.0 = Release|Any CPU
		{892F9D3B-0578-46A1-A46A-B694A7E15669}.Testing|Any CPU.ActiveCfg = Debug|Any CPU
		{892F9D3B-0578-46A1-A46A-B694A7E15669}.Testing|Any CPU.Build.0 = Debug|Any CPU
		{892F9D3B-0578-46A1-A46A-B694A7E15669}.Testing|DNN.ActiveCfg = Debug|Any CPU
		{892F9D3B-0578-46A1-A46A-B694A7E15669}.Testing|DNN.Build.0 = Debug|Any CPU
		{892F9D3B-0578-46A1-A46A-B694A7E15669}.Testing|Windows-x64.ActiveCfg = Debug|Any CPU
		{892F9D3B-0578-46A1-A46A-B694A7E15669}.Testing|Windows-x64.Build.0 = Debug|Any CPU
		{892F9D3B-0578-46A1-A46A-B694A7E15669}.Testing|Windows-x86.ActiveCfg = Debug|Any CPU
		{892F9D3B-0578-46A1-A46A-B694A7E15669}.Testing|Windows-x86.Build.0 = Debug|Any CPU
		{04F3A07C-2C6C-4D87-9E8D-E2DB611B0D52}.Debug|Any CPU.ActiveCfg = Debug|Any CPU
		{04F3A07C-2C6C-4D87-9E8D-E2DB611B0D52}.Debug|Any CPU.Build.0 = Debug|Any CPU
		{04F3A07C-2C6C-4D87-9E8D-E2DB611B0D52}.Debug|DNN.ActiveCfg = Debug|Any CPU
		{04F3A07C-2C6C-4D87-9E8D-E2DB611B0D52}.Debug|DNN.Build.0 = Debug|Any CPU
		{04F3A07C-2C6C-4D87-9E8D-E2DB611B0D52}.Debug|Windows-x64.ActiveCfg = Debug|Any CPU
		{04F3A07C-2C6C-4D87-9E8D-E2DB611B0D52}.Debug|Windows-x64.Build.0 = Debug|Any CPU
		{04F3A07C-2C6C-4D87-9E8D-E2DB611B0D52}.Debug|Windows-x86.ActiveCfg = Debug|Any CPU
		{04F3A07C-2C6C-4D87-9E8D-E2DB611B0D52}.Debug|Windows-x86.Build.0 = Debug|Any CPU
		{04F3A07C-2C6C-4D87-9E8D-E2DB611B0D52}.Release|Any CPU.ActiveCfg = Release|Any CPU
		{04F3A07C-2C6C-4D87-9E8D-E2DB611B0D52}.Release|Any CPU.Build.0 = Release|Any CPU
		{04F3A07C-2C6C-4D87-9E8D-E2DB611B0D52}.Release|DNN.ActiveCfg = Release|Any CPU
		{04F3A07C-2C6C-4D87-9E8D-E2DB611B0D52}.Release|DNN.Build.0 = Release|Any CPU
		{04F3A07C-2C6C-4D87-9E8D-E2DB611B0D52}.Release|Windows-x64.ActiveCfg = Release|Any CPU
		{04F3A07C-2C6C-4D87-9E8D-E2DB611B0D52}.Release|Windows-x64.Build.0 = Release|Any CPU
		{04F3A07C-2C6C-4D87-9E8D-E2DB611B0D52}.Release|Windows-x86.ActiveCfg = Release|Any CPU
		{04F3A07C-2C6C-4D87-9E8D-E2DB611B0D52}.Release|Windows-x86.Build.0 = Release|Any CPU
		{04F3A07C-2C6C-4D87-9E8D-E2DB611B0D52}.Testing|Any CPU.ActiveCfg = Debug|Any CPU
		{04F3A07C-2C6C-4D87-9E8D-E2DB611B0D52}.Testing|Any CPU.Build.0 = Debug|Any CPU
		{04F3A07C-2C6C-4D87-9E8D-E2DB611B0D52}.Testing|DNN.ActiveCfg = Debug|Any CPU
		{04F3A07C-2C6C-4D87-9E8D-E2DB611B0D52}.Testing|DNN.Build.0 = Debug|Any CPU
		{04F3A07C-2C6C-4D87-9E8D-E2DB611B0D52}.Testing|Windows-x64.ActiveCfg = Debug|Any CPU
		{04F3A07C-2C6C-4D87-9E8D-E2DB611B0D52}.Testing|Windows-x64.Build.0 = Debug|Any CPU
		{04F3A07C-2C6C-4D87-9E8D-E2DB611B0D52}.Testing|Windows-x86.ActiveCfg = Debug|Any CPU
		{04F3A07C-2C6C-4D87-9E8D-E2DB611B0D52}.Testing|Windows-x86.Build.0 = Debug|Any CPU
		{5D87EB0C-BF67-4814-A0FF-D96256C9B852}.Debug|Any CPU.ActiveCfg = Debug|Any CPU
		{5D87EB0C-BF67-4814-A0FF-D96256C9B852}.Debug|Any CPU.Build.0 = Debug|Any CPU
		{5D87EB0C-BF67-4814-A0FF-D96256C9B852}.Debug|DNN.ActiveCfg = Debug|Any CPU
		{5D87EB0C-BF67-4814-A0FF-D96256C9B852}.Debug|DNN.Build.0 = Debug|Any CPU
		{5D87EB0C-BF67-4814-A0FF-D96256C9B852}.Debug|Windows-x64.ActiveCfg = Debug|Any CPU
		{5D87EB0C-BF67-4814-A0FF-D96256C9B852}.Debug|Windows-x64.Build.0 = Debug|Any CPU
		{5D87EB0C-BF67-4814-A0FF-D96256C9B852}.Debug|Windows-x86.ActiveCfg = Debug|Any CPU
		{5D87EB0C-BF67-4814-A0FF-D96256C9B852}.Debug|Windows-x86.Build.0 = Debug|Any CPU
		{5D87EB0C-BF67-4814-A0FF-D96256C9B852}.Release|Any CPU.ActiveCfg = Release|Any CPU
		{5D87EB0C-BF67-4814-A0FF-D96256C9B852}.Release|Any CPU.Build.0 = Release|Any CPU
		{5D87EB0C-BF67-4814-A0FF-D96256C9B852}.Release|DNN.ActiveCfg = Release|Any CPU
		{5D87EB0C-BF67-4814-A0FF-D96256C9B852}.Release|DNN.Build.0 = Release|Any CPU
		{5D87EB0C-BF67-4814-A0FF-D96256C9B852}.Release|Windows-x64.ActiveCfg = Release|Any CPU
		{5D87EB0C-BF67-4814-A0FF-D96256C9B852}.Release|Windows-x64.Build.0 = Release|Any CPU
		{5D87EB0C-BF67-4814-A0FF-D96256C9B852}.Release|Windows-x86.ActiveCfg = Release|Any CPU
		{5D87EB0C-BF67-4814-A0FF-D96256C9B852}.Release|Windows-x86.Build.0 = Release|Any CPU
		{5D87EB0C-BF67-4814-A0FF-D96256C9B852}.Testing|Any CPU.ActiveCfg = Debug|Any CPU
		{5D87EB0C-BF67-4814-A0FF-D96256C9B852}.Testing|Any CPU.Build.0 = Debug|Any CPU
		{5D87EB0C-BF67-4814-A0FF-D96256C9B852}.Testing|DNN.ActiveCfg = Debug|Any CPU
		{5D87EB0C-BF67-4814-A0FF-D96256C9B852}.Testing|DNN.Build.0 = Debug|Any CPU
		{5D87EB0C-BF67-4814-A0FF-D96256C9B852}.Testing|Windows-x64.ActiveCfg = Debug|Any CPU
		{5D87EB0C-BF67-4814-A0FF-D96256C9B852}.Testing|Windows-x64.Build.0 = Debug|Any CPU
		{5D87EB0C-BF67-4814-A0FF-D96256C9B852}.Testing|Windows-x86.ActiveCfg = Debug|Any CPU
		{5D87EB0C-BF67-4814-A0FF-D96256C9B852}.Testing|Windows-x86.Build.0 = Debug|Any CPU
		{80D15F35-334B-4C7C-AF94-B0FF1E6CC354}.Debug|Any CPU.ActiveCfg = Debug|Any CPU
		{80D15F35-334B-4C7C-AF94-B0FF1E6CC354}.Debug|Any CPU.Build.0 = Debug|Any CPU
		{80D15F35-334B-4C7C-AF94-B0FF1E6CC354}.Debug|DNN.ActiveCfg = Debug|Any CPU
		{80D15F35-334B-4C7C-AF94-B0FF1E6CC354}.Debug|DNN.Build.0 = Debug|Any CPU
		{80D15F35-334B-4C7C-AF94-B0FF1E6CC354}.Debug|Windows-x64.ActiveCfg = Debug|Any CPU
		{80D15F35-334B-4C7C-AF94-B0FF1E6CC354}.Debug|Windows-x64.Build.0 = Debug|Any CPU
		{80D15F35-334B-4C7C-AF94-B0FF1E6CC354}.Debug|Windows-x86.ActiveCfg = Debug|Any CPU
		{80D15F35-334B-4C7C-AF94-B0FF1E6CC354}.Debug|Windows-x86.Build.0 = Debug|Any CPU
		{80D15F35-334B-4C7C-AF94-B0FF1E6CC354}.Release|Any CPU.ActiveCfg = Release|Any CPU
		{80D15F35-334B-4C7C-AF94-B0FF1E6CC354}.Release|Any CPU.Build.0 = Release|Any CPU
		{80D15F35-334B-4C7C-AF94-B0FF1E6CC354}.Release|DNN.ActiveCfg = Release|Any CPU
		{80D15F35-334B-4C7C-AF94-B0FF1E6CC354}.Release|DNN.Build.0 = Release|Any CPU
		{80D15F35-334B-4C7C-AF94-B0FF1E6CC354}.Release|Windows-x64.ActiveCfg = Release|Any CPU
		{80D15F35-334B-4C7C-AF94-B0FF1E6CC354}.Release|Windows-x64.Build.0 = Release|Any CPU
		{80D15F35-334B-4C7C-AF94-B0FF1E6CC354}.Release|Windows-x86.ActiveCfg = Release|Any CPU
		{80D15F35-334B-4C7C-AF94-B0FF1E6CC354}.Release|Windows-x86.Build.0 = Release|Any CPU
		{80D15F35-334B-4C7C-AF94-B0FF1E6CC354}.Testing|Any CPU.ActiveCfg = Debug|Any CPU
		{80D15F35-334B-4C7C-AF94-B0FF1E6CC354}.Testing|Any CPU.Build.0 = Debug|Any CPU
		{80D15F35-334B-4C7C-AF94-B0FF1E6CC354}.Testing|DNN.ActiveCfg = Debug|Any CPU
		{80D15F35-334B-4C7C-AF94-B0FF1E6CC354}.Testing|DNN.Build.0 = Debug|Any CPU
		{80D15F35-334B-4C7C-AF94-B0FF1E6CC354}.Testing|Windows-x64.ActiveCfg = Debug|Any CPU
		{80D15F35-334B-4C7C-AF94-B0FF1E6CC354}.Testing|Windows-x64.Build.0 = Debug|Any CPU
		{80D15F35-334B-4C7C-AF94-B0FF1E6CC354}.Testing|Windows-x86.ActiveCfg = Debug|Any CPU
		{80D15F35-334B-4C7C-AF94-B0FF1E6CC354}.Testing|Windows-x86.Build.0 = Debug|Any CPU
		{AA274DBE-9E67-4B87-9D97-4E34F1D4D75E}.Debug|Any CPU.ActiveCfg = Debug|Any CPU
		{AA274DBE-9E67-4B87-9D97-4E34F1D4D75E}.Debug|Any CPU.Build.0 = Debug|Any CPU
		{AA274DBE-9E67-4B87-9D97-4E34F1D4D75E}.Debug|DNN.ActiveCfg = Debug|Any CPU
		{AA274DBE-9E67-4B87-9D97-4E34F1D4D75E}.Debug|DNN.Build.0 = Debug|Any CPU
		{AA274DBE-9E67-4B87-9D97-4E34F1D4D75E}.Debug|Windows-x64.ActiveCfg = Debug|Any CPU
		{AA274DBE-9E67-4B87-9D97-4E34F1D4D75E}.Debug|Windows-x64.Build.0 = Debug|Any CPU
		{AA274DBE-9E67-4B87-9D97-4E34F1D4D75E}.Debug|Windows-x86.ActiveCfg = Debug|Any CPU
		{AA274DBE-9E67-4B87-9D97-4E34F1D4D75E}.Debug|Windows-x86.Build.0 = Debug|Any CPU
		{AA274DBE-9E67-4B87-9D97-4E34F1D4D75E}.Release|Any CPU.ActiveCfg = Release|Any CPU
		{AA274DBE-9E67-4B87-9D97-4E34F1D4D75E}.Release|Any CPU.Build.0 = Release|Any CPU
		{AA274DBE-9E67-4B87-9D97-4E34F1D4D75E}.Release|DNN.ActiveCfg = Release|Any CPU
		{AA274DBE-9E67-4B87-9D97-4E34F1D4D75E}.Release|DNN.Build.0 = Release|Any CPU
		{AA274DBE-9E67-4B87-9D97-4E34F1D4D75E}.Release|Windows-x64.ActiveCfg = Release|Any CPU
		{AA274DBE-9E67-4B87-9D97-4E34F1D4D75E}.Release|Windows-x64.Build.0 = Release|Any CPU
		{AA274DBE-9E67-4B87-9D97-4E34F1D4D75E}.Release|Windows-x86.ActiveCfg = Release|Any CPU
		{AA274DBE-9E67-4B87-9D97-4E34F1D4D75E}.Release|Windows-x86.Build.0 = Release|Any CPU
		{AA274DBE-9E67-4B87-9D97-4E34F1D4D75E}.Testing|Any CPU.ActiveCfg = Debug|Any CPU
		{AA274DBE-9E67-4B87-9D97-4E34F1D4D75E}.Testing|Any CPU.Build.0 = Debug|Any CPU
		{AA274DBE-9E67-4B87-9D97-4E34F1D4D75E}.Testing|DNN.ActiveCfg = Debug|Any CPU
		{AA274DBE-9E67-4B87-9D97-4E34F1D4D75E}.Testing|DNN.Build.0 = Debug|Any CPU
		{AA274DBE-9E67-4B87-9D97-4E34F1D4D75E}.Testing|Windows-x64.ActiveCfg = Debug|Any CPU
		{AA274DBE-9E67-4B87-9D97-4E34F1D4D75E}.Testing|Windows-x64.Build.0 = Debug|Any CPU
		{AA274DBE-9E67-4B87-9D97-4E34F1D4D75E}.Testing|Windows-x86.ActiveCfg = Debug|Any CPU
		{AA274DBE-9E67-4B87-9D97-4E34F1D4D75E}.Testing|Windows-x86.Build.0 = Debug|Any CPU
		{28A58816-468A-44E0-85CA-0428F0D87E27}.Debug|Any CPU.ActiveCfg = Debug|Any CPU
		{28A58816-468A-44E0-85CA-0428F0D87E27}.Debug|Any CPU.Build.0 = Debug|Any CPU
		{28A58816-468A-44E0-85CA-0428F0D87E27}.Debug|DNN.ActiveCfg = Debug|Any CPU
		{28A58816-468A-44E0-85CA-0428F0D87E27}.Debug|DNN.Build.0 = Debug|Any CPU
		{28A58816-468A-44E0-85CA-0428F0D87E27}.Debug|Windows-x64.ActiveCfg = Debug|Any CPU
		{28A58816-468A-44E0-85CA-0428F0D87E27}.Debug|Windows-x64.Build.0 = Debug|Any CPU
		{28A58816-468A-44E0-85CA-0428F0D87E27}.Debug|Windows-x86.ActiveCfg = Debug|Any CPU
		{28A58816-468A-44E0-85CA-0428F0D87E27}.Debug|Windows-x86.Build.0 = Debug|Any CPU
		{28A58816-468A-44E0-85CA-0428F0D87E27}.Release|Any CPU.ActiveCfg = Release|Any CPU
		{28A58816-468A-44E0-85CA-0428F0D87E27}.Release|Any CPU.Build.0 = Release|Any CPU
		{28A58816-468A-44E0-85CA-0428F0D87E27}.Release|DNN.ActiveCfg = Release|Any CPU
		{28A58816-468A-44E0-85CA-0428F0D87E27}.Release|DNN.Build.0 = Release|Any CPU
		{28A58816-468A-44E0-85CA-0428F0D87E27}.Release|Windows-x64.ActiveCfg = Release|Any CPU
		{28A58816-468A-44E0-85CA-0428F0D87E27}.Release|Windows-x64.Build.0 = Release|Any CPU
		{28A58816-468A-44E0-85CA-0428F0D87E27}.Release|Windows-x86.ActiveCfg = Release|Any CPU
		{28A58816-468A-44E0-85CA-0428F0D87E27}.Release|Windows-x86.Build.0 = Release|Any CPU
		{28A58816-468A-44E0-85CA-0428F0D87E27}.Testing|Any CPU.ActiveCfg = Debug|Any CPU
		{28A58816-468A-44E0-85CA-0428F0D87E27}.Testing|Any CPU.Build.0 = Debug|Any CPU
		{28A58816-468A-44E0-85CA-0428F0D87E27}.Testing|DNN.ActiveCfg = Debug|Any CPU
		{28A58816-468A-44E0-85CA-0428F0D87E27}.Testing|DNN.Build.0 = Debug|Any CPU
		{28A58816-468A-44E0-85CA-0428F0D87E27}.Testing|Windows-x64.ActiveCfg = Debug|Any CPU
		{28A58816-468A-44E0-85CA-0428F0D87E27}.Testing|Windows-x64.Build.0 = Debug|Any CPU
		{28A58816-468A-44E0-85CA-0428F0D87E27}.Testing|Windows-x86.ActiveCfg = Debug|Any CPU
		{28A58816-468A-44E0-85CA-0428F0D87E27}.Testing|Windows-x86.Build.0 = Debug|Any CPU
		{9269847A-20A1-4F72-9E14-36BFE0323632}.Debug|Any CPU.ActiveCfg = Debug|Any CPU
		{9269847A-20A1-4F72-9E14-36BFE0323632}.Debug|Any CPU.Build.0 = Debug|Any CPU
		{9269847A-20A1-4F72-9E14-36BFE0323632}.Debug|DNN.ActiveCfg = Debug|Any CPU
		{9269847A-20A1-4F72-9E14-36BFE0323632}.Debug|DNN.Build.0 = Debug|Any CPU
		{9269847A-20A1-4F72-9E14-36BFE0323632}.Debug|Windows-x64.ActiveCfg = Debug|Any CPU
		{9269847A-20A1-4F72-9E14-36BFE0323632}.Debug|Windows-x64.Build.0 = Debug|Any CPU
		{9269847A-20A1-4F72-9E14-36BFE0323632}.Debug|Windows-x86.ActiveCfg = Debug|Any CPU
		{9269847A-20A1-4F72-9E14-36BFE0323632}.Debug|Windows-x86.Build.0 = Debug|Any CPU
		{9269847A-20A1-4F72-9E14-36BFE0323632}.Release|Any CPU.ActiveCfg = Release|Any CPU
		{9269847A-20A1-4F72-9E14-36BFE0323632}.Release|Any CPU.Build.0 = Release|Any CPU
		{9269847A-20A1-4F72-9E14-36BFE0323632}.Release|DNN.ActiveCfg = Release|Any CPU
		{9269847A-20A1-4F72-9E14-36BFE0323632}.Release|DNN.Build.0 = Release|Any CPU
		{9269847A-20A1-4F72-9E14-36BFE0323632}.Release|Windows-x64.ActiveCfg = Release|Any CPU
		{9269847A-20A1-4F72-9E14-36BFE0323632}.Release|Windows-x64.Build.0 = Release|Any CPU
		{9269847A-20A1-4F72-9E14-36BFE0323632}.Release|Windows-x86.ActiveCfg = Release|Any CPU
		{9269847A-20A1-4F72-9E14-36BFE0323632}.Release|Windows-x86.Build.0 = Release|Any CPU
		{9269847A-20A1-4F72-9E14-36BFE0323632}.Testing|Any CPU.ActiveCfg = Release|Any CPU
		{9269847A-20A1-4F72-9E14-36BFE0323632}.Testing|Any CPU.Build.0 = Release|Any CPU
		{9269847A-20A1-4F72-9E14-36BFE0323632}.Testing|DNN.ActiveCfg = Release|Any CPU
		{9269847A-20A1-4F72-9E14-36BFE0323632}.Testing|DNN.Build.0 = Release|Any CPU
		{9269847A-20A1-4F72-9E14-36BFE0323632}.Testing|Windows-x64.ActiveCfg = Release|Any CPU
		{9269847A-20A1-4F72-9E14-36BFE0323632}.Testing|Windows-x64.Build.0 = Release|Any CPU
		{9269847A-20A1-4F72-9E14-36BFE0323632}.Testing|Windows-x86.ActiveCfg = Release|Any CPU
		{9269847A-20A1-4F72-9E14-36BFE0323632}.Testing|Windows-x86.Build.0 = Release|Any CPU
		{ACD30ED0-0B6E-48E7-A898-CF42C93E857A}.Debug|Any CPU.ActiveCfg = Debug|Any CPU
		{ACD30ED0-0B6E-48E7-A898-CF42C93E857A}.Debug|Any CPU.Build.0 = Debug|Any CPU
		{ACD30ED0-0B6E-48E7-A898-CF42C93E857A}.Debug|DNN.ActiveCfg = Debug|Any CPU
		{ACD30ED0-0B6E-48E7-A898-CF42C93E857A}.Debug|DNN.Build.0 = Debug|Any CPU
		{ACD30ED0-0B6E-48E7-A898-CF42C93E857A}.Debug|Windows-x64.ActiveCfg = Debug|Any CPU
		{ACD30ED0-0B6E-48E7-A898-CF42C93E857A}.Debug|Windows-x64.Build.0 = Debug|Any CPU
		{ACD30ED0-0B6E-48E7-A898-CF42C93E857A}.Debug|Windows-x86.ActiveCfg = Debug|Any CPU
		{ACD30ED0-0B6E-48E7-A898-CF42C93E857A}.Debug|Windows-x86.Build.0 = Debug|Any CPU
		{ACD30ED0-0B6E-48E7-A898-CF42C93E857A}.Release|Any CPU.ActiveCfg = Release|Any CPU
		{ACD30ED0-0B6E-48E7-A898-CF42C93E857A}.Release|Any CPU.Build.0 = Release|Any CPU
		{ACD30ED0-0B6E-48E7-A898-CF42C93E857A}.Release|DNN.ActiveCfg = Release|Any CPU
		{ACD30ED0-0B6E-48E7-A898-CF42C93E857A}.Release|DNN.Build.0 = Release|Any CPU
		{ACD30ED0-0B6E-48E7-A898-CF42C93E857A}.Release|Windows-x64.ActiveCfg = Release|Any CPU
		{ACD30ED0-0B6E-48E7-A898-CF42C93E857A}.Release|Windows-x64.Build.0 = Release|Any CPU
		{ACD30ED0-0B6E-48E7-A898-CF42C93E857A}.Release|Windows-x86.ActiveCfg = Release|Any CPU
		{ACD30ED0-0B6E-48E7-A898-CF42C93E857A}.Release|Windows-x86.Build.0 = Release|Any CPU
		{ACD30ED0-0B6E-48E7-A898-CF42C93E857A}.Testing|Any CPU.ActiveCfg = Release|Any CPU
		{ACD30ED0-0B6E-48E7-A898-CF42C93E857A}.Testing|Any CPU.Build.0 = Release|Any CPU
		{ACD30ED0-0B6E-48E7-A898-CF42C93E857A}.Testing|DNN.ActiveCfg = Release|Any CPU
		{ACD30ED0-0B6E-48E7-A898-CF42C93E857A}.Testing|DNN.Build.0 = Release|Any CPU
		{ACD30ED0-0B6E-48E7-A898-CF42C93E857A}.Testing|Windows-x64.ActiveCfg = Release|Any CPU
		{ACD30ED0-0B6E-48E7-A898-CF42C93E857A}.Testing|Windows-x64.Build.0 = Release|Any CPU
		{ACD30ED0-0B6E-48E7-A898-CF42C93E857A}.Testing|Windows-x86.ActiveCfg = Release|Any CPU
		{ACD30ED0-0B6E-48E7-A898-CF42C93E857A}.Testing|Windows-x86.Build.0 = Release|Any CPU
	EndGlobalSection
	GlobalSection(SolutionProperties) = preSolution
		HideSolutionNode = FALSE
	EndGlobalSection
	GlobalSection(NestedProjects) = preSolution
		{82F94588-269B-4CDD-98D1-D5CB14C39090} = {2DBCC960-1C0B-494F-9E21-8707A1D344C3}
		{C212A78C-25BB-4A77-AFBB-B5939352CE36} = {6D320108-78ED-40E6-83F7-9CD423471DB3}
		{FA1B4495-6B85-400F-A5E3-0E292CCBFAE2} = {2DBCC960-1C0B-494F-9E21-8707A1D344C3}
		{EB8491A7-4147-4A18-AC74-CD1BE957FF48} = {6D320108-78ED-40E6-83F7-9CD423471DB3}
		{F989FE10-C84A-4B18-AAA7-4665EC85B059} = {6D320108-78ED-40E6-83F7-9CD423471DB3}
		{00C8672B-E79E-42D4-A512-6C0ABCCAF046} = {6D320108-78ED-40E6-83F7-9CD423471DB3}
		{41243C6D-2D10-4285-8AF2-719497AE00DB} = {6D320108-78ED-40E6-83F7-9CD423471DB3}
		{6735DC37-2849-45DB-BA76-C5663B6FFB1F} = {6D320108-78ED-40E6-83F7-9CD423471DB3}
		{AFED35B5-8E43-4F46-8E4D-FC3F07244D8B} = {6D320108-78ED-40E6-83F7-9CD423471DB3}
		{EF7808DF-F67F-4E0A-A851-21358773DD25} = {6D320108-78ED-40E6-83F7-9CD423471DB3}
		{5BAEFA99-42C6-4C06-96DE-881303AAE178} = {6D320108-78ED-40E6-83F7-9CD423471DB3}
		{0EA1085A-D15F-4254-8A79-DE811C47EBF4} = {5CD8015A-76D8-4633-8469-53B62A6C1894}
		{93149D23-E6CC-43AF-97D0-32D89D29D714} = {2DBCC960-1C0B-494F-9E21-8707A1D344C3}
		{CB322A0B-0C28-4165-87A8-7BBE78911451} = {2DBCC960-1C0B-494F-9E21-8707A1D344C3}
		{B45F98A5-BBA9-4418-A5A1-7CA747E1698B} = {2DBCC960-1C0B-494F-9E21-8707A1D344C3}
		{1253087A-070D-4BF7-B3C2-841537489910} = {2DBCC960-1C0B-494F-9E21-8707A1D344C3}
		{892F9D3B-0578-46A1-A46A-B694A7E15669} = {2DBCC960-1C0B-494F-9E21-8707A1D344C3}
		{04F3A07C-2C6C-4D87-9E8D-E2DB611B0D52} = {2DBCC960-1C0B-494F-9E21-8707A1D344C3}
		{5D87EB0C-BF67-4814-A0FF-D96256C9B852} = {5CD8015A-76D8-4633-8469-53B62A6C1894}
		{80D15F35-334B-4C7C-AF94-B0FF1E6CC354} = {5CD8015A-76D8-4633-8469-53B62A6C1894}
		{AA274DBE-9E67-4B87-9D97-4E34F1D4D75E} = {F1366AA6-6508-47E4-AE39-CB39537CA220}
		{28A58816-468A-44E0-85CA-0428F0D87E27} = {F1366AA6-6508-47E4-AE39-CB39537CA220}
		{9269847A-20A1-4F72-9E14-36BFE0323632} = {DD59EAFD-02D1-4285-B8BE-D2DD40536304}
		{ACD30ED0-0B6E-48E7-A898-CF42C93E857A} = {DD59EAFD-02D1-4285-B8BE-D2DD40536304}
	EndGlobalSection
	GlobalSection(ExtensibilityGlobals) = postSolution
		SolutionGuid = {705647E1-B5B1-4D94-888C-1D918095554C}
		EnterpriseLibraryConfigurationToolBinariesPath = packages\Unity.2.1.505.2\lib\NET35;packages\Unity.2.1.505.0\lib\NET35
	EndGlobalSection
EndGlobal
