
Microsoft Visual Studio Solution File, Format Version 12.00
# Visual Studio Version 16
VisualStudioVersion = 16.0.31005.135
MinimumVisualStudioVersion = 10.0.40219.1
Project("{FAE04EC0-301F-11D3-BF4B-00C04F79EFBC}") = "ToSic.Sxc.Patch.DisablePagePublishing", "ToSic.Sxc.Patch.DisablePagePublishing.csproj", "{33E88CFD-7A22-48C2-B331-8C71A5DA5A78}"
EndProject
Global
	GlobalSection(SolutionConfigurationPlatforms) = preSolution
		Dbg Testing|Any CPU = Dbg Testing|Any CPU
		debug eav only|Any CPU = debug eav only|Any CPU
		Debug Oqtane|Any CPU = Debug Oqtane|Any CPU
		Debug|Any CPU = Debug|Any CPU
		DebugDnn|Any CPU = DebugDnn|Any CPU
		DebugOqtane|Any CPU = DebugOqtane|Any CPU
		efc and WebApi|Any CPU = efc and WebApi|Any CPU
		Release|Any CPU = Release|Any CPU
	EndGlobalSection
	GlobalSection(ProjectConfigurationPlatforms) = postSolution
		{33E88CFD-7A22-48C2-B331-8C71A5DA5A78}.Dbg Testing|Any CPU.ActiveCfg = Debug|Any CPU
		{33E88CFD-7A22-48C2-B331-8C71A5DA5A78}.Dbg Testing|Any CPU.Build.0 = Debug|Any CPU
		{33E88CFD-7A22-48C2-B331-8C71A5DA5A78}.debug eav only|Any CPU.ActiveCfg = Debug|Any CPU
		{33E88CFD-7A22-48C2-B331-8C71A5DA5A78}.debug eav only|Any CPU.Build.0 = Debug|Any CPU
		{33E88CFD-7A22-48C2-B331-8C71A5DA5A78}.Debug Oqtane|Any CPU.ActiveCfg = Debug|Any CPU
		{33E88CFD-7A22-48C2-B331-8C71A5DA5A78}.Debug Oqtane|Any CPU.Build.0 = Debug|Any CPU
		{33E88CFD-7A22-48C2-B331-8C71A5DA5A78}.Debug|Any CPU.ActiveCfg = Debug|Any CPU
		{33E88CFD-7A22-48C2-B331-8C71A5DA5A78}.Debug|Any CPU.Build.0 = Debug|Any CPU
		{33E88CFD-7A22-48C2-B331-8C71A5DA5A78}.DebugDnn|Any CPU.ActiveCfg = Debug|Any CPU
		{33E88CFD-7A22-48C2-B331-8C71A5DA5A78}.DebugDnn|Any CPU.Build.0 = Debug|Any CPU
		{33E88CFD-7A22-48C2-B331-8C71A5DA5A78}.DebugOqtane|Any CPU.ActiveCfg = Debug|Any CPU
		{33E88CFD-7A22-48C2-B331-8C71A5DA5A78}.DebugOqtane|Any CPU.Build.0 = Debug|Any CPU
		{33E88CFD-7A22-48C2-B331-8C71A5DA5A78}.efc and WebApi|Any CPU.ActiveCfg = Release|Any CPU
		{33E88CFD-7A22-48C2-B331-8C71A5DA5A78}.efc and WebApi|Any CPU.Build.0 = Release|Any CPU
		{33E88CFD-7A22-48C2-B331-8C71A5DA5A78}.Release|Any CPU.ActiveCfg = Release|Any CPU
		{33E88CFD-7A22-48C2-B331-8C71A5DA5A78}.Release|Any CPU.Build.0 = Release|Any CPU
	EndGlobalSection
	GlobalSection(SolutionProperties) = preSolution
		HideSolutionNode = FALSE
	EndGlobalSection
	GlobalSection(ExtensibilityGlobals) = postSolution
		SolutionGuid = {F1A38F90-244F-41A6-8377-31C9CF365AD3}
	EndGlobalSection
EndGlobal
